{
    "version": 3,
    "terraform_version": "0.11.8",
    "serial": 14,
    "lineage": "f427bbd2-16eb-f610-6950-9880b305e21d",
    "modules": [
        {
            "path": [
                "root"
            ],
            "outputs": {},
            "resources": {
                "aws_db_subnet_group.wp_rds_subnetgroup": {
                    "type": "aws_db_subnet_group",
                    "depends_on": [
                        "aws_subnet.wp_oracle1_subnet",
                        "aws_subnet.wp_oracle2_subnet"
                    ],
                    "primary": {
                        "id": "wp_rds_subnetgroup",
                        "attributes": {
                            "arn": "arn:aws:rds:eu-west-1:978717191640:subgrp:wp_rds_subnetgroup",
                            "description": "Managed by Terraform",
                            "id": "wp_rds_subnetgroup",
                            "name": "wp_rds_subnetgroup",
                            "subnet_ids.#": "2",
                            "subnet_ids.1449634014": "subnet-09ce0835ad3d90013",
                            "subnet_ids.3308769616": "subnet-007fb93c60767c457",
                            "tags.%": "1",
                            "tags.Name": "wp_oracle_sng"
                        },
                        "meta": {},
                        "tainted": false
                    },
                    "deposed": [],
                    "provider": "provider.aws"
                },
                "aws_default_route_table.wp_private_rt": {
                    "type": "aws_default_route_table",
                    "depends_on": [
                        "aws_nat_gateway.nat",
                        "aws_vpc.wp_vpc"
                    ],
                    "primary": {
                        "id": "rtb-0697bda1eeacc98b1",
                        "attributes": {
                            "default_route_table_id": "rtb-0697bda1eeacc98b1",
                            "id": "rtb-0697bda1eeacc98b1",
                            "propagating_vgws.#": "0",
                            "route.#": "1",
                            "route.2520244296.cidr_block": "0.0.0.0/0",
                            "route.2520244296.egress_only_gateway_id": "",
                            "route.2520244296.gateway_id": "",
                            "route.2520244296.instance_id": "",
                            "route.2520244296.ipv6_cidr_block": "",
                            "route.2520244296.nat_gateway_id": "nat-00598152283e48a5b",
                            "route.2520244296.network_interface_id": "",
                            "route.2520244296.vpc_peering_connection_id": "",
                            "tags.%": "1",
                            "tags.Name": "wp_private",
                            "vpc_id": "vpc-050af1d99acd56486"
                        },
                        "meta": {},
                        "tainted": false
                    },
                    "deposed": [],
                    "provider": "provider.aws"
                },
                "aws_eip.wp_nat_eip": {
                    "type": "aws_eip",
                    "depends_on": [],
                    "primary": {
                        "id": "eipalloc-07371ad89fbb86530",
                        "attributes": {
                            "association_id": "",
                            "domain": "vpc",
                            "id": "eipalloc-07371ad89fbb86530",
                            "instance": "",
                            "network_interface": "",
                            "private_ip": "",
                            "public_ip": "34.252.64.193",
                            "tags.%": "0",
                            "vpc": "true"
                        },
                        "meta": {
                            "e2bfb730-ecaa-11e6-8f88-34363bc7c4c0": {
                                "delete": 180000000000,
                                "read": 900000000000,
                                "update": 300000000000
                            }
                        },
                        "tainted": false
                    },
                    "deposed": [],
                    "provider": "provider.aws"
                },
                "aws_elb.elb1": {
                    "type": "aws_elb",
                    "depends_on": [
                        "aws_instance.wp_front_az1",
                        "aws_instance.wp_front_az2",
                        "aws_security_group.wp_elb1_sg",
                        "aws_subnet.wp_public1_subnet",
                        "aws_subnet.wp_public2_subnet"
                    ],
                    "primary": {
                        "id": "elb1",
                        "attributes": {
                            "access_logs.#": "0",
                            "arn": "arn:aws:elasticloadbalancing:eu-west-1:978717191640:loadbalancer/elb1",
                            "availability_zones.#": "2",
                            "availability_zones.1924028850": "eu-west-1b",
                            "availability_zones.3953592328": "eu-west-1a",
                            "connection_draining": "true",
                            "connection_draining_timeout": "400",
                            "cross_zone_load_balancing": "true",
                            "dns_name": "elb1-141118490.eu-west-1.elb.amazonaws.com",
                            "health_check.#": "1",
                            "health_check.0.healthy_threshold": "2",
                            "health_check.0.interval": "30",
                            "health_check.0.target": "HTTP:80/",
                            "health_check.0.timeout": "3",
                            "health_check.0.unhealthy_threshold": "2",
                            "id": "elb1",
                            "idle_timeout": "400",
                            "instances.#": "2",
                            "instances.3962189035": "i-0c2778705ac7c6295",
                            "instances.865705940": "i-06075d82407708b00",
                            "internal": "false",
                            "listener.#": "2",
                            "listener.4007017680.instance_port": "8022",
                            "listener.4007017680.instance_protocol": "http",
                            "listener.4007017680.lb_port": "8022",
                            "listener.4007017680.lb_protocol": "http",
                            "listener.4007017680.ssl_certificate_id": "",
                            "listener.650480082.instance_port": "8024",
                            "listener.650480082.instance_protocol": "http",
                            "listener.650480082.lb_port": "8024",
                            "listener.650480082.lb_protocol": "http",
                            "listener.650480082.ssl_certificate_id": "",
                            "name": "elb1",
                            "security_groups.#": "1",
                            "security_groups.3284596274": "sg-0e400938d05c691c2",
                            "source_security_group": "978717191640/wp_elb1_sg",
                            "source_security_group_id": "sg-0e400938d05c691c2",
                            "subnets.#": "2",
                            "subnets.1215410110": "subnet-04ef86049aacdb00b",
                            "subnets.2283699257": "subnet-0b36ae6c460a6d834",
                            "tags.%": "1",
                            "tags.Name": "elb1",
                            "zone_id": "Z32O12XQLNTSW2"
                        },
                        "meta": {},
                        "tainted": false
                    },
                    "deposed": [],
                    "provider": "provider.aws"
                },
                "aws_iam_instance_profile.s3_access_profile": {
                    "type": "aws_iam_instance_profile",
                    "depends_on": [
                        "aws_iam_role.s3_access_role"
                    ],
                    "primary": {
                        "id": "s3_access",
                        "attributes": {
                            "arn": "arn:aws:iam::978717191640:instance-profile/s3_access",
                            "create_date": "2018-10-12T15:29:39Z",
                            "id": "s3_access",
                            "name": "s3_access",
                            "path": "/",
                            "role": "s3_access_role",
                            "roles.#": "0",
                            "unique_id": "AIPAJO2Q5BX6FMMDCLQZA"
                        },
                        "meta": {},
                        "tainted": false
                    },
                    "deposed": [],
                    "provider": "provider.aws"
                },
                "aws_iam_role.s3_access_role": {
                    "type": "aws_iam_role",
                    "depends_on": [],
                    "primary": {
                        "id": "s3_access_role",
                        "attributes": {
                            "arn": "arn:aws:iam::978717191640:role/s3_access_role",
                            "assume_role_policy": "{\"Version\":\"2012-10-17\",\"Statement\":[{\"Sid\":\"\",\"Effect\":\"Allow\",\"Principal\":{\"Service\":\"ec2.amazonaws.com\"},\"Action\":\"sts:AssumeRole\"}]}",
                            "create_date": "2018-10-12T15:29:39Z",
                            "description": "",
                            "force_detach_policies": "false",
                            "id": "s3_access_role",
                            "max_session_duration": "3600",
                            "name": "s3_access_role",
                            "path": "/",
                            "unique_id": "AROAIZG3DJRPONV3SX5ZQ"
                        },
                        "meta": {},
                        "tainted": false
                    },
                    "deposed": [],
                    "provider": "provider.aws"
                },
                "aws_iam_role_policy.s3_access_policy": {
                    "type": "aws_iam_role_policy",
                    "depends_on": [
                        "aws_iam_role.s3_access_role"
                    ],
                    "primary": {
                        "id": "s3_access_role:s3_access_policy",
                        "attributes": {
                            "id": "s3_access_role:s3_access_policy",
                            "name": "s3_access_policy",
                            "policy": "{\n  \"Version\": \"2012-10-17\",\n  \"Statement\": [\n    {\n      \"Effect\": \"Allow\",\n      \"Action\": \"s3:*\",\n      \"Resource\": \"*\"\n    }\n  ]\n}\n",
                            "role": "s3_access_role"
                        },
                        "meta": {},
                        "tainted": false
                    },
                    "deposed": [],
                    "provider": "provider.aws"
                },
                "aws_instance.wp_ansible": {
                    "type": "aws_instance",
                    "depends_on": [
                        "aws_security_group.wp_tool_sg",
                        "aws_subnet.wp_private6_subnet",
                        "data.aws_availability_zones.available"
                    ],
                    "primary": {
                        "id": "i-081e660dbb80b9357",
                        "attributes": {
                            "ami": "ami-0dfe9c96aee4dc8d6",
                            "arn": "arn:aws:ec2:eu-west-1:978717191640:instance/i-081e660dbb80b9357",
                            "associate_public_ip_address": "false",
                            "availability_zone": "eu-west-1b",
                            "cpu_core_count": "2",
                            "cpu_threads_per_core": "1",
                            "credit_specification.#": "1",
                            "credit_specification.0.cpu_credits": "standard",
                            "disable_api_termination": "false",
                            "ebs_block_device.#": "1",
                            "ebs_block_device.2671853018.delete_on_termination": "false",
                            "ebs_block_device.2671853018.device_name": "/dev/sdg",
                            "ebs_block_device.2671853018.encrypted": "false",
                            "ebs_block_device.2671853018.iops": "210",
                            "ebs_block_device.2671853018.snapshot_id": "",
                            "ebs_block_device.2671853018.volume_id": "vol-073448103da08aff1",
                            "ebs_block_device.2671853018.volume_size": "70",
                            "ebs_block_device.2671853018.volume_type": "gp2",
                            "ebs_optimized": "false",
                            "ephemeral_block_device.#": "0",
                            "get_password_data": "false",
                            "iam_instance_profile": "",
                            "id": "i-081e660dbb80b9357",
                            "instance_state": "running",
                            "instance_type": "t2.large",
                            "ipv6_addresses.#": "0",
                            "key_name": "CelFocus_Lab001",
                            "monitoring": "false",
                            "network_interface.#": "0",
                            "network_interface_id": "eni-0f6bb92fba017bd9e",
                            "password_data": "",
                            "placement_group": "",
                            "primary_network_interface_id": "eni-0f6bb92fba017bd9e",
                            "private_dns": "ip-10-0-8-225.eu-west-1.compute.internal",
                            "private_ip": "10.0.8.225",
                            "public_dns": "",
                            "public_ip": "",
                            "root_block_device.#": "1",
                            "root_block_device.0.delete_on_termination": "false",
                            "root_block_device.0.iops": "100",
                            "root_block_device.0.volume_id": "vol-0e417d9b6cee5bfe7",
                            "root_block_device.0.volume_size": "25",
                            "root_block_device.0.volume_type": "gp2",
                            "security_groups.#": "0",
                            "source_dest_check": "true",
                            "subnet_id": "subnet-0cd36a37f097bbd86",
                            "tags.%": "1",
                            "tags.Name": "wp_ansible",
                            "tenancy": "default",
                            "user_data": "0de03b05db68c69a9998268f2d48c9f3ad8ff600",
                            "volume_tags.%": "0",
                            "vpc_security_group_ids.#": "1",
                            "vpc_security_group_ids.57938606": "sg-075c8e671d46c8a88"
                        },
                        "meta": {
                            "e2bfb730-ecaa-11e6-8f88-34363bc7c4c0": {
                                "create": 600000000000,
                                "delete": 1200000000000,
                                "update": 600000000000
                            },
                            "schema_version": "1"
                        },
                        "tainted": false
                    },
                    "deposed": [],
                    "provider": "provider.aws"
                },
                "aws_instance.wp_db_az1": {
                    "type": "aws_instance",
                    "depends_on": [
                        "aws_security_group.wp_db_sg",
                        "aws_subnet.wp_oracle1_subnet",
                        "data.aws_availability_zones.available"
                    ],
                    "primary": {
                        "id": "i-06d1bea7826af0486",
                        "attributes": {
                            "ami": "ami-0dfe9c96aee4dc8d6",
                            "arn": "arn:aws:ec2:eu-west-1:978717191640:instance/i-06d1bea7826af0486",
                            "associate_public_ip_address": "false",
                            "availability_zone": "eu-west-1a",
                            "cpu_core_count": "2",
                            "cpu_threads_per_core": "2",
                            "credit_specification.#": "1",
                            "credit_specification.0.cpu_credits": "unlimited",
                            "disable_api_termination": "false",
                            "ebs_block_device.#": "2",
                            "ebs_block_device.2576023345.delete_on_termination": "true",
                            "ebs_block_device.2576023345.device_name": "/dev/sdb",
                            "ebs_block_device.2576023345.encrypted": "false",
                            "ebs_block_device.2576023345.iops": "1500",
                            "ebs_block_device.2576023345.snapshot_id": "",
                            "ebs_block_device.2576023345.volume_id": "vol-0c91e30bba425ca11",
                            "ebs_block_device.2576023345.volume_size": "500",
                            "ebs_block_device.2576023345.volume_type": "gp2",
                            "ebs_block_device.2671853018.delete_on_termination": "true",
                            "ebs_block_device.2671853018.device_name": "/dev/sdg",
                            "ebs_block_device.2671853018.encrypted": "false",
                            "ebs_block_device.2671853018.iops": "150",
                            "ebs_block_device.2671853018.snapshot_id": "",
                            "ebs_block_device.2671853018.volume_id": "vol-0321188f194501bb5",
                            "ebs_block_device.2671853018.volume_size": "50",
                            "ebs_block_device.2671853018.volume_type": "gp2",
                            "ebs_optimized": "false",
                            "ephemeral_block_device.#": "0",
                            "get_password_data": "false",
                            "iam_instance_profile": "",
                            "id": "i-06d1bea7826af0486",
                            "instance_state": "running",
                            "instance_type": "t3.xlarge",
                            "ipv6_addresses.#": "0",
                            "key_name": "CelFocus_Lab001",
                            "monitoring": "false",
                            "network_interface.#": "0",
                            "network_interface_id": "eni-008ee155767504f0f",
                            "password_data": "",
                            "placement_group": "",
                            "primary_network_interface_id": "eni-008ee155767504f0f",
                            "private_dns": "ip-10-0-9-225.eu-west-1.compute.internal",
                            "private_ip": "10.0.9.225",
                            "public_dns": "",
                            "public_ip": "",
                            "root_block_device.#": "1",
                            "root_block_device.0.delete_on_termination": "true",
                            "root_block_device.0.iops": "100",
                            "root_block_device.0.volume_id": "vol-0612457540caab906",
                            "root_block_device.0.volume_size": "25",
                            "root_block_device.0.volume_type": "gp2",
                            "security_groups.#": "0",
                            "source_dest_check": "true",
                            "subnet_id": "subnet-09ce0835ad3d90013",
                            "tags.%": "1",
                            "tags.Name": "wp_db_az1",
                            "tenancy": "default",
                            "user_data": "d21d364e849462863828e53ddbac5027b013dbe3",
                            "volume_tags.%": "0",
                            "vpc_security_group_ids.#": "1",
                            "vpc_security_group_ids.1134551385": "sg-0c19828ed2dbf7591"
                        },
                        "meta": {
                            "e2bfb730-ecaa-11e6-8f88-34363bc7c4c0": {
                                "create": 600000000000,
                                "delete": 1200000000000,
                                "update": 600000000000
                            },
                            "schema_version": "1"
                        },
                        "tainted": false
                    },
                    "deposed": [],
                    "provider": "provider.aws"
                },
                "aws_instance.wp_front_az1": {
                    "type": "aws_instance",
                    "depends_on": [
                        "aws_security_group.wp_front_sg",
                        "aws_subnet.wp_private1_subnet",
                        "data.aws_availability_zones.available"
                    ],
                    "primary": {
                        "id": "i-06075d82407708b00",
                        "attributes": {
                            "ami": "ami-0dfe9c96aee4dc8d6",
                            "arn": "arn:aws:ec2:eu-west-1:978717191640:instance/i-06075d82407708b00",
                            "associate_public_ip_address": "false",
                            "availability_zone": "eu-west-1a",
                            "cpu_core_count": "1",
                            "cpu_threads_per_core": "2",
                            "credit_specification.#": "1",
                            "credit_specification.0.cpu_credits": "unlimited",
                            "disable_api_termination": "false",
                            "ebs_block_device.#": "1",
                            "ebs_block_device.2671853018.delete_on_termination": "true",
                            "ebs_block_device.2671853018.device_name": "/dev/sdg",
                            "ebs_block_device.2671853018.encrypted": "false",
                            "ebs_block_device.2671853018.iops": "300",
                            "ebs_block_device.2671853018.snapshot_id": "",
                            "ebs_block_device.2671853018.volume_id": "vol-037ca842f6d34de0d",
                            "ebs_block_device.2671853018.volume_size": "100",
                            "ebs_block_device.2671853018.volume_type": "gp2",
                            "ebs_optimized": "false",
                            "ephemeral_block_device.#": "0",
                            "get_password_data": "false",
                            "iam_instance_profile": "",
                            "id": "i-06075d82407708b00",
                            "instance_state": "running",
                            "instance_type": "t3.large",
                            "ipv6_addresses.#": "0",
                            "key_name": "CelFocus_Lab001",
                            "monitoring": "false",
                            "network_interface.#": "0",
                            "network_interface_id": "eni-03ad2f6f772ca96a6",
                            "password_data": "",
                            "placement_group": "",
                            "primary_network_interface_id": "eni-03ad2f6f772ca96a6",
                            "private_dns": "ip-10-0-3-225.eu-west-1.compute.internal",
                            "private_ip": "10.0.3.225",
                            "public_dns": "",
                            "public_ip": "",
                            "root_block_device.#": "1",
                            "root_block_device.0.delete_on_termination": "true",
                            "root_block_device.0.iops": "100",
                            "root_block_device.0.volume_id": "vol-0f5353abbeed5d2c4",
                            "root_block_device.0.volume_size": "25",
                            "root_block_device.0.volume_type": "gp2",
                            "security_groups.#": "0",
                            "source_dest_check": "true",
                            "subnet_id": "subnet-0e139779952859e26",
                            "tags.%": "1",
                            "tags.Name": "wp_front_az1",
                            "tenancy": "default",
                            "user_data": "1f50f7d68e60df85d1f3785ebbb486544892de62",
                            "volume_tags.%": "0",
                            "vpc_security_group_ids.#": "1",
                            "vpc_security_group_ids.4066661020": "sg-0bb73596c01c10811"
                        },
                        "meta": {
                            "e2bfb730-ecaa-11e6-8f88-34363bc7c4c0": {
                                "create": 600000000000,
                                "delete": 1200000000000,
                                "update": 600000000000
                            },
                            "schema_version": "1"
                        },
                        "tainted": false
                    },
                    "deposed": [],
                    "provider": "provider.aws"
                },
                "aws_instance.wp_front_az2": {
                    "type": "aws_instance",
                    "depends_on": [
                        "aws_security_group.wp_front_sg",
                        "aws_subnet.wp_private2_subnet",
                        "data.aws_availability_zones.available"
                    ],
                    "primary": {
                        "id": "i-0c2778705ac7c6295",
                        "attributes": {
                            "ami": "ami-0dfe9c96aee4dc8d6",
                            "arn": "arn:aws:ec2:eu-west-1:978717191640:instance/i-0c2778705ac7c6295",
                            "associate_public_ip_address": "false",
                            "availability_zone": "eu-west-1b",
                            "cpu_core_count": "1",
                            "cpu_threads_per_core": "2",
                            "credit_specification.#": "1",
                            "credit_specification.0.cpu_credits": "unlimited",
                            "disable_api_termination": "false",
                            "ebs_block_device.#": "1",
                            "ebs_block_device.2671853018.delete_on_termination": "true",
                            "ebs_block_device.2671853018.device_name": "/dev/sdg",
                            "ebs_block_device.2671853018.encrypted": "false",
                            "ebs_block_device.2671853018.iops": "300",
                            "ebs_block_device.2671853018.snapshot_id": "",
                            "ebs_block_device.2671853018.volume_id": "vol-00256cab622106e7b",
                            "ebs_block_device.2671853018.volume_size": "100",
                            "ebs_block_device.2671853018.volume_type": "gp2",
                            "ebs_optimized": "false",
                            "ephemeral_block_device.#": "0",
                            "get_password_data": "false",
                            "iam_instance_profile": "",
                            "id": "i-0c2778705ac7c6295",
                            "instance_state": "running",
                            "instance_type": "t3.large",
                            "ipv6_addresses.#": "0",
                            "key_name": "CelFocus_Lab001",
                            "monitoring": "false",
                            "network_interface.#": "0",
                            "network_interface_id": "eni-01e52c97efc524531",
                            "password_data": "",
                            "placement_group": "",
                            "primary_network_interface_id": "eni-01e52c97efc524531",
                            "private_dns": "ip-10-0-4-225.eu-west-1.compute.internal",
                            "private_ip": "10.0.4.225",
                            "public_dns": "",
                            "public_ip": "",
                            "root_block_device.#": "1",
                            "root_block_device.0.delete_on_termination": "true",
                            "root_block_device.0.iops": "100",
                            "root_block_device.0.volume_id": "vol-0bd96e12a81a08f26",
                            "root_block_device.0.volume_size": "25",
                            "root_block_device.0.volume_type": "gp2",
                            "security_groups.#": "0",
                            "source_dest_check": "true",
                            "subnet_id": "subnet-0e2fd1dc4a2cb3f0d",
                            "tags.%": "1",
                            "tags.Name": "wp_front_az2",
                            "tenancy": "default",
                            "user_data": "611d6a6253b3defed1db7c70fced5104f8a3beff",
                            "volume_tags.%": "0",
                            "vpc_security_group_ids.#": "1",
                            "vpc_security_group_ids.4066661020": "sg-0bb73596c01c10811"
                        },
                        "meta": {
                            "e2bfb730-ecaa-11e6-8f88-34363bc7c4c0": {
                                "create": 600000000000,
                                "delete": 1200000000000,
                                "update": 600000000000
                            },
                            "schema_version": "1"
                        },
                        "tainted": false
                    },
                    "deposed": [],
                    "provider": "provider.aws"
                },
                "aws_instance.wp_ins_bastion": {
                    "type": "aws_instance",
                    "depends_on": [
                        "aws_security_group.wp_bastion_sg",
                        "aws_subnet.wp_public1_subnet",
                        "data.aws_availability_zones.available"
                    ],
                    "primary": {
                        "id": "i-0d631858525243810",
                        "attributes": {
                            "ami": "ami-0c21ae4a3bd190229",
                            "arn": "arn:aws:ec2:eu-west-1:978717191640:instance/i-0d631858525243810",
                            "associate_public_ip_address": "true",
                            "availability_zone": "eu-west-1a",
                            "cpu_core_count": "1",
                            "cpu_threads_per_core": "1",
                            "credit_specification.#": "1",
                            "credit_specification.0.cpu_credits": "standard",
                            "disable_api_termination": "false",
                            "ebs_block_device.#": "0",
                            "ebs_optimized": "false",
                            "ephemeral_block_device.#": "0",
                            "get_password_data": "false",
                            "iam_instance_profile": "",
                            "id": "i-0d631858525243810",
                            "instance_state": "running",
                            "instance_type": "t2.micro",
                            "ipv6_addresses.#": "0",
                            "key_name": "CelFocus_Lab001",
                            "monitoring": "false",
                            "network_interface.#": "0",
                            "network_interface_id": "eni-06235d36019bd5d3a",
                            "password_data": "",
                            "placement_group": "",
                            "primary_network_interface_id": "eni-06235d36019bd5d3a",
                            "private_dns": "ip-10-0-1-253.eu-west-1.compute.internal",
                            "private_ip": "10.0.1.253",
                            "public_dns": "ec2-52-17-118-61.eu-west-1.compute.amazonaws.com",
                            "public_ip": "52.17.118.61",
                            "root_block_device.#": "1",
                            "root_block_device.0.delete_on_termination": "true",
                            "root_block_device.0.iops": "100",
                            "root_block_device.0.volume_id": "vol-0ef5e505805a5c3e1",
                            "root_block_device.0.volume_size": "8",
                            "root_block_device.0.volume_type": "gp2",
                            "security_groups.#": "0",
                            "source_dest_check": "true",
                            "subnet_id": "subnet-04ef86049aacdb00b",
                            "tags.%": "1",
                            "tags.Name": "wp_ins_bastion",
                            "tenancy": "default",
                            "user_data": "f815227f796a35d50d8db188d66ff31d5779b40c",
                            "volume_tags.%": "0",
                            "vpc_security_group_ids.#": "1",
                            "vpc_security_group_ids.2585595726": "sg-0bce3c81f7bc9edf7"
                        },
                        "meta": {
                            "e2bfb730-ecaa-11e6-8f88-34363bc7c4c0": {
                                "create": 600000000000,
                                "delete": 1200000000000,
                                "update": 600000000000
                            },
                            "schema_version": "1"
                        },
                        "tainted": false
                    },
                    "deposed": [],
                    "provider": "provider.aws"
                },
                "aws_instance.wp_jenkins": {
                    "type": "aws_instance",
                    "depends_on": [
                        "aws_security_group.wp_tool_sg",
                        "aws_subnet.wp_private5_subnet",
                        "data.aws_availability_zones.available"
                    ],
                    "primary": {
                        "id": "i-0141d40bc935cd261",
                        "attributes": {
                            "ami": "ami-0dfe9c96aee4dc8d6",
                            "arn": "arn:aws:ec2:eu-west-1:978717191640:instance/i-0141d40bc935cd261",
                            "associate_public_ip_address": "false",
                            "availability_zone": "eu-west-1a",
                            "cpu_core_count": "2",
                            "cpu_threads_per_core": "2",
                            "credit_specification.#": "1",
                            "credit_specification.0.cpu_credits": "unlimited",
                            "disable_api_termination": "false",
                            "ebs_block_device.#": "1",
                            "ebs_block_device.2671853018.delete_on_termination": "true",
                            "ebs_block_device.2671853018.device_name": "/dev/sdg",
                            "ebs_block_device.2671853018.encrypted": "false",
                            "ebs_block_device.2671853018.iops": "360",
                            "ebs_block_device.2671853018.snapshot_id": "",
                            "ebs_block_device.2671853018.volume_id": "vol-007481d76e07659ba",
                            "ebs_block_device.2671853018.volume_size": "120",
                            "ebs_block_device.2671853018.volume_type": "gp2",
                            "ebs_optimized": "false",
                            "ephemeral_block_device.#": "0",
                            "get_password_data": "false",
                            "iam_instance_profile": "",
                            "id": "i-0141d40bc935cd261",
                            "instance_state": "running",
                            "instance_type": "t3.xlarge",
                            "ipv6_addresses.#": "0",
                            "key_name": "CelFocus_Lab001",
                            "monitoring": "false",
                            "network_interface.#": "0",
                            "network_interface_id": "eni-095fb3c776d76fbee",
                            "password_data": "",
                            "placement_group": "",
                            "primary_network_interface_id": "eni-095fb3c776d76fbee",
                            "private_dns": "ip-10-0-7-224.eu-west-1.compute.internal",
                            "private_ip": "10.0.7.224",
                            "public_dns": "",
                            "public_ip": "",
                            "root_block_device.#": "1",
                            "root_block_device.0.delete_on_termination": "true",
                            "root_block_device.0.iops": "100",
                            "root_block_device.0.volume_id": "vol-05a443c49438b5fb7",
                            "root_block_device.0.volume_size": "25",
                            "root_block_device.0.volume_type": "gp2",
                            "security_groups.#": "0",
                            "source_dest_check": "true",
                            "subnet_id": "subnet-0b25eaaab1a62ffd2",
                            "tags.%": "1",
                            "tags.Name": "wp_jenkins",
                            "tenancy": "default",
                            "user_data": "9fc9d4ef40895f1552deb356d9ad51fa44c5d3ec",
                            "volume_tags.%": "0",
                            "vpc_security_group_ids.#": "1",
                            "vpc_security_group_ids.57938606": "sg-075c8e671d46c8a88"
                        },
                        "meta": {
                            "e2bfb730-ecaa-11e6-8f88-34363bc7c4c0": {
                                "create": 600000000000,
                                "delete": 1200000000000,
                                "update": 600000000000
                            },
                            "schema_version": "1"
                        },
                        "tainted": false
                    },
                    "deposed": [],
                    "provider": "provider.aws"
                },
                "aws_instance.wp_nagios": {
                    "type": "aws_instance",
                    "depends_on": [
                        "aws_security_group.wp_tool_sg",
                        "aws_subnet.wp_private5_subnet",
                        "data.aws_availability_zones.available"
                    ],
                    "primary": {
                        "id": "i-063c36d91453530ac",
                        "attributes": {
                            "ami": "ami-0dfe9c96aee4dc8d6",
                            "arn": "arn:aws:ec2:eu-west-1:978717191640:instance/i-063c36d91453530ac",
                            "associate_public_ip_address": "false",
                            "availability_zone": "eu-west-1a",
                            "cpu_core_count": "1",
                            "cpu_threads_per_core": "2",
                            "credit_specification.#": "1",
                            "credit_specification.0.cpu_credits": "unlimited",
                            "disable_api_termination": "false",
                            "ebs_block_device.#": "1",
                            "ebs_block_device.2671853018.delete_on_termination": "true",
                            "ebs_block_device.2671853018.device_name": "/dev/sdg",
                            "ebs_block_device.2671853018.encrypted": "false",
                            "ebs_block_device.2671853018.iops": "300",
                            "ebs_block_device.2671853018.snapshot_id": "",
                            "ebs_block_device.2671853018.volume_id": "vol-0d095462b7636ace8",
                            "ebs_block_device.2671853018.volume_size": "100",
                            "ebs_block_device.2671853018.volume_type": "gp2",
                            "ebs_optimized": "false",
                            "ephemeral_block_device.#": "0",
                            "get_password_data": "false",
                            "iam_instance_profile": "",
                            "id": "i-063c36d91453530ac",
                            "instance_state": "running",
                            "instance_type": "t3.large",
                            "ipv6_addresses.#": "0",
                            "key_name": "CelFocus_Lab001",
                            "monitoring": "false",
                            "network_interface.#": "0",
                            "network_interface_id": "eni-0c9ce06128aa57b7f",
                            "password_data": "",
                            "placement_group": "",
                            "primary_network_interface_id": "eni-0c9ce06128aa57b7f",
                            "private_dns": "ip-10-0-7-225.eu-west-1.compute.internal",
                            "private_ip": "10.0.7.225",
                            "public_dns": "",
                            "public_ip": "",
                            "root_block_device.#": "1",
                            "root_block_device.0.delete_on_termination": "true",
                            "root_block_device.0.iops": "100",
                            "root_block_device.0.volume_id": "vol-0e842b75c0dbcc5b5",
                            "root_block_device.0.volume_size": "25",
                            "root_block_device.0.volume_type": "gp2",
                            "security_groups.#": "0",
                            "source_dest_check": "true",
                            "subnet_id": "subnet-0b25eaaab1a62ffd2",
                            "tags.%": "1",
                            "tags.Name": "wp_nagios",
                            "tenancy": "default",
                            "user_data": "b3f21ccf3682196bda137e7ea24c9a0571708b9c",
                            "volume_tags.%": "0",
                            "vpc_security_group_ids.#": "1",
                            "vpc_security_group_ids.57938606": "sg-075c8e671d46c8a88"
                        },
                        "meta": {
                            "e2bfb730-ecaa-11e6-8f88-34363bc7c4c0": {
                                "create": 600000000000,
                                "delete": 1200000000000,
                                "update": 600000000000
                            },
                            "schema_version": "1"
                        },
                        "tainted": false
                    },
                    "deposed": [],
                    "provider": "provider.aws"
                },
                "aws_instance.wp_web_az1": {
                    "type": "aws_instance",
                    "depends_on": [
                        "aws_security_group.wp_mid_sg",
                        "aws_subnet.wp_private3_subnet",
                        "data.aws_availability_zones.available"
                    ],
                    "primary": {
                        "id": "i-036f3f9f1ea7a9fdf",
                        "attributes": {
                            "ami": "ami-0dfe9c96aee4dc8d6",
                            "arn": "arn:aws:ec2:eu-west-1:978717191640:instance/i-036f3f9f1ea7a9fdf",
                            "associate_public_ip_address": "false",
                            "availability_zone": "eu-west-1a",
                            "cpu_core_count": "2",
                            "cpu_threads_per_core": "2",
                            "credit_specification.#": "1",
                            "credit_specification.0.cpu_credits": "unlimited",
                            "disable_api_termination": "false",
                            "ebs_block_device.#": "1",
                            "ebs_block_device.2671853018.delete_on_termination": "true",
                            "ebs_block_device.2671853018.device_name": "/dev/sdg",
                            "ebs_block_device.2671853018.encrypted": "false",
                            "ebs_block_device.2671853018.iops": "300",
                            "ebs_block_device.2671853018.snapshot_id": "",
                            "ebs_block_device.2671853018.volume_id": "vol-0ae4ddca4ee050f7b",
                            "ebs_block_device.2671853018.volume_size": "100",
                            "ebs_block_device.2671853018.volume_type": "gp2",
                            "ebs_optimized": "false",
                            "ephemeral_block_device.#": "0",
                            "get_password_data": "false",
                            "iam_instance_profile": "",
                            "id": "i-036f3f9f1ea7a9fdf",
                            "instance_state": "running",
                            "instance_type": "t3.xlarge",
                            "ipv6_addresses.#": "0",
                            "key_name": "CelFocus_Lab001",
                            "monitoring": "false",
                            "network_interface.#": "0",
                            "network_interface_id": "eni-04b501a400b035bc6",
                            "password_data": "",
                            "placement_group": "",
                            "primary_network_interface_id": "eni-04b501a400b035bc6",
                            "private_dns": "ip-10-0-5-225.eu-west-1.compute.internal",
                            "private_ip": "10.0.5.225",
                            "public_dns": "",
                            "public_ip": "",
                            "root_block_device.#": "1",
                            "root_block_device.0.delete_on_termination": "true",
                            "root_block_device.0.iops": "100",
                            "root_block_device.0.volume_id": "vol-0c0f491018d33fcce",
                            "root_block_device.0.volume_size": "25",
                            "root_block_device.0.volume_type": "gp2",
                            "security_groups.#": "0",
                            "source_dest_check": "true",
                            "subnet_id": "subnet-0a7684644a6507f16",
                            "tags.%": "1",
                            "tags.Name": "wp_web_az1",
                            "tenancy": "default",
                            "user_data": "84051fbf5ad072ed91207dd3bf7eec4a87049755",
                            "volume_tags.%": "0",
                            "vpc_security_group_ids.#": "1",
                            "vpc_security_group_ids.2024163032": "sg-0d3edc666a8199121"
                        },
                        "meta": {
                            "e2bfb730-ecaa-11e6-8f88-34363bc7c4c0": {
                                "create": 600000000000,
                                "delete": 1200000000000,
                                "update": 600000000000
                            },
                            "schema_version": "1"
                        },
                        "tainted": false
                    },
                    "deposed": [],
                    "provider": "provider.aws"
                },
                "aws_instance.wp_web_az2": {
                    "type": "aws_instance",
                    "depends_on": [
                        "aws_security_group.wp_mid_sg",
                        "aws_subnet.wp_private4_subnet",
                        "data.aws_availability_zones.available"
                    ],
                    "primary": {
                        "id": "i-077998252d14794af",
                        "attributes": {
                            "ami": "ami-0dfe9c96aee4dc8d6",
                            "arn": "arn:aws:ec2:eu-west-1:978717191640:instance/i-077998252d14794af",
                            "associate_public_ip_address": "false",
                            "availability_zone": "eu-west-1b",
                            "cpu_core_count": "2",
                            "cpu_threads_per_core": "2",
                            "credit_specification.#": "1",
                            "credit_specification.0.cpu_credits": "unlimited",
                            "disable_api_termination": "false",
                            "ebs_block_device.#": "1",
                            "ebs_block_device.2671853018.delete_on_termination": "true",
                            "ebs_block_device.2671853018.device_name": "/dev/sdg",
                            "ebs_block_device.2671853018.encrypted": "false",
                            "ebs_block_device.2671853018.iops": "300",
                            "ebs_block_device.2671853018.snapshot_id": "",
                            "ebs_block_device.2671853018.volume_id": "vol-0bbac129c08b64d6c",
                            "ebs_block_device.2671853018.volume_size": "100",
                            "ebs_block_device.2671853018.volume_type": "gp2",
                            "ebs_optimized": "false",
                            "ephemeral_block_device.#": "0",
                            "get_password_data": "false",
                            "iam_instance_profile": "",
                            "id": "i-077998252d14794af",
                            "instance_state": "running",
                            "instance_type": "t3.xlarge",
                            "ipv6_addresses.#": "0",
                            "key_name": "CelFocus_Lab001",
                            "monitoring": "false",
                            "network_interface.#": "0",
                            "network_interface_id": "eni-00a748ed244e1a737",
                            "password_data": "",
                            "placement_group": "",
                            "primary_network_interface_id": "eni-00a748ed244e1a737",
                            "private_dns": "ip-10-0-6-225.eu-west-1.compute.internal",
                            "private_ip": "10.0.6.225",
                            "public_dns": "",
                            "public_ip": "",
                            "root_block_device.#": "1",
                            "root_block_device.0.delete_on_termination": "true",
                            "root_block_device.0.iops": "100",
                            "root_block_device.0.volume_id": "vol-04cb345b63e924d3f",
                            "root_block_device.0.volume_size": "25",
                            "root_block_device.0.volume_type": "gp2",
                            "security_groups.#": "0",
                            "source_dest_check": "true",
                            "subnet_id": "subnet-0945c7aece42ae7de",
                            "tags.%": "1",
                            "tags.Name": "wp_web_az2",
                            "tenancy": "default",
                            "user_data": "808942a3b83c1ebdebe0588676853c16e92f5ce5",
                            "volume_tags.%": "0",
                            "vpc_security_group_ids.#": "1",
                            "vpc_security_group_ids.2024163032": "sg-0d3edc666a8199121"
                        },
                        "meta": {
                            "e2bfb730-ecaa-11e6-8f88-34363bc7c4c0": {
                                "create": 600000000000,
                                "delete": 1200000000000,
                                "update": 600000000000
                            },
                            "schema_version": "1"
                        },
                        "tainted": false
                    },
                    "deposed": [],
                    "provider": "provider.aws"
                },
                "aws_internet_gateway.wp_internet_gateway": {
                    "type": "aws_internet_gateway",
                    "depends_on": [
                        "aws_vpc.wp_vpc"
                    ],
                    "primary": {
                        "id": "igw-0346041c40749ad5b",
                        "attributes": {
                            "id": "igw-0346041c40749ad5b",
                            "tags.%": "1",
                            "tags.Name": "wp_igw",
                            "vpc_id": "vpc-050af1d99acd56486"
                        },
                        "meta": {},
                        "tainted": false
                    },
                    "deposed": [],
                    "provider": "provider.aws"
                },
                "aws_nat_gateway.nat": {
                    "type": "aws_nat_gateway",
                    "depends_on": [
                        "aws_eip.wp_nat_eip",
                        "aws_subnet.wp_public2_subnet"
                    ],
                    "primary": {
                        "id": "nat-00598152283e48a5b",
                        "attributes": {
                            "allocation_id": "eipalloc-07371ad89fbb86530",
                            "id": "nat-00598152283e48a5b",
                            "network_interface_id": "eni-084044d1986c44f90",
                            "private_ip": "10.0.2.25",
                            "public_ip": "34.252.64.193",
                            "subnet_id": "subnet-0b36ae6c460a6d834",
                            "tags.%": "0"
                        },
                        "meta": {},
                        "tainted": false
                    },
                    "deposed": [],
                    "provider": "provider.aws"
                },
                "aws_route_table.wp_public_rt": {
                    "type": "aws_route_table",
                    "depends_on": [
                        "aws_internet_gateway.wp_internet_gateway",
                        "aws_vpc.wp_vpc"
                    ],
                    "primary": {
                        "id": "rtb-05e95b96b0615c77e",
                        "attributes": {
                            "id": "rtb-05e95b96b0615c77e",
                            "propagating_vgws.#": "0",
                            "route.#": "1",
                            "route.2958939235.cidr_block": "0.0.0.0/0",
                            "route.2958939235.egress_only_gateway_id": "",
                            "route.2958939235.gateway_id": "igw-0346041c40749ad5b",
                            "route.2958939235.instance_id": "",
                            "route.2958939235.ipv6_cidr_block": "",
                            "route.2958939235.nat_gateway_id": "",
                            "route.2958939235.network_interface_id": "",
                            "route.2958939235.vpc_peering_connection_id": "",
                            "tags.%": "1",
                            "tags.Name": "wp_public",
                            "vpc_id": "vpc-050af1d99acd56486"
                        },
                        "meta": {},
                        "tainted": false
                    },
                    "deposed": [],
                    "provider": "provider.aws"
                },
                "aws_route_table_association.wp_private1_assoc": {
                    "type": "aws_route_table_association",
                    "depends_on": [
                        "aws_default_route_table.wp_private_rt",
                        "aws_subnet.wp_private1_subnet"
                    ],
                    "primary": {
                        "id": "rtbassoc-0419c6247eeea4dc6",
                        "attributes": {
                            "id": "rtbassoc-0419c6247eeea4dc6",
                            "route_table_id": "rtb-0697bda1eeacc98b1",
                            "subnet_id": "subnet-0e139779952859e26"
                        },
                        "meta": {},
                        "tainted": false
                    },
                    "deposed": [],
                    "provider": "provider.aws"
                },
                "aws_route_table_association.wp_public1_assoc": {
                    "type": "aws_route_table_association",
                    "depends_on": [
                        "aws_route_table.wp_public_rt",
                        "aws_subnet.wp_public1_subnet"
                    ],
                    "primary": {
                        "id": "rtbassoc-073614cfe15a9daf6",
                        "attributes": {
                            "id": "rtbassoc-073614cfe15a9daf6",
                            "route_table_id": "rtb-05e95b96b0615c77e",
                            "subnet_id": "subnet-04ef86049aacdb00b"
                        },
                        "meta": {},
                        "tainted": false
                    },
                    "deposed": [],
                    "provider": "provider.aws"
                },
                "aws_route_table_association.wp_public2_assoc": {
                    "type": "aws_route_table_association",
                    "depends_on": [
                        "aws_route_table.wp_public_rt",
                        "aws_subnet.wp_public2_subnet"
                    ],
                    "primary": {
                        "id": "rtbassoc-0342a329da0062f76",
                        "attributes": {
                            "id": "rtbassoc-0342a329da0062f76",
                            "route_table_id": "rtb-05e95b96b0615c77e",
                            "subnet_id": "subnet-0b36ae6c460a6d834"
                        },
                        "meta": {},
                        "tainted": false
                    },
                    "deposed": [],
                    "provider": "provider.aws"
                },
                "aws_security_group.wp_bastion_sg": {
                    "type": "aws_security_group",
                    "depends_on": [
                        "aws_vpc.wp_vpc"
                    ],
                    "primary": {
                        "id": "sg-0bce3c81f7bc9edf7",
                        "attributes": {
                            "arn": "arn:aws:ec2:eu-west-1:978717191640:security-group/sg-0bce3c81f7bc9edf7",
                            "description": "Used forBastion",
                            "egress.#": "1",
                            "egress.733536529.cidr_blocks.#": "4",
                            "egress.733536529.cidr_blocks.0": "213.30.18.1/32",
                            "egress.733536529.cidr_blocks.1": "85.246.181.205/32",
                            "egress.733536529.cidr_blocks.2": "10.20.32.0/19",
                            "egress.733536529.cidr_blocks.3": "10.0.0.0/16",
                            "egress.733536529.description": "",
                            "egress.733536529.from_port": "22",
                            "egress.733536529.ipv6_cidr_blocks.#": "0",
                            "egress.733536529.prefix_list_ids.#": "0",
                            "egress.733536529.protocol": "tcp",
                            "egress.733536529.security_groups.#": "0",
                            "egress.733536529.self": "false",
                            "egress.733536529.to_port": "22",
                            "id": "sg-0bce3c81f7bc9edf7",
                            "ingress.#": "1",
                            "ingress.3094651683.cidr_blocks.#": "3",
                            "ingress.3094651683.cidr_blocks.0": "213.30.18.1/32",
                            "ingress.3094651683.cidr_blocks.1": "85.246.181.205/32",
                            "ingress.3094651683.cidr_blocks.2": "10.20.32.0/19",
                            "ingress.3094651683.description": "",
                            "ingress.3094651683.from_port": "22",
                            "ingress.3094651683.ipv6_cidr_blocks.#": "0",
                            "ingress.3094651683.prefix_list_ids.#": "0",
                            "ingress.3094651683.protocol": "tcp",
                            "ingress.3094651683.security_groups.#": "0",
                            "ingress.3094651683.self": "false",
                            "ingress.3094651683.to_port": "22",
                            "name": "wp_bastion_sg",
                            "owner_id": "978717191640",
                            "revoke_rules_on_delete": "false",
                            "tags.%": "0",
                            "vpc_id": "vpc-050af1d99acd56486"
                        },
                        "meta": {
                            "e2bfb730-ecaa-11e6-8f88-34363bc7c4c0": {
                                "create": 600000000000,
                                "delete": 600000000000
                            },
                            "schema_version": "1"
                        },
                        "tainted": false
                    },
                    "deposed": [],
                    "provider": "provider.aws"
                },
                "aws_security_group.wp_db_sg": {
                    "type": "aws_security_group",
                    "depends_on": [
                        "aws_security_group.wp_bastion_sg",
                        "aws_security_group.wp_mid_sg",
                        "aws_security_group.wp_tool_sg",
                        "aws_vpc.wp_vpc"
                    ],
                    "primary": {
                        "id": "sg-0c19828ed2dbf7591",
                        "attributes": {
                            "arn": "arn:aws:ec2:eu-west-1:978717191640:security-group/sg-0c19828ed2dbf7591",
                            "description": "Used for DB instances",
                            "egress.#": "1",
                            "egress.482069346.cidr_blocks.#": "1",
                            "egress.482069346.cidr_blocks.0": "0.0.0.0/0",
                            "egress.482069346.description": "",
                            "egress.482069346.from_port": "0",
                            "egress.482069346.ipv6_cidr_blocks.#": "0",
                            "egress.482069346.prefix_list_ids.#": "0",
                            "egress.482069346.protocol": "-1",
                            "egress.482069346.security_groups.#": "0",
                            "egress.482069346.self": "false",
                            "egress.482069346.to_port": "0",
                            "id": "sg-0c19828ed2dbf7591",
                            "ingress.#": "2",
                            "ingress.2342589095.cidr_blocks.#": "0",
                            "ingress.2342589095.description": "",
                            "ingress.2342589095.from_port": "1521",
                            "ingress.2342589095.ipv6_cidr_blocks.#": "0",
                            "ingress.2342589095.prefix_list_ids.#": "0",
                            "ingress.2342589095.protocol": "tcp",
                            "ingress.2342589095.security_groups.#": "1",
                            "ingress.2342589095.security_groups.2024163032": "sg-0d3edc666a8199121",
                            "ingress.2342589095.self": "false",
                            "ingress.2342589095.to_port": "1521",
                            "ingress.2717138055.cidr_blocks.#": "0",
                            "ingress.2717138055.description": "",
                            "ingress.2717138055.from_port": "22",
                            "ingress.2717138055.ipv6_cidr_blocks.#": "0",
                            "ingress.2717138055.prefix_list_ids.#": "0",
                            "ingress.2717138055.protocol": "tcp",
                            "ingress.2717138055.security_groups.#": "2",
                            "ingress.2717138055.security_groups.2585595726": "sg-0bce3c81f7bc9edf7",
                            "ingress.2717138055.security_groups.57938606": "sg-075c8e671d46c8a88",
                            "ingress.2717138055.self": "false",
                            "ingress.2717138055.to_port": "22",
                            "name": "wp_db_sg",
                            "owner_id": "978717191640",
                            "revoke_rules_on_delete": "false",
                            "tags.%": "0",
                            "vpc_id": "vpc-050af1d99acd56486"
                        },
                        "meta": {
                            "e2bfb730-ecaa-11e6-8f88-34363bc7c4c0": {
                                "create": 600000000000,
                                "delete": 600000000000
                            },
                            "schema_version": "1"
                        },
                        "tainted": false
                    },
                    "deposed": [],
                    "provider": "provider.aws"
                },
                "aws_security_group.wp_elb1_sg": {
                    "type": "aws_security_group",
                    "depends_on": [
                        "aws_vpc.wp_vpc"
                    ],
                    "primary": {
                        "id": "sg-0e400938d05c691c2",
                        "attributes": {
                            "arn": "arn:aws:ec2:eu-west-1:978717191640:security-group/sg-0e400938d05c691c2",
                            "description": "Used for public ELB1",
                            "egress.#": "1",
                            "egress.482069346.cidr_blocks.#": "1",
                            "egress.482069346.cidr_blocks.0": "0.0.0.0/0",
                            "egress.482069346.description": "",
                            "egress.482069346.from_port": "0",
                            "egress.482069346.ipv6_cidr_blocks.#": "0",
                            "egress.482069346.prefix_list_ids.#": "0",
                            "egress.482069346.protocol": "-1",
                            "egress.482069346.security_groups.#": "0",
                            "egress.482069346.self": "false",
                            "egress.482069346.to_port": "0",
                            "id": "sg-0e400938d05c691c2",
                            "ingress.#": "2",
                            "ingress.241649732.cidr_blocks.#": "1",
                            "ingress.241649732.cidr_blocks.0": "0.0.0.0/0",
                            "ingress.241649732.description": "",
                            "ingress.241649732.from_port": "8022",
                            "ingress.241649732.ipv6_cidr_blocks.#": "0",
                            "ingress.241649732.prefix_list_ids.#": "0",
                            "ingress.241649732.protocol": "tcp",
                            "ingress.241649732.security_groups.#": "0",
                            "ingress.241649732.self": "false",
                            "ingress.241649732.to_port": "8022",
                            "ingress.3234811651.cidr_blocks.#": "1",
                            "ingress.3234811651.cidr_blocks.0": "0.0.0.0/0",
                            "ingress.3234811651.description": "",
                            "ingress.3234811651.from_port": "8024",
                            "ingress.3234811651.ipv6_cidr_blocks.#": "0",
                            "ingress.3234811651.prefix_list_ids.#": "0",
                            "ingress.3234811651.protocol": "tcp",
                            "ingress.3234811651.security_groups.#": "0",
                            "ingress.3234811651.self": "false",
                            "ingress.3234811651.to_port": "8024",
                            "name": "wp_elb1_sg",
                            "owner_id": "978717191640",
                            "revoke_rules_on_delete": "false",
                            "tags.%": "0",
                            "vpc_id": "vpc-050af1d99acd56486"
                        },
                        "meta": {
                            "e2bfb730-ecaa-11e6-8f88-34363bc7c4c0": {
                                "create": 600000000000,
                                "delete": 600000000000
                            },
                            "schema_version": "1"
                        },
                        "tainted": false
                    },
                    "deposed": [],
                    "provider": "provider.aws"
                },
                "aws_security_group.wp_elb2_sg": {
                    "type": "aws_security_group",
                    "depends_on": [
                        "aws_vpc.wp_vpc"
                    ],
                    "primary": {
                        "id": "sg-09492f90ecf6f41d1",
                        "attributes": {
                            "arn": "arn:aws:ec2:eu-west-1:978717191640:security-group/sg-09492f90ecf6f41d1",
                            "description": "Used for private ELB2",
                            "egress.#": "1",
                            "egress.1960698028.cidr_blocks.#": "1",
                            "egress.1960698028.cidr_blocks.0": "10.0.0.0/16",
                            "egress.1960698028.description": "",
                            "egress.1960698028.from_port": "0",
                            "egress.1960698028.ipv6_cidr_blocks.#": "0",
                            "egress.1960698028.prefix_list_ids.#": "0",
                            "egress.1960698028.protocol": "-1",
                            "egress.1960698028.security_groups.#": "0",
                            "egress.1960698028.self": "false",
                            "egress.1960698028.to_port": "0",
                            "id": "sg-09492f90ecf6f41d1",
                            "ingress.#": "6",
                            "ingress.1349622785.cidr_blocks.#": "2",
                            "ingress.1349622785.cidr_blocks.0": "10.0.3.0/24",
                            "ingress.1349622785.cidr_blocks.1": "10.0.4.0/24",
                            "ingress.1349622785.description": "",
                            "ingress.1349622785.from_port": "7022",
                            "ingress.1349622785.ipv6_cidr_blocks.#": "0",
                            "ingress.1349622785.prefix_list_ids.#": "0",
                            "ingress.1349622785.protocol": "tcp",
                            "ingress.1349622785.security_groups.#": "0",
                            "ingress.1349622785.self": "false",
                            "ingress.1349622785.to_port": "7022",
                            "ingress.1525405663.cidr_blocks.#": "2",
                            "ingress.1525405663.cidr_blocks.0": "10.0.3.0/24",
                            "ingress.1525405663.cidr_blocks.1": "10.0.4.0/24",
                            "ingress.1525405663.description": "",
                            "ingress.1525405663.from_port": "8023",
                            "ingress.1525405663.ipv6_cidr_blocks.#": "0",
                            "ingress.1525405663.prefix_list_ids.#": "0",
                            "ingress.1525405663.protocol": "tcp",
                            "ingress.1525405663.security_groups.#": "0",
                            "ingress.1525405663.self": "false",
                            "ingress.1525405663.to_port": "8023",
                            "ingress.2220032760.cidr_blocks.#": "2",
                            "ingress.2220032760.cidr_blocks.0": "10.0.3.0/24",
                            "ingress.2220032760.cidr_blocks.1": "10.0.4.0/24",
                            "ingress.2220032760.description": "",
                            "ingress.2220032760.from_port": "7024",
                            "ingress.2220032760.ipv6_cidr_blocks.#": "0",
                            "ingress.2220032760.prefix_list_ids.#": "0",
                            "ingress.2220032760.protocol": "tcp",
                            "ingress.2220032760.security_groups.#": "0",
                            "ingress.2220032760.self": "false",
                            "ingress.2220032760.to_port": "7024",
                            "ingress.4088270098.cidr_blocks.#": "2",
                            "ingress.4088270098.cidr_blocks.0": "10.0.3.0/24",
                            "ingress.4088270098.cidr_blocks.1": "10.0.4.0/24",
                            "ingress.4088270098.description": "",
                            "ingress.4088270098.from_port": "8024",
                            "ingress.4088270098.ipv6_cidr_blocks.#": "0",
                            "ingress.4088270098.prefix_list_ids.#": "0",
                            "ingress.4088270098.protocol": "tcp",
                            "ingress.4088270098.security_groups.#": "0",
                            "ingress.4088270098.self": "false",
                            "ingress.4088270098.to_port": "8024",
                            "ingress.663524331.cidr_blocks.#": "2",
                            "ingress.663524331.cidr_blocks.0": "10.0.3.0/24",
                            "ingress.663524331.cidr_blocks.1": "10.0.4.0/24",
                            "ingress.663524331.description": "",
                            "ingress.663524331.from_port": "8022",
                            "ingress.663524331.ipv6_cidr_blocks.#": "0",
                            "ingress.663524331.prefix_list_ids.#": "0",
                            "ingress.663524331.protocol": "tcp",
                            "ingress.663524331.security_groups.#": "0",
                            "ingress.663524331.self": "false",
                            "ingress.663524331.to_port": "8022",
                            "ingress.756471861.cidr_blocks.#": "2",
                            "ingress.756471861.cidr_blocks.0": "10.0.3.0/24",
                            "ingress.756471861.cidr_blocks.1": "10.0.4.0/24",
                            "ingress.756471861.description": "",
                            "ingress.756471861.from_port": "7023",
                            "ingress.756471861.ipv6_cidr_blocks.#": "0",
                            "ingress.756471861.prefix_list_ids.#": "0",
                            "ingress.756471861.protocol": "tcp",
                            "ingress.756471861.security_groups.#": "0",
                            "ingress.756471861.self": "false",
                            "ingress.756471861.to_port": "7023",
                            "name": "wp_elb2_sg",
                            "owner_id": "978717191640",
                            "revoke_rules_on_delete": "false",
                            "tags.%": "0",
                            "vpc_id": "vpc-050af1d99acd56486"
                        },
                        "meta": {
                            "e2bfb730-ecaa-11e6-8f88-34363bc7c4c0": {
                                "create": 600000000000,
                                "delete": 600000000000
                            },
                            "schema_version": "1"
                        },
                        "tainted": false
                    },
                    "deposed": [],
                    "provider": "provider.aws"
                },
                "aws_security_group.wp_front_sg": {
                    "type": "aws_security_group",
                    "depends_on": [
                        "aws_security_group.wp_bastion_sg",
                        "aws_security_group.wp_elb1_sg",
                        "aws_security_group.wp_tool_sg",
                        "aws_vpc.wp_vpc"
                    ],
                    "primary": {
                        "id": "sg-0bb73596c01c10811",
                        "attributes": {
                            "arn": "arn:aws:ec2:eu-west-1:978717191640:security-group/sg-0bb73596c01c10811",
                            "description": "Used FRONT instances",
                            "egress.#": "1",
                            "egress.482069346.cidr_blocks.#": "1",
                            "egress.482069346.cidr_blocks.0": "0.0.0.0/0",
                            "egress.482069346.description": "",
                            "egress.482069346.from_port": "0",
                            "egress.482069346.ipv6_cidr_blocks.#": "0",
                            "egress.482069346.prefix_list_ids.#": "0",
                            "egress.482069346.protocol": "-1",
                            "egress.482069346.security_groups.#": "0",
                            "egress.482069346.self": "false",
                            "egress.482069346.to_port": "0",
                            "id": "sg-0bb73596c01c10811",
                            "ingress.#": "3",
                            "ingress.2717138055.cidr_blocks.#": "0",
                            "ingress.2717138055.description": "",
                            "ingress.2717138055.from_port": "22",
                            "ingress.2717138055.ipv6_cidr_blocks.#": "0",
                            "ingress.2717138055.prefix_list_ids.#": "0",
                            "ingress.2717138055.protocol": "tcp",
                            "ingress.2717138055.security_groups.#": "2",
                            "ingress.2717138055.security_groups.2585595726": "sg-0bce3c81f7bc9edf7",
                            "ingress.2717138055.security_groups.57938606": "sg-075c8e671d46c8a88",
                            "ingress.2717138055.self": "false",
                            "ingress.2717138055.to_port": "22",
                            "ingress.3309581543.cidr_blocks.#": "0",
                            "ingress.3309581543.description": "",
                            "ingress.3309581543.from_port": "8022",
                            "ingress.3309581543.ipv6_cidr_blocks.#": "0",
                            "ingress.3309581543.prefix_list_ids.#": "0",
                            "ingress.3309581543.protocol": "tcp",
                            "ingress.3309581543.security_groups.#": "1",
                            "ingress.3309581543.security_groups.3284596274": "sg-0e400938d05c691c2",
                            "ingress.3309581543.self": "false",
                            "ingress.3309581543.to_port": "8022",
                            "ingress.3904591363.cidr_blocks.#": "0",
                            "ingress.3904591363.description": "",
                            "ingress.3904591363.from_port": "8024",
                            "ingress.3904591363.ipv6_cidr_blocks.#": "0",
                            "ingress.3904591363.prefix_list_ids.#": "0",
                            "ingress.3904591363.protocol": "tcp",
                            "ingress.3904591363.security_groups.#": "1",
                            "ingress.3904591363.security_groups.3284596274": "sg-0e400938d05c691c2",
                            "ingress.3904591363.self": "false",
                            "ingress.3904591363.to_port": "8024",
                            "name": "wp_front_sg",
                            "owner_id": "978717191640",
                            "revoke_rules_on_delete": "false",
                            "tags.%": "0",
                            "vpc_id": "vpc-050af1d99acd56486"
                        },
                        "meta": {
                            "e2bfb730-ecaa-11e6-8f88-34363bc7c4c0": {
                                "create": 600000000000,
                                "delete": 600000000000
                            },
                            "schema_version": "1"
                        },
                        "tainted": false
                    },
                    "deposed": [],
                    "provider": "provider.aws"
                },
                "aws_security_group.wp_mid_sg": {
                    "type": "aws_security_group",
                    "depends_on": [
                        "aws_security_group.wp_bastion_sg",
                        "aws_security_group.wp_front_sg",
                        "aws_security_group.wp_tool_sg",
                        "aws_vpc.wp_vpc"
                    ],
                    "primary": {
                        "id": "sg-0d3edc666a8199121",
                        "attributes": {
                            "arn": "arn:aws:ec2:eu-west-1:978717191640:security-group/sg-0d3edc666a8199121",
                            "description": "Used for ELB2 access",
                            "egress.#": "1",
                            "egress.482069346.cidr_blocks.#": "1",
                            "egress.482069346.cidr_blocks.0": "0.0.0.0/0",
                            "egress.482069346.description": "",
                            "egress.482069346.from_port": "0",
                            "egress.482069346.ipv6_cidr_blocks.#": "0",
                            "egress.482069346.prefix_list_ids.#": "0",
                            "egress.482069346.protocol": "-1",
                            "egress.482069346.security_groups.#": "0",
                            "egress.482069346.self": "false",
                            "egress.482069346.to_port": "0",
                            "id": "sg-0d3edc666a8199121",
                            "ingress.#": "7",
                            "ingress.1331787197.cidr_blocks.#": "0",
                            "ingress.1331787197.description": "",
                            "ingress.1331787197.from_port": "8023",
                            "ingress.1331787197.ipv6_cidr_blocks.#": "0",
                            "ingress.1331787197.prefix_list_ids.#": "0",
                            "ingress.1331787197.protocol": "tcp",
                            "ingress.1331787197.security_groups.#": "1",
                            "ingress.1331787197.security_groups.4066661020": "sg-0bb73596c01c10811",
                            "ingress.1331787197.self": "false",
                            "ingress.1331787197.to_port": "8023",
                            "ingress.2717138055.cidr_blocks.#": "0",
                            "ingress.2717138055.description": "",
                            "ingress.2717138055.from_port": "22",
                            "ingress.2717138055.ipv6_cidr_blocks.#": "0",
                            "ingress.2717138055.prefix_list_ids.#": "0",
                            "ingress.2717138055.protocol": "tcp",
                            "ingress.2717138055.security_groups.#": "2",
                            "ingress.2717138055.security_groups.2585595726": "sg-0bce3c81f7bc9edf7",
                            "ingress.2717138055.security_groups.57938606": "sg-075c8e671d46c8a88",
                            "ingress.2717138055.self": "false",
                            "ingress.2717138055.to_port": "22",
                            "ingress.3153887826.cidr_blocks.#": "0",
                            "ingress.3153887826.description": "",
                            "ingress.3153887826.from_port": "7023",
                            "ingress.3153887826.ipv6_cidr_blocks.#": "0",
                            "ingress.3153887826.prefix_list_ids.#": "0",
                            "ingress.3153887826.protocol": "tcp",
                            "ingress.3153887826.security_groups.#": "1",
                            "ingress.3153887826.security_groups.4066661020": "sg-0bb73596c01c10811",
                            "ingress.3153887826.self": "false",
                            "ingress.3153887826.to_port": "7023",
                            "ingress.3655629384.cidr_blocks.#": "0",
                            "ingress.3655629384.description": "",
                            "ingress.3655629384.from_port": "8024",
                            "ingress.3655629384.ipv6_cidr_blocks.#": "0",
                            "ingress.3655629384.prefix_list_ids.#": "0",
                            "ingress.3655629384.protocol": "tcp",
                            "ingress.3655629384.security_groups.#": "1",
                            "ingress.3655629384.security_groups.4066661020": "sg-0bb73596c01c10811",
                            "ingress.3655629384.self": "false",
                            "ingress.3655629384.to_port": "8024",
                            "ingress.4095416492.cidr_blocks.#": "0",
                            "ingress.4095416492.description": "",
                            "ingress.4095416492.from_port": "8022",
                            "ingress.4095416492.ipv6_cidr_blocks.#": "0",
                            "ingress.4095416492.prefix_list_ids.#": "0",
                            "ingress.4095416492.protocol": "tcp",
                            "ingress.4095416492.security_groups.#": "1",
                            "ingress.4095416492.security_groups.4066661020": "sg-0bb73596c01c10811",
                            "ingress.4095416492.self": "false",
                            "ingress.4095416492.to_port": "8022",
                            "ingress.762940839.cidr_blocks.#": "0",
                            "ingress.762940839.description": "",
                            "ingress.762940839.from_port": "7024",
                            "ingress.762940839.ipv6_cidr_blocks.#": "0",
                            "ingress.762940839.prefix_list_ids.#": "0",
                            "ingress.762940839.protocol": "tcp",
                            "ingress.762940839.security_groups.#": "1",
                            "ingress.762940839.security_groups.4066661020": "sg-0bb73596c01c10811",
                            "ingress.762940839.self": "false",
                            "ingress.762940839.to_port": "7024",
                            "ingress.8843075.cidr_blocks.#": "0",
                            "ingress.8843075.description": "",
                            "ingress.8843075.from_port": "7022",
                            "ingress.8843075.ipv6_cidr_blocks.#": "0",
                            "ingress.8843075.prefix_list_ids.#": "0",
                            "ingress.8843075.protocol": "tcp",
                            "ingress.8843075.security_groups.#": "1",
                            "ingress.8843075.security_groups.4066661020": "sg-0bb73596c01c10811",
                            "ingress.8843075.self": "false",
                            "ingress.8843075.to_port": "7022",
                            "name": "wp_mid_sg",
                            "owner_id": "978717191640",
                            "revoke_rules_on_delete": "false",
                            "tags.%": "0",
                            "vpc_id": "vpc-050af1d99acd56486"
                        },
                        "meta": {
                            "e2bfb730-ecaa-11e6-8f88-34363bc7c4c0": {
                                "create": 600000000000,
                                "delete": 600000000000
                            },
                            "schema_version": "1"
                        },
                        "tainted": false
                    },
                    "deposed": [],
                    "provider": "provider.aws"
                },
                "aws_security_group.wp_tool_sg": {
                    "type": "aws_security_group",
                    "depends_on": [
                        "aws_vpc.wp_vpc"
                    ],
                    "primary": {
                        "id": "sg-075c8e671d46c8a88",
                        "attributes": {
                            "arn": "arn:aws:ec2:eu-west-1:978717191640:security-group/sg-075c8e671d46c8a88",
                            "description": "Used for manage instances",
                            "egress.#": "1",
                            "egress.482069346.cidr_blocks.#": "1",
                            "egress.482069346.cidr_blocks.0": "0.0.0.0/0",
                            "egress.482069346.description": "",
                            "egress.482069346.from_port": "0",
                            "egress.482069346.ipv6_cidr_blocks.#": "0",
                            "egress.482069346.prefix_list_ids.#": "0",
                            "egress.482069346.protocol": "-1",
                            "egress.482069346.security_groups.#": "0",
                            "egress.482069346.self": "false",
                            "egress.482069346.to_port": "0",
                            "id": "sg-075c8e671d46c8a88",
                            "ingress.#": "1",
                            "ingress.1960698028.cidr_blocks.#": "1",
                            "ingress.1960698028.cidr_blocks.0": "10.0.0.0/16",
                            "ingress.1960698028.description": "",
                            "ingress.1960698028.from_port": "0",
                            "ingress.1960698028.ipv6_cidr_blocks.#": "0",
                            "ingress.1960698028.prefix_list_ids.#": "0",
                            "ingress.1960698028.protocol": "-1",
                            "ingress.1960698028.security_groups.#": "0",
                            "ingress.1960698028.self": "false",
                            "ingress.1960698028.to_port": "0",
                            "name": "wp_tool_sg",
                            "owner_id": "978717191640",
                            "revoke_rules_on_delete": "false",
                            "tags.%": "0",
                            "vpc_id": "vpc-050af1d99acd56486"
                        },
                        "meta": {
                            "e2bfb730-ecaa-11e6-8f88-34363bc7c4c0": {
                                "create": 600000000000,
                                "delete": 600000000000
                            },
                            "schema_version": "1"
                        },
                        "tainted": false
                    },
                    "deposed": [],
                    "provider": "provider.aws"
                },
                "aws_subnet.wp_oracle1_subnet": {
                    "type": "aws_subnet",
                    "depends_on": [
                        "aws_vpc.wp_vpc",
                        "data.aws_availability_zones.available"
                    ],
                    "primary": {
                        "id": "subnet-09ce0835ad3d90013",
                        "attributes": {
                            "arn": "arn:aws:ec2:eu-west-1:978717191640:subnet/subnet-09ce0835ad3d90013",
                            "assign_ipv6_address_on_creation": "false",
                            "availability_zone": "eu-west-1a",
                            "cidr_block": "10.0.9.0/24",
                            "id": "subnet-09ce0835ad3d90013",
                            "map_public_ip_on_launch": "false",
                            "tags.%": "1",
                            "tags.Name": "wp_oracle1",
                            "vpc_id": "vpc-050af1d99acd56486"
                        },
                        "meta": {
                            "e2bfb730-ecaa-11e6-8f88-34363bc7c4c0": {
                                "create": 600000000000,
                                "delete": 600000000000
                            },
                            "schema_version": "1"
                        },
                        "tainted": false
                    },
                    "deposed": [],
                    "provider": "provider.aws"
                },
                "aws_subnet.wp_oracle2_subnet": {
                    "type": "aws_subnet",
                    "depends_on": [
                        "aws_vpc.wp_vpc",
                        "data.aws_availability_zones.available"
                    ],
                    "primary": {
                        "id": "subnet-007fb93c60767c457",
                        "attributes": {
                            "arn": "arn:aws:ec2:eu-west-1:978717191640:subnet/subnet-007fb93c60767c457",
                            "assign_ipv6_address_on_creation": "false",
                            "availability_zone": "eu-west-1b",
                            "cidr_block": "10.0.10.0/24",
                            "id": "subnet-007fb93c60767c457",
                            "map_public_ip_on_launch": "false",
                            "tags.%": "1",
                            "tags.Name": "wp_oracle2",
                            "vpc_id": "vpc-050af1d99acd56486"
                        },
                        "meta": {
                            "e2bfb730-ecaa-11e6-8f88-34363bc7c4c0": {
                                "create": 600000000000,
                                "delete": 600000000000
                            },
                            "schema_version": "1"
                        },
                        "tainted": false
                    },
                    "deposed": [],
                    "provider": "provider.aws"
                },
                "aws_subnet.wp_private1_subnet": {
                    "type": "aws_subnet",
                    "depends_on": [
                        "aws_vpc.wp_vpc",
                        "data.aws_availability_zones.available"
                    ],
                    "primary": {
                        "id": "subnet-0e139779952859e26",
                        "attributes": {
                            "arn": "arn:aws:ec2:eu-west-1:978717191640:subnet/subnet-0e139779952859e26",
                            "assign_ipv6_address_on_creation": "false",
                            "availability_zone": "eu-west-1a",
                            "cidr_block": "10.0.3.0/24",
                            "id": "subnet-0e139779952859e26",
                            "map_public_ip_on_launch": "false",
                            "tags.%": "1",
                            "tags.Name": "wp_private1",
                            "vpc_id": "vpc-050af1d99acd56486"
                        },
                        "meta": {
                            "e2bfb730-ecaa-11e6-8f88-34363bc7c4c0": {
                                "create": 600000000000,
                                "delete": 600000000000
                            },
                            "schema_version": "1"
                        },
                        "tainted": false
                    },
                    "deposed": [],
                    "provider": "provider.aws"
                },
                "aws_subnet.wp_private2_subnet": {
                    "type": "aws_subnet",
                    "depends_on": [
                        "aws_vpc.wp_vpc",
                        "data.aws_availability_zones.available"
                    ],
                    "primary": {
                        "id": "subnet-0e2fd1dc4a2cb3f0d",
                        "attributes": {
                            "arn": "arn:aws:ec2:eu-west-1:978717191640:subnet/subnet-0e2fd1dc4a2cb3f0d",
                            "assign_ipv6_address_on_creation": "false",
                            "availability_zone": "eu-west-1b",
                            "cidr_block": "10.0.4.0/24",
                            "id": "subnet-0e2fd1dc4a2cb3f0d",
                            "map_public_ip_on_launch": "false",
                            "tags.%": "1",
                            "tags.Name": "wp_private2",
                            "vpc_id": "vpc-050af1d99acd56486"
                        },
                        "meta": {
                            "e2bfb730-ecaa-11e6-8f88-34363bc7c4c0": {
                                "create": 600000000000,
                                "delete": 600000000000
                            },
                            "schema_version": "1"
                        },
                        "tainted": false
                    },
                    "deposed": [],
                    "provider": "provider.aws"
                },
                "aws_subnet.wp_private3_subnet": {
                    "type": "aws_subnet",
                    "depends_on": [
                        "aws_vpc.wp_vpc",
                        "data.aws_availability_zones.available"
                    ],
                    "primary": {
                        "id": "subnet-0a7684644a6507f16",
                        "attributes": {
                            "arn": "arn:aws:ec2:eu-west-1:978717191640:subnet/subnet-0a7684644a6507f16",
                            "assign_ipv6_address_on_creation": "false",
                            "availability_zone": "eu-west-1a",
                            "cidr_block": "10.0.5.0/24",
                            "id": "subnet-0a7684644a6507f16",
                            "map_public_ip_on_launch": "false",
                            "tags.%": "1",
                            "tags.Name": "wp_private3",
                            "vpc_id": "vpc-050af1d99acd56486"
                        },
                        "meta": {
                            "e2bfb730-ecaa-11e6-8f88-34363bc7c4c0": {
                                "create": 600000000000,
                                "delete": 600000000000
                            },
                            "schema_version": "1"
                        },
                        "tainted": false
                    },
                    "deposed": [],
                    "provider": "provider.aws"
                },
                "aws_subnet.wp_private4_subnet": {
                    "type": "aws_subnet",
                    "depends_on": [
                        "aws_vpc.wp_vpc",
                        "data.aws_availability_zones.available"
                    ],
                    "primary": {
                        "id": "subnet-0945c7aece42ae7de",
                        "attributes": {
                            "arn": "arn:aws:ec2:eu-west-1:978717191640:subnet/subnet-0945c7aece42ae7de",
                            "assign_ipv6_address_on_creation": "false",
                            "availability_zone": "eu-west-1b",
                            "cidr_block": "10.0.6.0/24",
                            "id": "subnet-0945c7aece42ae7de",
                            "map_public_ip_on_launch": "false",
                            "tags.%": "1",
                            "tags.Name": "wp_private4",
                            "vpc_id": "vpc-050af1d99acd56486"
                        },
                        "meta": {
                            "e2bfb730-ecaa-11e6-8f88-34363bc7c4c0": {
                                "create": 600000000000,
                                "delete": 600000000000
                            },
                            "schema_version": "1"
                        },
                        "tainted": false
                    },
                    "deposed": [],
                    "provider": "provider.aws"
                },
                "aws_subnet.wp_private5_subnet": {
                    "type": "aws_subnet",
                    "depends_on": [
                        "aws_vpc.wp_vpc",
                        "data.aws_availability_zones.available"
                    ],
                    "primary": {
                        "id": "subnet-0b25eaaab1a62ffd2",
                        "attributes": {
                            "arn": "arn:aws:ec2:eu-west-1:978717191640:subnet/subnet-0b25eaaab1a62ffd2",
                            "assign_ipv6_address_on_creation": "false",
                            "availability_zone": "eu-west-1a",
                            "cidr_block": "10.0.7.0/24",
                            "id": "subnet-0b25eaaab1a62ffd2",
                            "map_public_ip_on_launch": "false",
                            "tags.%": "1",
                            "tags.Name": "wp_private5",
                            "vpc_id": "vpc-050af1d99acd56486"
                        },
                        "meta": {
                            "e2bfb730-ecaa-11e6-8f88-34363bc7c4c0": {
                                "create": 600000000000,
                                "delete": 600000000000
                            },
                            "schema_version": "1"
                        },
                        "tainted": false
                    },
                    "deposed": [],
                    "provider": "provider.aws"
                },
                "aws_subnet.wp_private6_subnet": {
                    "type": "aws_subnet",
                    "depends_on": [
                        "aws_vpc.wp_vpc",
                        "data.aws_availability_zones.available"
                    ],
                    "primary": {
                        "id": "subnet-0cd36a37f097bbd86",
                        "attributes": {
                            "arn": "arn:aws:ec2:eu-west-1:978717191640:subnet/subnet-0cd36a37f097bbd86",
                            "assign_ipv6_address_on_creation": "false",
                            "availability_zone": "eu-west-1b",
                            "cidr_block": "10.0.8.0/24",
                            "id": "subnet-0cd36a37f097bbd86",
                            "map_public_ip_on_launch": "false",
                            "tags.%": "1",
                            "tags.Name": "wp_private6",
                            "vpc_id": "vpc-050af1d99acd56486"
                        },
                        "meta": {
                            "e2bfb730-ecaa-11e6-8f88-34363bc7c4c0": {
                                "create": 600000000000,
                                "delete": 600000000000
                            },
                            "schema_version": "1"
                        },
                        "tainted": false
                    },
                    "deposed": [],
                    "provider": "provider.aws"
                },
                "aws_subnet.wp_public1_subnet": {
                    "type": "aws_subnet",
                    "depends_on": [
                        "aws_vpc.wp_vpc",
                        "data.aws_availability_zones.available"
                    ],
                    "primary": {
                        "id": "subnet-04ef86049aacdb00b",
                        "attributes": {
                            "arn": "arn:aws:ec2:eu-west-1:978717191640:subnet/subnet-04ef86049aacdb00b",
                            "assign_ipv6_address_on_creation": "false",
                            "availability_zone": "eu-west-1a",
                            "cidr_block": "10.0.1.0/24",
                            "id": "subnet-04ef86049aacdb00b",
                            "map_public_ip_on_launch": "true",
                            "tags.%": "1",
                            "tags.Name": "wp_public1",
                            "vpc_id": "vpc-050af1d99acd56486"
                        },
                        "meta": {
                            "e2bfb730-ecaa-11e6-8f88-34363bc7c4c0": {
                                "create": 600000000000,
                                "delete": 600000000000
                            },
                            "schema_version": "1"
                        },
                        "tainted": false
                    },
                    "deposed": [],
                    "provider": "provider.aws"
                },
                "aws_subnet.wp_public2_subnet": {
                    "type": "aws_subnet",
                    "depends_on": [
                        "aws_vpc.wp_vpc",
                        "data.aws_availability_zones.available"
                    ],
                    "primary": {
                        "id": "subnet-0b36ae6c460a6d834",
                        "attributes": {
                            "arn": "arn:aws:ec2:eu-west-1:978717191640:subnet/subnet-0b36ae6c460a6d834",
                            "assign_ipv6_address_on_creation": "false",
                            "availability_zone": "eu-west-1b",
                            "cidr_block": "10.0.2.0/24",
                            "id": "subnet-0b36ae6c460a6d834",
                            "map_public_ip_on_launch": "true",
                            "tags.%": "1",
                            "tags.Name": "wp_public2",
                            "vpc_id": "vpc-050af1d99acd56486"
                        },
                        "meta": {
                            "e2bfb730-ecaa-11e6-8f88-34363bc7c4c0": {
                                "create": 600000000000,
                                "delete": 600000000000
                            },
                            "schema_version": "1"
                        },
                        "tainted": false
                    },
                    "deposed": [],
                    "provider": "provider.aws"
                },
                "aws_vpc.wp_vpc": {
                    "type": "aws_vpc",
                    "depends_on": [],
                    "primary": {
                        "id": "vpc-050af1d99acd56486",
                        "attributes": {
                            "arn": "arn:aws:ec2:eu-west-1:978717191640:vpc/vpc-050af1d99acd56486",
                            "assign_generated_ipv6_cidr_block": "false",
                            "cidr_block": "10.0.0.0/16",
                            "default_network_acl_id": "acl-0f055e0eadeac5831",
                            "default_route_table_id": "rtb-0697bda1eeacc98b1",
                            "default_security_group_id": "sg-0fe04dca9eab69434",
                            "dhcp_options_id": "dopt-fdc4579b",
                            "enable_classiclink": "false",
                            "enable_classiclink_dns_support": "false",
                            "enable_dns_hostnames": "true",
                            "enable_dns_support": "true",
                            "id": "vpc-050af1d99acd56486",
                            "instance_tenancy": "default",
                            "main_route_table_id": "rtb-0697bda1eeacc98b1",
                            "tags.%": "1",
                            "tags.Name": "wp_vpc"
                        },
                        "meta": {
                            "schema_version": "1"
                        },
                        "tainted": false
                    },
                    "deposed": [],
                    "provider": "provider.aws"
                },
                "data.aws_availability_zones.available": {
                    "type": "aws_availability_zones",
                    "depends_on": [],
                    "primary": {
                        "id": "2018-10-12 15:29:33.870363266 +0000 UTC",
                        "attributes": {
                            "id": "2018-10-12 15:29:33.870363266 +0000 UTC",
                            "names.#": "3",
                            "names.0": "eu-west-1a",
                            "names.1": "eu-west-1b",
                            "names.2": "eu-west-1c"
                        },
                        "meta": {},
                        "tainted": false
                    },
                    "deposed": [],
                    "provider": "provider.aws"
                }
            },
            "depends_on": []
        }
    ]
}
