{
    "version": 3,
    "terraform_version": "0.11.8",
    "serial": 18,
    "lineage": "0f00c084-821b-32eb-488f-b5b3ac89f350",
    "modules": [
        {
            "path": [
                "root"
            ],
            "outputs": {},
            "resources": {
                "aws_db_subnet_group.wp_rds_subnetgroup": {
                    "type": "aws_db_subnet_group",
                    "depends_on": [
                        "aws_subnet.wp_oracle1_subnet",
                        "aws_subnet.wp_oracle2_subnet"
                    ],
                    "primary": {
                        "id": "wp_rds_subnetgroup",
                        "attributes": {
                            "arn": "arn:aws:rds:eu-central-1:479446322538:subgrp:wp_rds_subnetgroup",
                            "description": "Managed by Terraform",
                            "id": "wp_rds_subnetgroup",
                            "name": "wp_rds_subnetgroup",
                            "subnet_ids.#": "2",
                            "subnet_ids.2329737447": "subnet-0382d0e0e71af2039",
                            "subnet_ids.3541392850": "subnet-08edf2c752b0565cc",
                            "tags.%": "1",
                            "tags.Name": "wp_oracle_sng"
                        },
                        "meta": {},
                        "tainted": false
                    },
                    "deposed": [],
                    "provider": "provider.aws"
                },
                "aws_default_route_table.wp_private_rt": {
                    "type": "aws_default_route_table",
                    "depends_on": [
                        "aws_nat_gateway.nat",
                        "aws_vpc.wp_vpc"
                    ],
                    "primary": {
                        "id": "rtb-0802ff6d19c634b88",
                        "attributes": {
                            "default_route_table_id": "rtb-0802ff6d19c634b88",
                            "id": "rtb-0802ff6d19c634b88",
                            "propagating_vgws.#": "0",
                            "route.#": "1",
                            "route.984229559.cidr_block": "0.0.0.0/0",
                            "route.984229559.egress_only_gateway_id": "",
                            "route.984229559.gateway_id": "",
                            "route.984229559.instance_id": "",
                            "route.984229559.ipv6_cidr_block": "",
                            "route.984229559.nat_gateway_id": "nat-0b6c1be160f484361",
                            "route.984229559.network_interface_id": "",
                            "route.984229559.vpc_peering_connection_id": "",
                            "tags.%": "1",
                            "tags.Name": "wp_private",
                            "vpc_id": "vpc-0c3dc7fc0f39ef52b"
                        },
                        "meta": {},
                        "tainted": false
                    },
                    "deposed": [],
                    "provider": "provider.aws"
                },
                "aws_eip.tuto_eip": {
                    "type": "aws_eip",
                    "depends_on": [],
                    "primary": {
                        "id": "eipalloc-09533657bbe08a1eb",
                        "attributes": {
                            "association_id": "eipassoc-634093b9",
                            "domain": "vpc",
                            "id": "eipalloc-09533657bbe08a1eb",
                            "instance": "",
                            "network_interface": "eni-0384bd226a9fad45c",
                            "private_ip": "10.0.2.132",
                            "public_ip": "18.185.169.226",
                            "tags.%": "0",
                            "vpc": "true"
                        },
                        "meta": {
                            "e2bfb730-ecaa-11e6-8f88-34363bc7c4c0": {
                                "delete": 180000000000,
                                "read": 900000000000,
                                "update": 300000000000
                            }
                        },
                        "tainted": false
                    },
                    "deposed": [],
                    "provider": "provider.aws"
                },
                "aws_iam_instance_profile.s3_access_profile": {
                    "type": "aws_iam_instance_profile",
                    "depends_on": [
                        "aws_iam_role.s3_access_role"
                    ],
                    "primary": {
                        "id": "s3_access",
                        "attributes": {
                            "arn": "arn:aws:iam::479446322538:instance-profile/s3_access",
                            "create_date": "2018-10-08T14:19:07Z",
                            "id": "s3_access",
                            "name": "s3_access",
                            "path": "/",
                            "role": "s3_access_role",
                            "roles.#": "1",
                            "roles.2044655173": "s3_access_role",
                            "unique_id": "AIPAIXDMKXJZE3YRJXVF4"
                        },
                        "meta": {},
                        "tainted": false
                    },
                    "deposed": [],
                    "provider": "provider.aws"
                },
                "aws_iam_role.s3_access_role": {
                    "type": "aws_iam_role",
                    "depends_on": [],
                    "primary": {
                        "id": "s3_access_role",
                        "attributes": {
                            "arn": "arn:aws:iam::479446322538:role/s3_access_role",
                            "assume_role_policy": "{\"Version\":\"2012-10-17\",\"Statement\":[{\"Sid\":\"\",\"Effect\":\"Allow\",\"Principal\":{\"Service\":\"ec2.amazonaws.com\"},\"Action\":\"sts:AssumeRole\"}]}",
                            "create_date": "2018-10-08T14:19:07Z",
                            "description": "",
                            "force_detach_policies": "false",
                            "id": "s3_access_role",
                            "max_session_duration": "3600",
                            "name": "s3_access_role",
                            "path": "/",
                            "unique_id": "AROAJCPNYN2NXSKBO6QA4"
                        },
                        "meta": {},
                        "tainted": false
                    },
                    "deposed": [],
                    "provider": "provider.aws"
                },
                "aws_iam_role_policy.s3_access_policy": {
                    "type": "aws_iam_role_policy",
                    "depends_on": [
                        "aws_iam_role.s3_access_role"
                    ],
                    "primary": {
                        "id": "s3_access_role:s3_access_policy",
                        "attributes": {
                            "id": "s3_access_role:s3_access_policy",
                            "name": "s3_access_policy",
                            "policy": "{\n  \"Version\": \"2012-10-17\",\n  \"Statement\": [\n    {\n      \"Effect\": \"Allow\",\n      \"Action\": \"s3:*\",\n      \"Resource\": \"*\"\n    }\n  ]\n}\n",
                            "role": "s3_access_role"
                        },
                        "meta": {},
                        "tainted": false
                    },
                    "deposed": [],
                    "provider": "provider.aws"
                },
                "aws_internet_gateway.wp_internet_gateway": {
                    "type": "aws_internet_gateway",
                    "depends_on": [
                        "aws_vpc.wp_vpc"
                    ],
                    "primary": {
                        "id": "igw-08ff91f5cdd7bdc4e",
                        "attributes": {
                            "id": "igw-08ff91f5cdd7bdc4e",
                            "tags.%": "1",
                            "tags.Name": "wp_igw",
                            "vpc_id": "vpc-0c3dc7fc0f39ef52b"
                        },
                        "meta": {},
                        "tainted": false
                    },
                    "deposed": [],
                    "provider": "provider.aws"
                },
                "aws_nat_gateway.nat": {
                    "type": "aws_nat_gateway",
                    "depends_on": [
                        "aws_eip.tuto_eip",
                        "aws_subnet.wp_public2_subnet"
                    ],
                    "primary": {
                        "id": "nat-0b6c1be160f484361",
                        "attributes": {
                            "allocation_id": "eipalloc-09533657bbe08a1eb",
                            "id": "nat-0b6c1be160f484361",
                            "network_interface_id": "eni-0384bd226a9fad45c",
                            "private_ip": "10.0.2.132",
                            "public_ip": "18.185.169.226",
                            "subnet_id": "subnet-049e958b8b0dc2991",
                            "tags.%": "0"
                        },
                        "meta": {},
                        "tainted": false
                    },
                    "deposed": [],
                    "provider": "provider.aws"
                },
                "aws_route_table.wp_public_rt": {
                    "type": "aws_route_table",
                    "depends_on": [
                        "aws_internet_gateway.wp_internet_gateway",
                        "aws_vpc.wp_vpc"
                    ],
                    "primary": {
                        "id": "rtb-0b60c5273b6bfd8ef",
                        "attributes": {
                            "id": "rtb-0b60c5273b6bfd8ef",
                            "propagating_vgws.#": "0",
                            "route.#": "1",
                            "route.1297494804.cidr_block": "0.0.0.0/0",
                            "route.1297494804.egress_only_gateway_id": "",
                            "route.1297494804.gateway_id": "igw-08ff91f5cdd7bdc4e",
                            "route.1297494804.instance_id": "",
                            "route.1297494804.ipv6_cidr_block": "",
                            "route.1297494804.nat_gateway_id": "",
                            "route.1297494804.network_interface_id": "",
                            "route.1297494804.vpc_peering_connection_id": "",
                            "tags.%": "1",
                            "tags.Name": "wp_public",
                            "vpc_id": "vpc-0c3dc7fc0f39ef52b"
                        },
                        "meta": {},
                        "tainted": false
                    },
                    "deposed": [],
                    "provider": "provider.aws"
                },
                "aws_route_table_association.wp_private1_assoc": {
                    "type": "aws_route_table_association",
                    "depends_on": [
                        "aws_default_route_table.wp_private_rt",
                        "aws_subnet.wp_private1_subnet"
                    ],
                    "primary": {
                        "id": "rtbassoc-0e6b483a83b29cc15",
                        "attributes": {
                            "id": "rtbassoc-0e6b483a83b29cc15",
                            "route_table_id": "rtb-0802ff6d19c634b88",
                            "subnet_id": "subnet-0e739c12db4fb4793"
                        },
                        "meta": {},
                        "tainted": false
                    },
                    "deposed": [],
                    "provider": "provider.aws"
                },
                "aws_route_table_association.wp_public1_assoc": {
                    "type": "aws_route_table_association",
                    "depends_on": [
                        "aws_route_table.wp_public_rt",
                        "aws_subnet.wp_public1_subnet"
                    ],
                    "primary": {
                        "id": "rtbassoc-0e5b4f741dde3a28e",
                        "attributes": {
                            "id": "rtbassoc-0e5b4f741dde3a28e",
                            "route_table_id": "rtb-0b60c5273b6bfd8ef",
                            "subnet_id": "subnet-038697420a396f16b"
                        },
                        "meta": {},
                        "tainted": false
                    },
                    "deposed": [],
                    "provider": "provider.aws"
                },
                "aws_route_table_association.wp_public2_assoc": {
                    "type": "aws_route_table_association",
                    "depends_on": [
                        "aws_route_table.wp_public_rt",
                        "aws_subnet.wp_public2_subnet"
                    ],
                    "primary": {
                        "id": "rtbassoc-063f31b17d94bf8f8",
                        "attributes": {
                            "id": "rtbassoc-063f31b17d94bf8f8",
                            "route_table_id": "rtb-0b60c5273b6bfd8ef",
                            "subnet_id": "subnet-049e958b8b0dc2991"
                        },
                        "meta": {},
                        "tainted": false
                    },
                    "deposed": [],
                    "provider": "provider.aws"
                },
                "aws_security_group.wp_bastion_sg": {
                    "type": "aws_security_group",
                    "depends_on": [
                        "aws_vpc.wp_vpc"
                    ],
                    "primary": {
                        "id": "sg-03f01a1608f1f8aa8",
                        "attributes": {
                            "arn": "arn:aws:ec2:eu-central-1:479446322538:security-group/sg-03f01a1608f1f8aa8",
                            "description": "Used forBastion",
                            "egress.#": "1",
                            "egress.2042839552.cidr_blocks.#": "2",
                            "egress.2042839552.cidr_blocks.0": "213.30.18.1/32",
                            "egress.2042839552.cidr_blocks.1": "10.20.32.0/19",
                            "egress.2042839552.description": "",
                            "egress.2042839552.from_port": "22",
                            "egress.2042839552.ipv6_cidr_blocks.#": "0",
                            "egress.2042839552.prefix_list_ids.#": "0",
                            "egress.2042839552.protocol": "tcp",
                            "egress.2042839552.security_groups.#": "0",
                            "egress.2042839552.self": "false",
                            "egress.2042839552.to_port": "22",
                            "id": "sg-03f01a1608f1f8aa8",
                            "ingress.#": "1",
                            "ingress.2042839552.cidr_blocks.#": "2",
                            "ingress.2042839552.cidr_blocks.0": "213.30.18.1/32",
                            "ingress.2042839552.cidr_blocks.1": "10.20.32.0/19",
                            "ingress.2042839552.description": "",
                            "ingress.2042839552.from_port": "22",
                            "ingress.2042839552.ipv6_cidr_blocks.#": "0",
                            "ingress.2042839552.prefix_list_ids.#": "0",
                            "ingress.2042839552.protocol": "tcp",
                            "ingress.2042839552.security_groups.#": "0",
                            "ingress.2042839552.self": "false",
                            "ingress.2042839552.to_port": "22",
                            "name": "wp_bastion_sg",
                            "owner_id": "479446322538",
                            "revoke_rules_on_delete": "false",
                            "tags.%": "0",
                            "vpc_id": "vpc-0c3dc7fc0f39ef52b"
                        },
                        "meta": {
                            "e2bfb730-ecaa-11e6-8f88-34363bc7c4c0": {
                                "create": 600000000000,
                                "delete": 600000000000
                            },
                            "schema_version": "1"
                        },
                        "tainted": false
                    },
                    "deposed": [],
                    "provider": "provider.aws"
                },
                "aws_security_group.wp_db_sg": {
                    "type": "aws_security_group",
                    "depends_on": [
                        "aws_security_group.wp_bastion_sg",
                        "aws_security_group.wp_mid_sg",
                        "aws_security_group.wp_tool_sg",
                        "aws_vpc.wp_vpc"
                    ],
                    "primary": {
                        "id": "sg-0f993e6570775799c",
                        "attributes": {
                            "arn": "arn:aws:ec2:eu-central-1:479446322538:security-group/sg-0f993e6570775799c",
                            "description": "Used for DB instances",
                            "egress.#": "0",
                            "id": "sg-0f993e6570775799c",
                            "ingress.#": "2",
                            "ingress.2889777279.cidr_blocks.#": "0",
                            "ingress.2889777279.description": "",
                            "ingress.2889777279.from_port": "22",
                            "ingress.2889777279.ipv6_cidr_blocks.#": "0",
                            "ingress.2889777279.prefix_list_ids.#": "0",
                            "ingress.2889777279.protocol": "tcp",
                            "ingress.2889777279.security_groups.#": "2",
                            "ingress.2889777279.security_groups.1317347983": "sg-03f01a1608f1f8aa8",
                            "ingress.2889777279.security_groups.3019428377": "sg-061b12546db922e9e",
                            "ingress.2889777279.self": "false",
                            "ingress.2889777279.to_port": "22",
                            "ingress.3519387518.cidr_blocks.#": "0",
                            "ingress.3519387518.description": "",
                            "ingress.3519387518.from_port": "1521",
                            "ingress.3519387518.ipv6_cidr_blocks.#": "0",
                            "ingress.3519387518.prefix_list_ids.#": "0",
                            "ingress.3519387518.protocol": "tcp",
                            "ingress.3519387518.security_groups.#": "1",
                            "ingress.3519387518.security_groups.435979302": "sg-02b71cab0b65d6441",
                            "ingress.3519387518.self": "false",
                            "ingress.3519387518.to_port": "1521",
                            "name": "wp_db_sg",
                            "owner_id": "479446322538",
                            "revoke_rules_on_delete": "false",
                            "tags.%": "0",
                            "vpc_id": "vpc-0c3dc7fc0f39ef52b"
                        },
                        "meta": {
                            "e2bfb730-ecaa-11e6-8f88-34363bc7c4c0": {
                                "create": 600000000000,
                                "delete": 600000000000
                            },
                            "schema_version": "1"
                        },
                        "tainted": false
                    },
                    "deposed": [],
                    "provider": "provider.aws"
                },
                "aws_security_group.wp_elb1_sg": {
                    "type": "aws_security_group",
                    "depends_on": [
                        "aws_vpc.wp_vpc"
                    ],
                    "primary": {
                        "id": "sg-0dc4ad7954985d64d",
                        "attributes": {
                            "arn": "arn:aws:ec2:eu-central-1:479446322538:security-group/sg-0dc4ad7954985d64d",
                            "description": "Used for public ELB1",
                            "egress.#": "1",
                            "egress.482069346.cidr_blocks.#": "1",
                            "egress.482069346.cidr_blocks.0": "0.0.0.0/0",
                            "egress.482069346.description": "",
                            "egress.482069346.from_port": "0",
                            "egress.482069346.ipv6_cidr_blocks.#": "0",
                            "egress.482069346.prefix_list_ids.#": "0",
                            "egress.482069346.protocol": "-1",
                            "egress.482069346.security_groups.#": "0",
                            "egress.482069346.self": "false",
                            "egress.482069346.to_port": "0",
                            "id": "sg-0dc4ad7954985d64d",
                            "ingress.#": "2",
                            "ingress.241649732.cidr_blocks.#": "1",
                            "ingress.241649732.cidr_blocks.0": "0.0.0.0/0",
                            "ingress.241649732.description": "",
                            "ingress.241649732.from_port": "8022",
                            "ingress.241649732.ipv6_cidr_blocks.#": "0",
                            "ingress.241649732.prefix_list_ids.#": "0",
                            "ingress.241649732.protocol": "tcp",
                            "ingress.241649732.security_groups.#": "0",
                            "ingress.241649732.self": "false",
                            "ingress.241649732.to_port": "8022",
                            "ingress.3234811651.cidr_blocks.#": "1",
                            "ingress.3234811651.cidr_blocks.0": "0.0.0.0/0",
                            "ingress.3234811651.description": "",
                            "ingress.3234811651.from_port": "8024",
                            "ingress.3234811651.ipv6_cidr_blocks.#": "0",
                            "ingress.3234811651.prefix_list_ids.#": "0",
                            "ingress.3234811651.protocol": "tcp",
                            "ingress.3234811651.security_groups.#": "0",
                            "ingress.3234811651.self": "false",
                            "ingress.3234811651.to_port": "8024",
                            "name": "wp_elb1_sg",
                            "owner_id": "479446322538",
                            "revoke_rules_on_delete": "false",
                            "tags.%": "0",
                            "vpc_id": "vpc-0c3dc7fc0f39ef52b"
                        },
                        "meta": {
                            "e2bfb730-ecaa-11e6-8f88-34363bc7c4c0": {
                                "create": 600000000000,
                                "delete": 600000000000
                            },
                            "schema_version": "1"
                        },
                        "tainted": false
                    },
                    "deposed": [],
                    "provider": "provider.aws"
                },
                "aws_security_group.wp_elb2_sg": {
                    "type": "aws_security_group",
                    "depends_on": [
                        "aws_vpc.wp_vpc"
                    ],
                    "primary": {
                        "id": "sg-0de2c87aec47ae648",
                        "attributes": {
                            "arn": "arn:aws:ec2:eu-central-1:479446322538:security-group/sg-0de2c87aec47ae648",
                            "description": "Used for private ELB2",
                            "egress.#": "1",
                            "egress.1960698028.cidr_blocks.#": "1",
                            "egress.1960698028.cidr_blocks.0": "10.0.0.0/16",
                            "egress.1960698028.description": "",
                            "egress.1960698028.from_port": "0",
                            "egress.1960698028.ipv6_cidr_blocks.#": "0",
                            "egress.1960698028.prefix_list_ids.#": "0",
                            "egress.1960698028.protocol": "-1",
                            "egress.1960698028.security_groups.#": "0",
                            "egress.1960698028.self": "false",
                            "egress.1960698028.to_port": "0",
                            "id": "sg-0de2c87aec47ae648",
                            "ingress.#": "6",
                            "ingress.1349622785.cidr_blocks.#": "2",
                            "ingress.1349622785.cidr_blocks.0": "10.0.3.0/24",
                            "ingress.1349622785.cidr_blocks.1": "10.0.4.0/24",
                            "ingress.1349622785.description": "",
                            "ingress.1349622785.from_port": "7022",
                            "ingress.1349622785.ipv6_cidr_blocks.#": "0",
                            "ingress.1349622785.prefix_list_ids.#": "0",
                            "ingress.1349622785.protocol": "tcp",
                            "ingress.1349622785.security_groups.#": "0",
                            "ingress.1349622785.self": "false",
                            "ingress.1349622785.to_port": "7022",
                            "ingress.1525405663.cidr_blocks.#": "2",
                            "ingress.1525405663.cidr_blocks.0": "10.0.3.0/24",
                            "ingress.1525405663.cidr_blocks.1": "10.0.4.0/24",
                            "ingress.1525405663.description": "",
                            "ingress.1525405663.from_port": "8023",
                            "ingress.1525405663.ipv6_cidr_blocks.#": "0",
                            "ingress.1525405663.prefix_list_ids.#": "0",
                            "ingress.1525405663.protocol": "tcp",
                            "ingress.1525405663.security_groups.#": "0",
                            "ingress.1525405663.self": "false",
                            "ingress.1525405663.to_port": "8023",
                            "ingress.2220032760.cidr_blocks.#": "2",
                            "ingress.2220032760.cidr_blocks.0": "10.0.3.0/24",
                            "ingress.2220032760.cidr_blocks.1": "10.0.4.0/24",
                            "ingress.2220032760.description": "",
                            "ingress.2220032760.from_port": "7024",
                            "ingress.2220032760.ipv6_cidr_blocks.#": "0",
                            "ingress.2220032760.prefix_list_ids.#": "0",
                            "ingress.2220032760.protocol": "tcp",
                            "ingress.2220032760.security_groups.#": "0",
                            "ingress.2220032760.self": "false",
                            "ingress.2220032760.to_port": "7024",
                            "ingress.4088270098.cidr_blocks.#": "2",
                            "ingress.4088270098.cidr_blocks.0": "10.0.3.0/24",
                            "ingress.4088270098.cidr_blocks.1": "10.0.4.0/24",
                            "ingress.4088270098.description": "",
                            "ingress.4088270098.from_port": "8024",
                            "ingress.4088270098.ipv6_cidr_blocks.#": "0",
                            "ingress.4088270098.prefix_list_ids.#": "0",
                            "ingress.4088270098.protocol": "tcp",
                            "ingress.4088270098.security_groups.#": "0",
                            "ingress.4088270098.self": "false",
                            "ingress.4088270098.to_port": "8024",
                            "ingress.663524331.cidr_blocks.#": "2",
                            "ingress.663524331.cidr_blocks.0": "10.0.3.0/24",
                            "ingress.663524331.cidr_blocks.1": "10.0.4.0/24",
                            "ingress.663524331.description": "",
                            "ingress.663524331.from_port": "8022",
                            "ingress.663524331.ipv6_cidr_blocks.#": "0",
                            "ingress.663524331.prefix_list_ids.#": "0",
                            "ingress.663524331.protocol": "tcp",
                            "ingress.663524331.security_groups.#": "0",
                            "ingress.663524331.self": "false",
                            "ingress.663524331.to_port": "8022",
                            "ingress.756471861.cidr_blocks.#": "2",
                            "ingress.756471861.cidr_blocks.0": "10.0.3.0/24",
                            "ingress.756471861.cidr_blocks.1": "10.0.4.0/24",
                            "ingress.756471861.description": "",
                            "ingress.756471861.from_port": "7023",
                            "ingress.756471861.ipv6_cidr_blocks.#": "0",
                            "ingress.756471861.prefix_list_ids.#": "0",
                            "ingress.756471861.protocol": "tcp",
                            "ingress.756471861.security_groups.#": "0",
                            "ingress.756471861.self": "false",
                            "ingress.756471861.to_port": "7023",
                            "name": "wp_elb2_sg",
                            "owner_id": "479446322538",
                            "revoke_rules_on_delete": "false",
                            "tags.%": "0",
                            "vpc_id": "vpc-0c3dc7fc0f39ef52b"
                        },
                        "meta": {
                            "e2bfb730-ecaa-11e6-8f88-34363bc7c4c0": {
                                "create": 600000000000,
                                "delete": 600000000000
                            },
                            "schema_version": "1"
                        },
                        "tainted": false
                    },
                    "deposed": [],
                    "provider": "provider.aws"
                },
                "aws_security_group.wp_front_sg": {
                    "type": "aws_security_group",
                    "depends_on": [
                        "aws_security_group.wp_bastion_sg",
                        "aws_security_group.wp_elb1_sg",
                        "aws_security_group.wp_tool_sg",
                        "aws_vpc.wp_vpc"
                    ],
                    "primary": {
                        "id": "sg-00bb00fdad9aca1f9",
                        "attributes": {
                            "arn": "arn:aws:ec2:eu-central-1:479446322538:security-group/sg-00bb00fdad9aca1f9",
                            "description": "Used FRONT instances",
                            "egress.#": "1",
                            "egress.1960698028.cidr_blocks.#": "1",
                            "egress.1960698028.cidr_blocks.0": "10.0.0.0/16",
                            "egress.1960698028.description": "",
                            "egress.1960698028.from_port": "0",
                            "egress.1960698028.ipv6_cidr_blocks.#": "0",
                            "egress.1960698028.prefix_list_ids.#": "0",
                            "egress.1960698028.protocol": "-1",
                            "egress.1960698028.security_groups.#": "0",
                            "egress.1960698028.self": "false",
                            "egress.1960698028.to_port": "0",
                            "id": "sg-00bb00fdad9aca1f9",
                            "ingress.#": "3",
                            "ingress.2889777279.cidr_blocks.#": "0",
                            "ingress.2889777279.description": "",
                            "ingress.2889777279.from_port": "22",
                            "ingress.2889777279.ipv6_cidr_blocks.#": "0",
                            "ingress.2889777279.prefix_list_ids.#": "0",
                            "ingress.2889777279.protocol": "tcp",
                            "ingress.2889777279.security_groups.#": "2",
                            "ingress.2889777279.security_groups.1317347983": "sg-03f01a1608f1f8aa8",
                            "ingress.2889777279.security_groups.3019428377": "sg-061b12546db922e9e",
                            "ingress.2889777279.self": "false",
                            "ingress.2889777279.to_port": "22",
                            "ingress.3313419931.cidr_blocks.#": "0",
                            "ingress.3313419931.description": "",
                            "ingress.3313419931.from_port": "8024",
                            "ingress.3313419931.ipv6_cidr_blocks.#": "0",
                            "ingress.3313419931.prefix_list_ids.#": "0",
                            "ingress.3313419931.protocol": "tcp",
                            "ingress.3313419931.security_groups.#": "1",
                            "ingress.3313419931.security_groups.79291341": "sg-0dc4ad7954985d64d",
                            "ingress.3313419931.self": "false",
                            "ingress.3313419931.to_port": "8024",
                            "ingress.3900810367.cidr_blocks.#": "0",
                            "ingress.3900810367.description": "",
                            "ingress.3900810367.from_port": "8022",
                            "ingress.3900810367.ipv6_cidr_blocks.#": "0",
                            "ingress.3900810367.prefix_list_ids.#": "0",
                            "ingress.3900810367.protocol": "tcp",
                            "ingress.3900810367.security_groups.#": "1",
                            "ingress.3900810367.security_groups.79291341": "sg-0dc4ad7954985d64d",
                            "ingress.3900810367.self": "false",
                            "ingress.3900810367.to_port": "8022",
                            "name": "wp_front_sg",
                            "owner_id": "479446322538",
                            "revoke_rules_on_delete": "false",
                            "tags.%": "0",
                            "vpc_id": "vpc-0c3dc7fc0f39ef52b"
                        },
                        "meta": {
                            "e2bfb730-ecaa-11e6-8f88-34363bc7c4c0": {
                                "create": 600000000000,
                                "delete": 600000000000
                            },
                            "schema_version": "1"
                        },
                        "tainted": false
                    },
                    "deposed": [],
                    "provider": "provider.aws"
                },
                "aws_security_group.wp_mid_sg": {
                    "type": "aws_security_group",
                    "depends_on": [
                        "aws_security_group.wp_bastion_sg",
                        "aws_security_group.wp_elb2_sg",
                        "aws_security_group.wp_tool_sg",
                        "aws_vpc.wp_vpc"
                    ],
                    "primary": {
                        "id": "sg-02b71cab0b65d6441",
                        "attributes": {
                            "arn": "arn:aws:ec2:eu-central-1:479446322538:security-group/sg-02b71cab0b65d6441",
                            "description": "Used for ELB2 access",
                            "egress.#": "1",
                            "egress.482069346.cidr_blocks.#": "1",
                            "egress.482069346.cidr_blocks.0": "0.0.0.0/0",
                            "egress.482069346.description": "",
                            "egress.482069346.from_port": "0",
                            "egress.482069346.ipv6_cidr_blocks.#": "0",
                            "egress.482069346.prefix_list_ids.#": "0",
                            "egress.482069346.protocol": "-1",
                            "egress.482069346.security_groups.#": "0",
                            "egress.482069346.self": "false",
                            "egress.482069346.to_port": "0",
                            "id": "sg-02b71cab0b65d6441",
                            "ingress.#": "7",
                            "ingress.1473434089.cidr_blocks.#": "0",
                            "ingress.1473434089.description": "",
                            "ingress.1473434089.from_port": "8022",
                            "ingress.1473434089.ipv6_cidr_blocks.#": "0",
                            "ingress.1473434089.prefix_list_ids.#": "0",
                            "ingress.1473434089.protocol": "tcp",
                            "ingress.1473434089.security_groups.#": "1",
                            "ingress.1473434089.security_groups.2276287486": "sg-0de2c87aec47ae648",
                            "ingress.1473434089.self": "false",
                            "ingress.1473434089.to_port": "8022",
                            "ingress.2049815309.cidr_blocks.#": "0",
                            "ingress.2049815309.description": "",
                            "ingress.2049815309.from_port": "8024",
                            "ingress.2049815309.ipv6_cidr_blocks.#": "0",
                            "ingress.2049815309.prefix_list_ids.#": "0",
                            "ingress.2049815309.protocol": "tcp",
                            "ingress.2049815309.security_groups.#": "1",
                            "ingress.2049815309.security_groups.2276287486": "sg-0de2c87aec47ae648",
                            "ingress.2049815309.self": "false",
                            "ingress.2049815309.to_port": "8024",
                            "ingress.2393916642.cidr_blocks.#": "0",
                            "ingress.2393916642.description": "",
                            "ingress.2393916642.from_port": "7024",
                            "ingress.2393916642.ipv6_cidr_blocks.#": "0",
                            "ingress.2393916642.prefix_list_ids.#": "0",
                            "ingress.2393916642.protocol": "tcp",
                            "ingress.2393916642.security_groups.#": "1",
                            "ingress.2393916642.security_groups.2276287486": "sg-0de2c87aec47ae648",
                            "ingress.2393916642.self": "false",
                            "ingress.2393916642.to_port": "7024",
                            "ingress.2739873286.cidr_blocks.#": "0",
                            "ingress.2739873286.description": "",
                            "ingress.2739873286.from_port": "7022",
                            "ingress.2739873286.ipv6_cidr_blocks.#": "0",
                            "ingress.2739873286.prefix_list_ids.#": "0",
                            "ingress.2739873286.protocol": "tcp",
                            "ingress.2739873286.security_groups.#": "1",
                            "ingress.2739873286.security_groups.2276287486": "sg-0de2c87aec47ae648",
                            "ingress.2739873286.self": "false",
                            "ingress.2739873286.to_port": "7022",
                            "ingress.2889777279.cidr_blocks.#": "0",
                            "ingress.2889777279.description": "",
                            "ingress.2889777279.from_port": "22",
                            "ingress.2889777279.ipv6_cidr_blocks.#": "0",
                            "ingress.2889777279.prefix_list_ids.#": "0",
                            "ingress.2889777279.protocol": "tcp",
                            "ingress.2889777279.security_groups.#": "2",
                            "ingress.2889777279.security_groups.1317347983": "sg-03f01a1608f1f8aa8",
                            "ingress.2889777279.security_groups.3019428377": "sg-061b12546db922e9e",
                            "ingress.2889777279.self": "false",
                            "ingress.2889777279.to_port": "22",
                            "ingress.3970481400.cidr_blocks.#": "0",
                            "ingress.3970481400.description": "",
                            "ingress.3970481400.from_port": "8023",
                            "ingress.3970481400.ipv6_cidr_blocks.#": "0",
                            "ingress.3970481400.prefix_list_ids.#": "0",
                            "ingress.3970481400.protocol": "tcp",
                            "ingress.3970481400.security_groups.#": "1",
                            "ingress.3970481400.security_groups.2276287486": "sg-0de2c87aec47ae648",
                            "ingress.3970481400.self": "false",
                            "ingress.3970481400.to_port": "8023",
                            "ingress.406145815.cidr_blocks.#": "0",
                            "ingress.406145815.description": "",
                            "ingress.406145815.from_port": "7023",
                            "ingress.406145815.ipv6_cidr_blocks.#": "0",
                            "ingress.406145815.prefix_list_ids.#": "0",
                            "ingress.406145815.protocol": "tcp",
                            "ingress.406145815.security_groups.#": "1",
                            "ingress.406145815.security_groups.2276287486": "sg-0de2c87aec47ae648",
                            "ingress.406145815.self": "false",
                            "ingress.406145815.to_port": "7023",
                            "name": "wp_mid_sg",
                            "owner_id": "479446322538",
                            "revoke_rules_on_delete": "false",
                            "tags.%": "0",
                            "vpc_id": "vpc-0c3dc7fc0f39ef52b"
                        },
                        "meta": {
                            "e2bfb730-ecaa-11e6-8f88-34363bc7c4c0": {
                                "create": 600000000000,
                                "delete": 600000000000
                            },
                            "schema_version": "1"
                        },
                        "tainted": false
                    },
                    "deposed": [],
                    "provider": "provider.aws"
                },
                "aws_security_group.wp_tool_sg": {
                    "type": "aws_security_group",
                    "depends_on": [
                        "aws_vpc.wp_vpc"
                    ],
                    "primary": {
                        "id": "sg-061b12546db922e9e",
                        "attributes": {
                            "arn": "arn:aws:ec2:eu-central-1:479446322538:security-group/sg-061b12546db922e9e",
                            "description": "Used for manage instances",
                            "egress.#": "1",
                            "egress.1960698028.cidr_blocks.#": "1",
                            "egress.1960698028.cidr_blocks.0": "10.0.0.0/16",
                            "egress.1960698028.description": "",
                            "egress.1960698028.from_port": "0",
                            "egress.1960698028.ipv6_cidr_blocks.#": "0",
                            "egress.1960698028.prefix_list_ids.#": "0",
                            "egress.1960698028.protocol": "-1",
                            "egress.1960698028.security_groups.#": "0",
                            "egress.1960698028.self": "false",
                            "egress.1960698028.to_port": "0",
                            "id": "sg-061b12546db922e9e",
                            "ingress.#": "1",
                            "ingress.1960698028.cidr_blocks.#": "1",
                            "ingress.1960698028.cidr_blocks.0": "10.0.0.0/16",
                            "ingress.1960698028.description": "",
                            "ingress.1960698028.from_port": "0",
                            "ingress.1960698028.ipv6_cidr_blocks.#": "0",
                            "ingress.1960698028.prefix_list_ids.#": "0",
                            "ingress.1960698028.protocol": "-1",
                            "ingress.1960698028.security_groups.#": "0",
                            "ingress.1960698028.self": "false",
                            "ingress.1960698028.to_port": "0",
                            "name": "wp_tool_sg",
                            "owner_id": "479446322538",
                            "revoke_rules_on_delete": "false",
                            "tags.%": "0",
                            "vpc_id": "vpc-0c3dc7fc0f39ef52b"
                        },
                        "meta": {
                            "e2bfb730-ecaa-11e6-8f88-34363bc7c4c0": {
                                "create": 600000000000,
                                "delete": 600000000000
                            },
                            "schema_version": "1"
                        },
                        "tainted": false
                    },
                    "deposed": [],
                    "provider": "provider.aws"
                },
                "aws_subnet.wp_oracle1_subnet": {
                    "type": "aws_subnet",
                    "depends_on": [
                        "aws_vpc.wp_vpc",
                        "data.aws_availability_zones.available"
                    ],
                    "primary": {
                        "id": "subnet-08edf2c752b0565cc",
                        "attributes": {
                            "arn": "arn:aws:ec2:eu-central-1:479446322538:subnet/subnet-08edf2c752b0565cc",
                            "assign_ipv6_address_on_creation": "false",
                            "availability_zone": "eu-central-1a",
                            "cidr_block": "10.0.9.0/24",
                            "id": "subnet-08edf2c752b0565cc",
                            "map_public_ip_on_launch": "false",
                            "tags.%": "1",
                            "tags.Name": "wp_oracle1",
                            "vpc_id": "vpc-0c3dc7fc0f39ef52b"
                        },
                        "meta": {
                            "e2bfb730-ecaa-11e6-8f88-34363bc7c4c0": {
                                "create": 600000000000,
                                "delete": 600000000000
                            },
                            "schema_version": "1"
                        },
                        "tainted": false
                    },
                    "deposed": [],
                    "provider": "provider.aws"
                },
                "aws_subnet.wp_oracle2_subnet": {
                    "type": "aws_subnet",
                    "depends_on": [
                        "aws_vpc.wp_vpc",
                        "data.aws_availability_zones.available"
                    ],
                    "primary": {
                        "id": "subnet-0382d0e0e71af2039",
                        "attributes": {
                            "arn": "arn:aws:ec2:eu-central-1:479446322538:subnet/subnet-0382d0e0e71af2039",
                            "assign_ipv6_address_on_creation": "false",
                            "availability_zone": "eu-central-1b",
                            "cidr_block": "10.0.10.0/24",
                            "id": "subnet-0382d0e0e71af2039",
                            "map_public_ip_on_launch": "false",
                            "tags.%": "1",
                            "tags.Name": "wp_oracle2",
                            "vpc_id": "vpc-0c3dc7fc0f39ef52b"
                        },
                        "meta": {
                            "e2bfb730-ecaa-11e6-8f88-34363bc7c4c0": {
                                "create": 600000000000,
                                "delete": 600000000000
                            },
                            "schema_version": "1"
                        },
                        "tainted": false
                    },
                    "deposed": [],
                    "provider": "provider.aws"
                },
                "aws_subnet.wp_private1_subnet": {
                    "type": "aws_subnet",
                    "depends_on": [
                        "aws_vpc.wp_vpc",
                        "data.aws_availability_zones.available"
                    ],
                    "primary": {
                        "id": "subnet-0e739c12db4fb4793",
                        "attributes": {
                            "arn": "arn:aws:ec2:eu-central-1:479446322538:subnet/subnet-0e739c12db4fb4793",
                            "assign_ipv6_address_on_creation": "false",
                            "availability_zone": "eu-central-1a",
                            "cidr_block": "10.0.3.0/24",
                            "id": "subnet-0e739c12db4fb4793",
                            "map_public_ip_on_launch": "false",
                            "tags.%": "1",
                            "tags.Name": "wp_private1",
                            "vpc_id": "vpc-0c3dc7fc0f39ef52b"
                        },
                        "meta": {
                            "e2bfb730-ecaa-11e6-8f88-34363bc7c4c0": {
                                "create": 600000000000,
                                "delete": 600000000000
                            },
                            "schema_version": "1"
                        },
                        "tainted": false
                    },
                    "deposed": [],
                    "provider": "provider.aws"
                },
                "aws_subnet.wp_private2_subnet": {
                    "type": "aws_subnet",
                    "depends_on": [
                        "aws_vpc.wp_vpc",
                        "data.aws_availability_zones.available"
                    ],
                    "primary": {
                        "id": "subnet-078377833264bc852",
                        "attributes": {
                            "arn": "arn:aws:ec2:eu-central-1:479446322538:subnet/subnet-078377833264bc852",
                            "assign_ipv6_address_on_creation": "false",
                            "availability_zone": "eu-central-1b",
                            "cidr_block": "10.0.4.0/24",
                            "id": "subnet-078377833264bc852",
                            "map_public_ip_on_launch": "false",
                            "tags.%": "1",
                            "tags.Name": "wp_private2",
                            "vpc_id": "vpc-0c3dc7fc0f39ef52b"
                        },
                        "meta": {
                            "e2bfb730-ecaa-11e6-8f88-34363bc7c4c0": {
                                "create": 600000000000,
                                "delete": 600000000000
                            },
                            "schema_version": "1"
                        },
                        "tainted": false
                    },
                    "deposed": [],
                    "provider": "provider.aws"
                },
                "aws_subnet.wp_private3_subnet": {
                    "type": "aws_subnet",
                    "depends_on": [
                        "aws_vpc.wp_vpc",
                        "data.aws_availability_zones.available"
                    ],
                    "primary": {
                        "id": "subnet-0564b3eff599c833b",
                        "attributes": {
                            "arn": "arn:aws:ec2:eu-central-1:479446322538:subnet/subnet-0564b3eff599c833b",
                            "assign_ipv6_address_on_creation": "false",
                            "availability_zone": "eu-central-1a",
                            "cidr_block": "10.0.5.0/24",
                            "id": "subnet-0564b3eff599c833b",
                            "map_public_ip_on_launch": "false",
                            "tags.%": "1",
                            "tags.Name": "wp_private3",
                            "vpc_id": "vpc-0c3dc7fc0f39ef52b"
                        },
                        "meta": {
                            "e2bfb730-ecaa-11e6-8f88-34363bc7c4c0": {
                                "create": 600000000000,
                                "delete": 600000000000
                            },
                            "schema_version": "1"
                        },
                        "tainted": false
                    },
                    "deposed": [],
                    "provider": "provider.aws"
                },
                "aws_subnet.wp_private4_subnet": {
                    "type": "aws_subnet",
                    "depends_on": [
                        "aws_vpc.wp_vpc",
                        "data.aws_availability_zones.available"
                    ],
                    "primary": {
                        "id": "subnet-0efd66c24ada9d540",
                        "attributes": {
                            "arn": "arn:aws:ec2:eu-central-1:479446322538:subnet/subnet-0efd66c24ada9d540",
                            "assign_ipv6_address_on_creation": "false",
                            "availability_zone": "eu-central-1b",
                            "cidr_block": "10.0.6.0/24",
                            "id": "subnet-0efd66c24ada9d540",
                            "map_public_ip_on_launch": "false",
                            "tags.%": "1",
                            "tags.Name": "wp_private4",
                            "vpc_id": "vpc-0c3dc7fc0f39ef52b"
                        },
                        "meta": {
                            "e2bfb730-ecaa-11e6-8f88-34363bc7c4c0": {
                                "create": 600000000000,
                                "delete": 600000000000
                            },
                            "schema_version": "1"
                        },
                        "tainted": false
                    },
                    "deposed": [],
                    "provider": "provider.aws"
                },
                "aws_subnet.wp_private5_subnet": {
                    "type": "aws_subnet",
                    "depends_on": [
                        "aws_vpc.wp_vpc",
                        "data.aws_availability_zones.available"
                    ],
                    "primary": {
                        "id": "subnet-0223a0cd9c03591c9",
                        "attributes": {
                            "arn": "arn:aws:ec2:eu-central-1:479446322538:subnet/subnet-0223a0cd9c03591c9",
                            "assign_ipv6_address_on_creation": "false",
                            "availability_zone": "eu-central-1a",
                            "cidr_block": "10.0.7.0/24",
                            "id": "subnet-0223a0cd9c03591c9",
                            "map_public_ip_on_launch": "false",
                            "tags.%": "1",
                            "tags.Name": "wp_private5",
                            "vpc_id": "vpc-0c3dc7fc0f39ef52b"
                        },
                        "meta": {
                            "e2bfb730-ecaa-11e6-8f88-34363bc7c4c0": {
                                "create": 600000000000,
                                "delete": 600000000000
                            },
                            "schema_version": "1"
                        },
                        "tainted": false
                    },
                    "deposed": [],
                    "provider": "provider.aws"
                },
                "aws_subnet.wp_private6_subnet": {
                    "type": "aws_subnet",
                    "depends_on": [
                        "aws_vpc.wp_vpc",
                        "data.aws_availability_zones.available"
                    ],
                    "primary": {
                        "id": "subnet-08e67b0fc94013c3e",
                        "attributes": {
                            "arn": "arn:aws:ec2:eu-central-1:479446322538:subnet/subnet-08e67b0fc94013c3e",
                            "assign_ipv6_address_on_creation": "false",
                            "availability_zone": "eu-central-1b",
                            "cidr_block": "10.0.8.0/24",
                            "id": "subnet-08e67b0fc94013c3e",
                            "map_public_ip_on_launch": "false",
                            "tags.%": "1",
                            "tags.Name": "wp_private6",
                            "vpc_id": "vpc-0c3dc7fc0f39ef52b"
                        },
                        "meta": {
                            "e2bfb730-ecaa-11e6-8f88-34363bc7c4c0": {
                                "create": 600000000000,
                                "delete": 600000000000
                            },
                            "schema_version": "1"
                        },
                        "tainted": false
                    },
                    "deposed": [],
                    "provider": "provider.aws"
                },
                "aws_subnet.wp_public1_subnet": {
                    "type": "aws_subnet",
                    "depends_on": [
                        "aws_vpc.wp_vpc",
                        "data.aws_availability_zones.available"
                    ],
                    "primary": {
                        "id": "subnet-038697420a396f16b",
                        "attributes": {
                            "arn": "arn:aws:ec2:eu-central-1:479446322538:subnet/subnet-038697420a396f16b",
                            "assign_ipv6_address_on_creation": "false",
                            "availability_zone": "eu-central-1a",
                            "cidr_block": "10.0.1.0/24",
                            "id": "subnet-038697420a396f16b",
                            "map_public_ip_on_launch": "true",
                            "tags.%": "1",
                            "tags.Name": "wp_public1",
                            "vpc_id": "vpc-0c3dc7fc0f39ef52b"
                        },
                        "meta": {
                            "e2bfb730-ecaa-11e6-8f88-34363bc7c4c0": {
                                "create": 600000000000,
                                "delete": 600000000000
                            },
                            "schema_version": "1"
                        },
                        "tainted": false
                    },
                    "deposed": [],
                    "provider": "provider.aws"
                },
                "aws_subnet.wp_public2_subnet": {
                    "type": "aws_subnet",
                    "depends_on": [
                        "aws_vpc.wp_vpc",
                        "data.aws_availability_zones.available"
                    ],
                    "primary": {
                        "id": "subnet-049e958b8b0dc2991",
                        "attributes": {
                            "arn": "arn:aws:ec2:eu-central-1:479446322538:subnet/subnet-049e958b8b0dc2991",
                            "assign_ipv6_address_on_creation": "false",
                            "availability_zone": "eu-central-1b",
                            "cidr_block": "10.0.2.0/24",
                            "id": "subnet-049e958b8b0dc2991",
                            "map_public_ip_on_launch": "true",
                            "tags.%": "1",
                            "tags.Name": "wp_public2",
                            "vpc_id": "vpc-0c3dc7fc0f39ef52b"
                        },
                        "meta": {
                            "e2bfb730-ecaa-11e6-8f88-34363bc7c4c0": {
                                "create": 600000000000,
                                "delete": 600000000000
                            },
                            "schema_version": "1"
                        },
                        "tainted": false
                    },
                    "deposed": [],
                    "provider": "provider.aws"
                },
                "aws_vpc.wp_vpc": {
                    "type": "aws_vpc",
                    "depends_on": [],
                    "primary": {
                        "id": "vpc-0c3dc7fc0f39ef52b",
                        "attributes": {
                            "arn": "arn:aws:ec2:eu-central-1:479446322538:vpc/vpc-0c3dc7fc0f39ef52b",
                            "assign_generated_ipv6_cidr_block": "false",
                            "cidr_block": "10.0.0.0/16",
                            "default_network_acl_id": "acl-08dfea588bf35d457",
                            "default_route_table_id": "rtb-0802ff6d19c634b88",
                            "default_security_group_id": "sg-0e5fe6e5b8ce1ae12",
                            "dhcp_options_id": "dopt-b3e90eda",
                            "enable_dns_hostnames": "true",
                            "enable_dns_support": "true",
                            "id": "vpc-0c3dc7fc0f39ef52b",
                            "instance_tenancy": "default",
                            "main_route_table_id": "rtb-0802ff6d19c634b88",
                            "tags.%": "1",
                            "tags.Name": "wp_vpc"
                        },
                        "meta": {
                            "schema_version": "1"
                        },
                        "tainted": false
                    },
                    "deposed": [],
                    "provider": "provider.aws"
                },
                "data.aws_availability_zones.available": {
                    "type": "aws_availability_zones",
                    "depends_on": [],
                    "primary": {
                        "id": "2018-10-08 14:40:21.018503432 +0000 UTC",
                        "attributes": {
                            "id": "2018-10-08 14:40:21.018503432 +0000 UTC",
                            "names.#": "3",
                            "names.0": "eu-central-1a",
                            "names.1": "eu-central-1b",
                            "names.2": "eu-central-1c"
                        },
                        "meta": {},
                        "tainted": false
                    },
                    "deposed": [],
                    "provider": "provider.aws"
                }
            },
            "depends_on": []
        }
    ]
}
