{
    "version": 3,
    "terraform_version": "0.11.8",
    "serial": 6,
    "lineage": "1e2df996-b6f5-c962-261b-c22eddf59a6f",
    "modules": [
        {
            "path": [
                "root"
            ],
            "outputs": {},
            "resources": {
                "aws_db_subnet_group.wp_rds_subnetgroup": {
                    "type": "aws_db_subnet_group",
                    "depends_on": [
                        "aws_subnet.wp_oracle1_subnet",
                        "aws_subnet.wp_oracle2_subnet"
                    ],
                    "primary": {
                        "id": "wp_rds_subnetgroup",
                        "attributes": {
                            "arn": "arn:aws:rds:eu-central-1:479446322538:subgrp:wp_rds_subnetgroup",
                            "description": "Managed by Terraform",
                            "id": "wp_rds_subnetgroup",
                            "name": "wp_rds_subnetgroup",
                            "subnet_ids.#": "2",
                            "subnet_ids.1013688710": "subnet-06eeb14cab12bae0c",
                            "subnet_ids.85803296": "subnet-05cd71786174b3eb0",
                            "tags.%": "1",
                            "tags.Name": "wp_oracle_sng"
                        },
                        "meta": {},
                        "tainted": false
                    },
                    "deposed": [],
                    "provider": "provider.aws"
                },
                "aws_default_route_table.wp_private_rt": {
                    "type": "aws_default_route_table",
                    "depends_on": [
                        "aws_nat_gateway.nat",
                        "aws_vpc.wp_vpc"
                    ],
                    "primary": {
                        "id": "rtb-06346abd33f2165a9",
                        "attributes": {
                            "default_route_table_id": "rtb-06346abd33f2165a9",
                            "id": "rtb-06346abd33f2165a9",
                            "propagating_vgws.#": "0",
                            "route.#": "1",
                            "route.1801835782.cidr_block": "0.0.0.0/0",
                            "route.1801835782.egress_only_gateway_id": "",
                            "route.1801835782.gateway_id": "",
                            "route.1801835782.instance_id": "",
                            "route.1801835782.ipv6_cidr_block": "",
                            "route.1801835782.nat_gateway_id": "nat-07417eb6c0ce8ad71",
                            "route.1801835782.network_interface_id": "",
                            "route.1801835782.vpc_peering_connection_id": "",
                            "tags.%": "1",
                            "tags.Name": "wp_private",
                            "vpc_id": "vpc-069e70ef7985bc3fe"
                        },
                        "meta": {},
                        "tainted": false
                    },
                    "deposed": [],
                    "provider": "provider.aws"
                },
                "aws_eip.wp_nat_eip": {
                    "type": "aws_eip",
                    "depends_on": [],
                    "primary": {
                        "id": "eipalloc-0cd8f3b048555a64d",
                        "attributes": {
                            "association_id": "",
                            "domain": "vpc",
                            "id": "eipalloc-0cd8f3b048555a64d",
                            "instance": "",
                            "network_interface": "",
                            "private_ip": "",
                            "public_ip": "3.121.30.118",
                            "tags.%": "0",
                            "vpc": "true"
                        },
                        "meta": {
                            "e2bfb730-ecaa-11e6-8f88-34363bc7c4c0": {
                                "delete": 180000000000,
                                "read": 900000000000,
                                "update": 300000000000
                            }
                        },
                        "tainted": false
                    },
                    "deposed": [],
                    "provider": "provider.aws"
                },
                "aws_iam_instance_profile.s3_access_profile": {
                    "type": "aws_iam_instance_profile",
                    "depends_on": [
                        "aws_iam_role.s3_access_role"
                    ],
                    "primary": {
                        "id": "s3_access",
                        "attributes": {
                            "arn": "arn:aws:iam::479446322538:instance-profile/s3_access",
                            "create_date": "2018-10-11T22:06:33Z",
                            "id": "s3_access",
                            "name": "s3_access",
                            "path": "/",
                            "role": "s3_access_role",
                            "roles.#": "0",
                            "unique_id": "AIPAJ2YDIYSXACHOO6KO6"
                        },
                        "meta": {},
                        "tainted": false
                    },
                    "deposed": [],
                    "provider": "provider.aws"
                },
                "aws_iam_role.s3_access_role": {
                    "type": "aws_iam_role",
                    "depends_on": [],
                    "primary": {
                        "id": "s3_access_role",
                        "attributes": {
                            "arn": "arn:aws:iam::479446322538:role/s3_access_role",
                            "assume_role_policy": "{\"Version\":\"2012-10-17\",\"Statement\":[{\"Sid\":\"\",\"Effect\":\"Allow\",\"Principal\":{\"Service\":\"ec2.amazonaws.com\"},\"Action\":\"sts:AssumeRole\"}]}",
                            "create_date": "2018-10-11T22:06:32Z",
                            "description": "",
                            "force_detach_policies": "false",
                            "id": "s3_access_role",
                            "max_session_duration": "3600",
                            "name": "s3_access_role",
                            "path": "/",
                            "unique_id": "AROAJFIZGVB3EUOOS53GS"
                        },
                        "meta": {},
                        "tainted": false
                    },
                    "deposed": [],
                    "provider": "provider.aws"
                },
                "aws_iam_role_policy.s3_access_policy": {
                    "type": "aws_iam_role_policy",
                    "depends_on": [
                        "aws_iam_role.s3_access_role"
                    ],
                    "primary": {
                        "id": "s3_access_role:s3_access_policy",
                        "attributes": {
                            "id": "s3_access_role:s3_access_policy",
                            "name": "s3_access_policy",
                            "policy": "{\n  \"Version\": \"2012-10-17\",\n  \"Statement\": [\n    {\n      \"Effect\": \"Allow\",\n      \"Action\": \"s3:*\",\n      \"Resource\": \"*\"\n    }\n  ]\n}\n",
                            "role": "s3_access_role"
                        },
                        "meta": {},
                        "tainted": false
                    },
                    "deposed": [],
                    "provider": "provider.aws"
                },
                "aws_instance.wp_ansible": {
                    "type": "aws_instance",
                    "depends_on": [
                        "aws_security_group.wp_tool_sg",
                        "aws_subnet.wp_private6_subnet",
                        "data.aws_availability_zones.available"
                    ],
                    "primary": {
                        "id": "i-0e6283516e1501304",
                        "attributes": {
                            "ami": "ami-023ef79eb6405a1c9",
                            "arn": "arn:aws:ec2:eu-central-1:479446322538:instance/i-0e6283516e1501304",
                            "associate_public_ip_address": "false",
                            "availability_zone": "eu-central-1b",
                            "cpu_core_count": "2",
                            "cpu_threads_per_core": "1",
                            "credit_specification.#": "1",
                            "credit_specification.0.cpu_credits": "standard",
                            "disable_api_termination": "false",
                            "ebs_block_device.#": "1",
                            "ebs_block_device.2671853018.delete_on_termination": "false",
                            "ebs_block_device.2671853018.device_name": "/dev/sdg",
                            "ebs_block_device.2671853018.encrypted": "false",
                            "ebs_block_device.2671853018.iops": "210",
                            "ebs_block_device.2671853018.snapshot_id": "",
                            "ebs_block_device.2671853018.volume_id": "vol-07896d3f3d28afef8",
                            "ebs_block_device.2671853018.volume_size": "70",
                            "ebs_block_device.2671853018.volume_type": "gp2",
                            "ebs_optimized": "false",
                            "ephemeral_block_device.#": "0",
                            "get_password_data": "false",
                            "iam_instance_profile": "",
                            "id": "i-0e6283516e1501304",
                            "instance_state": "running",
                            "instance_type": "t2.large",
                            "ipv6_addresses.#": "0",
                            "key_name": "CelFocus1",
                            "monitoring": "false",
                            "network_interface.#": "0",
                            "network_interface_id": "eni-07dac69430fbc8f22",
                            "password_data": "",
                            "placement_group": "",
                            "primary_network_interface_id": "eni-07dac69430fbc8f22",
                            "private_dns": "ip-10-0-8-225.eu-central-1.compute.internal",
                            "private_ip": "10.0.8.225",
                            "public_dns": "",
                            "public_ip": "",
                            "root_block_device.#": "1",
                            "root_block_device.0.delete_on_termination": "true",
                            "root_block_device.0.iops": "100",
                            "root_block_device.0.volume_id": "vol-0107417ddbde307a3",
                            "root_block_device.0.volume_size": "25",
                            "root_block_device.0.volume_type": "gp2",
                            "security_groups.#": "0",
                            "source_dest_check": "true",
                            "subnet_id": "subnet-0b1a222afa1e917f9",
                            "tags.%": "1",
                            "tags.Name": "wp_ansible",
                            "tenancy": "default",
                            "user_data": "0de03b05db68c69a9998268f2d48c9f3ad8ff600",
                            "volume_tags.%": "0",
                            "vpc_security_group_ids.#": "1",
                            "vpc_security_group_ids.352218555": "sg-077500ded43e7a8b1"
                        },
                        "meta": {
                            "e2bfb730-ecaa-11e6-8f88-34363bc7c4c0": {
                                "create": 600000000000,
                                "delete": 1200000000000,
                                "update": 600000000000
                            },
                            "schema_version": "1"
                        },
                        "tainted": false
                    },
                    "deposed": [],
                    "provider": "provider.aws"
                },
                "aws_instance.wp_db_az1": {
                    "type": "aws_instance",
                    "depends_on": [
                        "aws_security_group.wp_db_sg",
                        "aws_subnet.wp_oracle1_subnet",
                        "data.aws_availability_zones.available"
                    ],
                    "primary": {
                        "id": "i-00d34cd8f4b4e0461",
                        "attributes": {
                            "ami": "ami-023ef79eb6405a1c9",
                            "arn": "arn:aws:ec2:eu-central-1:479446322538:instance/i-00d34cd8f4b4e0461",
                            "associate_public_ip_address": "false",
                            "availability_zone": "eu-central-1a",
                            "cpu_core_count": "2",
                            "cpu_threads_per_core": "2",
                            "credit_specification.#": "1",
                            "credit_specification.0.cpu_credits": "unlimited",
                            "disable_api_termination": "false",
                            "ebs_block_device.#": "2",
                            "ebs_block_device.2576023345.delete_on_termination": "true",
                            "ebs_block_device.2576023345.device_name": "/dev/sdb",
                            "ebs_block_device.2576023345.encrypted": "false",
                            "ebs_block_device.2576023345.iops": "600",
                            "ebs_block_device.2576023345.snapshot_id": "",
                            "ebs_block_device.2576023345.volume_id": "vol-0d561a67fc4b8a1f1",
                            "ebs_block_device.2576023345.volume_size": "200",
                            "ebs_block_device.2576023345.volume_type": "gp2",
                            "ebs_block_device.2671853018.delete_on_termination": "true",
                            "ebs_block_device.2671853018.device_name": "/dev/sdg",
                            "ebs_block_device.2671853018.encrypted": "false",
                            "ebs_block_device.2671853018.iops": "150",
                            "ebs_block_device.2671853018.snapshot_id": "",
                            "ebs_block_device.2671853018.volume_id": "vol-0e297ab99504f9dd4",
                            "ebs_block_device.2671853018.volume_size": "50",
                            "ebs_block_device.2671853018.volume_type": "gp2",
                            "ebs_optimized": "false",
                            "ephemeral_block_device.#": "0",
                            "get_password_data": "false",
                            "iam_instance_profile": "",
                            "id": "i-00d34cd8f4b4e0461",
                            "instance_state": "running",
                            "instance_type": "t3.xlarge",
                            "ipv6_addresses.#": "0",
                            "key_name": "CelFocus1",
                            "monitoring": "false",
                            "network_interface.#": "0",
                            "network_interface_id": "eni-09f6ae4d73ddf97e0",
                            "password_data": "",
                            "placement_group": "",
                            "primary_network_interface_id": "eni-09f6ae4d73ddf97e0",
                            "private_dns": "ip-10-0-9-225.eu-central-1.compute.internal",
                            "private_ip": "10.0.9.225",
                            "public_dns": "",
                            "public_ip": "",
                            "root_block_device.#": "1",
                            "root_block_device.0.delete_on_termination": "true",
                            "root_block_device.0.iops": "100",
                            "root_block_device.0.volume_id": "vol-04eb7df7165f51838",
                            "root_block_device.0.volume_size": "25",
                            "root_block_device.0.volume_type": "gp2",
                            "security_groups.#": "0",
                            "source_dest_check": "true",
                            "subnet_id": "subnet-05cd71786174b3eb0",
                            "tags.%": "1",
                            "tags.Name": "wp_db_az1",
                            "tenancy": "default",
                            "user_data": "d21d364e849462863828e53ddbac5027b013dbe3",
                            "volume_tags.%": "0",
                            "vpc_security_group_ids.#": "1",
                            "vpc_security_group_ids.2418727928": "sg-04127d61ab3e9a1d5"
                        },
                        "meta": {
                            "e2bfb730-ecaa-11e6-8f88-34363bc7c4c0": {
                                "create": 600000000000,
                                "delete": 1200000000000,
                                "update": 600000000000
                            },
                            "schema_version": "1"
                        },
                        "tainted": false
                    },
                    "deposed": [],
                    "provider": "provider.aws"
                },
                "aws_instance.wp_front_az1": {
                    "type": "aws_instance",
                    "depends_on": [
                        "aws_security_group.wp_front_sg",
                        "aws_subnet.wp_private1_subnet",
                        "data.aws_availability_zones.available"
                    ],
                    "primary": {
                        "id": "i-0f5d69727a5889345",
                        "attributes": {
                            "ami": "ami-023ef79eb6405a1c9",
                            "arn": "arn:aws:ec2:eu-central-1:479446322538:instance/i-0f5d69727a5889345",
                            "associate_public_ip_address": "false",
                            "availability_zone": "eu-central-1a",
                            "cpu_core_count": "1",
                            "cpu_threads_per_core": "2",
                            "credit_specification.#": "1",
                            "credit_specification.0.cpu_credits": "unlimited",
                            "disable_api_termination": "false",
                            "ebs_block_device.#": "1",
                            "ebs_block_device.2671853018.delete_on_termination": "true",
                            "ebs_block_device.2671853018.device_name": "/dev/sdg",
                            "ebs_block_device.2671853018.encrypted": "false",
                            "ebs_block_device.2671853018.iops": "300",
                            "ebs_block_device.2671853018.snapshot_id": "",
                            "ebs_block_device.2671853018.volume_id": "vol-03b180cbdfbfa0ca4",
                            "ebs_block_device.2671853018.volume_size": "100",
                            "ebs_block_device.2671853018.volume_type": "gp2",
                            "ebs_optimized": "false",
                            "ephemeral_block_device.#": "0",
                            "get_password_data": "false",
                            "iam_instance_profile": "",
                            "id": "i-0f5d69727a5889345",
                            "instance_state": "running",
                            "instance_type": "t3.large",
                            "ipv6_addresses.#": "0",
                            "key_name": "CelFocus1",
                            "monitoring": "false",
                            "network_interface.#": "0",
                            "network_interface_id": "eni-092021d97bdf3432b",
                            "password_data": "",
                            "placement_group": "",
                            "primary_network_interface_id": "eni-092021d97bdf3432b",
                            "private_dns": "ip-10-0-3-225.eu-central-1.compute.internal",
                            "private_ip": "10.0.3.225",
                            "public_dns": "",
                            "public_ip": "",
                            "root_block_device.#": "1",
                            "root_block_device.0.delete_on_termination": "true",
                            "root_block_device.0.iops": "100",
                            "root_block_device.0.volume_id": "vol-00e8525f70507a026",
                            "root_block_device.0.volume_size": "25",
                            "root_block_device.0.volume_type": "gp2",
                            "security_groups.#": "0",
                            "source_dest_check": "true",
                            "subnet_id": "subnet-0400842cd86677aa8",
                            "tags.%": "1",
                            "tags.Name": "wp_front_az1",
                            "tenancy": "default",
                            "user_data": "1f50f7d68e60df85d1f3785ebbb486544892de62",
                            "volume_tags.%": "0",
                            "vpc_security_group_ids.#": "1",
                            "vpc_security_group_ids.3352373089": "sg-092629c93c01c87ed"
                        },
                        "meta": {
                            "e2bfb730-ecaa-11e6-8f88-34363bc7c4c0": {
                                "create": 600000000000,
                                "delete": 1200000000000,
                                "update": 600000000000
                            },
                            "schema_version": "1"
                        },
                        "tainted": false
                    },
                    "deposed": [],
                    "provider": "provider.aws"
                },
                "aws_instance.wp_front_az2": {
                    "type": "aws_instance",
                    "depends_on": [
                        "aws_security_group.wp_front_sg",
                        "aws_subnet.wp_private2_subnet",
                        "data.aws_availability_zones.available"
                    ],
                    "primary": {
                        "id": "i-0d2a01e52ec524417",
                        "attributes": {
                            "ami": "ami-023ef79eb6405a1c9",
                            "arn": "arn:aws:ec2:eu-central-1:479446322538:instance/i-0d2a01e52ec524417",
                            "associate_public_ip_address": "false",
                            "availability_zone": "eu-central-1b",
                            "cpu_core_count": "1",
                            "cpu_threads_per_core": "2",
                            "credit_specification.#": "1",
                            "credit_specification.0.cpu_credits": "unlimited",
                            "disable_api_termination": "false",
                            "ebs_block_device.#": "1",
                            "ebs_block_device.2671853018.delete_on_termination": "true",
                            "ebs_block_device.2671853018.device_name": "/dev/sdg",
                            "ebs_block_device.2671853018.encrypted": "false",
                            "ebs_block_device.2671853018.iops": "300",
                            "ebs_block_device.2671853018.snapshot_id": "",
                            "ebs_block_device.2671853018.volume_id": "vol-0b44bcbc17b02db9f",
                            "ebs_block_device.2671853018.volume_size": "100",
                            "ebs_block_device.2671853018.volume_type": "gp2",
                            "ebs_optimized": "false",
                            "ephemeral_block_device.#": "0",
                            "get_password_data": "false",
                            "iam_instance_profile": "",
                            "id": "i-0d2a01e52ec524417",
                            "instance_state": "running",
                            "instance_type": "t3.large",
                            "ipv6_addresses.#": "0",
                            "key_name": "CelFocus1",
                            "monitoring": "false",
                            "network_interface.#": "0",
                            "network_interface_id": "eni-0c00c7469f045f163",
                            "password_data": "",
                            "placement_group": "",
                            "primary_network_interface_id": "eni-0c00c7469f045f163",
                            "private_dns": "ip-10-0-4-225.eu-central-1.compute.internal",
                            "private_ip": "10.0.4.225",
                            "public_dns": "",
                            "public_ip": "",
                            "root_block_device.#": "1",
                            "root_block_device.0.delete_on_termination": "true",
                            "root_block_device.0.iops": "100",
                            "root_block_device.0.volume_id": "vol-05310e84b714c324a",
                            "root_block_device.0.volume_size": "25",
                            "root_block_device.0.volume_type": "gp2",
                            "security_groups.#": "0",
                            "source_dest_check": "true",
                            "subnet_id": "subnet-0e94e92197506b58d",
                            "tags.%": "1",
                            "tags.Name": "wp_front_az2",
                            "tenancy": "default",
                            "user_data": "611d6a6253b3defed1db7c70fced5104f8a3beff",
                            "volume_tags.%": "0",
                            "vpc_security_group_ids.#": "1",
                            "vpc_security_group_ids.3352373089": "sg-092629c93c01c87ed"
                        },
                        "meta": {
                            "e2bfb730-ecaa-11e6-8f88-34363bc7c4c0": {
                                "create": 600000000000,
                                "delete": 1200000000000,
                                "update": 600000000000
                            },
                            "schema_version": "1"
                        },
                        "tainted": false
                    },
                    "deposed": [],
                    "provider": "provider.aws"
                },
                "aws_instance.wp_ins_bastion": {
                    "type": "aws_instance",
                    "depends_on": [
                        "aws_security_group.wp_bastion_sg",
                        "aws_subnet.wp_public1_subnet",
                        "data.aws_availability_zones.available"
                    ],
                    "primary": {
                        "id": "i-02ee6566fb7236baf",
                        "attributes": {
                            "ami": "ami-0e82b8b6afa30f2cd",
                            "arn": "arn:aws:ec2:eu-central-1:479446322538:instance/i-02ee6566fb7236baf",
                            "associate_public_ip_address": "true",
                            "availability_zone": "eu-central-1a",
                            "cpu_core_count": "1",
                            "cpu_threads_per_core": "1",
                            "credit_specification.#": "1",
                            "credit_specification.0.cpu_credits": "standard",
                            "disable_api_termination": "false",
                            "ebs_block_device.#": "0",
                            "ebs_optimized": "false",
                            "ephemeral_block_device.#": "0",
                            "get_password_data": "false",
                            "iam_instance_profile": "",
                            "id": "i-02ee6566fb7236baf",
                            "instance_state": "running",
                            "instance_type": "t2.micro",
                            "ipv6_addresses.#": "0",
                            "key_name": "",
                            "monitoring": "false",
                            "network_interface.#": "0",
                            "network_interface_id": "eni-032c228ac982f8566",
                            "password_data": "",
                            "placement_group": "",
                            "primary_network_interface_id": "eni-032c228ac982f8566",
                            "private_dns": "ip-10-0-1-58.eu-central-1.compute.internal",
                            "private_ip": "10.0.1.58",
                            "public_dns": "ec2-3-120-39-31.eu-central-1.compute.amazonaws.com",
                            "public_ip": "3.120.39.31",
                            "root_block_device.#": "1",
                            "root_block_device.0.delete_on_termination": "true",
                            "root_block_device.0.iops": "100",
                            "root_block_device.0.volume_id": "vol-09a743974b7fd327b",
                            "root_block_device.0.volume_size": "8",
                            "root_block_device.0.volume_type": "gp2",
                            "security_groups.#": "0",
                            "source_dest_check": "true",
                            "subnet_id": "subnet-039877bab24990423",
                            "tags.%": "1",
                            "tags.Name": "wp_ins_bastion",
                            "tenancy": "default",
                            "user_data": "9abfdbf7b696e6a80a0ffcde079f8c5531a2bd5b",
                            "volume_tags.%": "0",
                            "vpc_security_group_ids.#": "1",
                            "vpc_security_group_ids.302176165": "sg-031164896913deb4e"
                        },
                        "meta": {
                            "e2bfb730-ecaa-11e6-8f88-34363bc7c4c0": {
                                "create": 600000000000,
                                "delete": 1200000000000,
                                "update": 600000000000
                            },
                            "schema_version": "1"
                        },
                        "tainted": false
                    },
                    "deposed": [],
                    "provider": "provider.aws"
                },
                "aws_instance.wp_jenkins": {
                    "type": "aws_instance",
                    "depends_on": [
                        "aws_security_group.wp_tool_sg",
                        "aws_subnet.wp_private5_subnet",
                        "data.aws_availability_zones.available"
                    ],
                    "primary": {
                        "id": "i-0be55152dc46f3f60",
                        "attributes": {
                            "ami": "ami-023ef79eb6405a1c9",
                            "arn": "arn:aws:ec2:eu-central-1:479446322538:instance/i-0be55152dc46f3f60",
                            "associate_public_ip_address": "false",
                            "availability_zone": "eu-central-1a",
                            "cpu_core_count": "2",
                            "cpu_threads_per_core": "2",
                            "credit_specification.#": "1",
                            "credit_specification.0.cpu_credits": "unlimited",
                            "disable_api_termination": "false",
                            "ebs_block_device.#": "1",
                            "ebs_block_device.2671853018.delete_on_termination": "true",
                            "ebs_block_device.2671853018.device_name": "/dev/sdg",
                            "ebs_block_device.2671853018.encrypted": "false",
                            "ebs_block_device.2671853018.iops": "360",
                            "ebs_block_device.2671853018.snapshot_id": "",
                            "ebs_block_device.2671853018.volume_id": "vol-01ac6e2c2c9dd0723",
                            "ebs_block_device.2671853018.volume_size": "120",
                            "ebs_block_device.2671853018.volume_type": "gp2",
                            "ebs_optimized": "false",
                            "ephemeral_block_device.#": "0",
                            "get_password_data": "false",
                            "iam_instance_profile": "",
                            "id": "i-0be55152dc46f3f60",
                            "instance_state": "running",
                            "instance_type": "t3.xlarge",
                            "ipv6_addresses.#": "0",
                            "key_name": "CelFocus1",
                            "monitoring": "false",
                            "network_interface.#": "0",
                            "network_interface_id": "eni-02ace29df88c2ab2f",
                            "password_data": "",
                            "placement_group": "",
                            "primary_network_interface_id": "eni-02ace29df88c2ab2f",
                            "private_dns": "ip-10-0-7-224.eu-central-1.compute.internal",
                            "private_ip": "10.0.7.224",
                            "public_dns": "",
                            "public_ip": "",
                            "root_block_device.#": "1",
                            "root_block_device.0.delete_on_termination": "true",
                            "root_block_device.0.iops": "100",
                            "root_block_device.0.volume_id": "vol-09aa7691964a6c863",
                            "root_block_device.0.volume_size": "25",
                            "root_block_device.0.volume_type": "gp2",
                            "security_groups.#": "0",
                            "source_dest_check": "true",
                            "subnet_id": "subnet-0639e45b272924369",
                            "tags.%": "1",
                            "tags.Name": "wp_jenkins",
                            "tenancy": "default",
                            "user_data": "9fc9d4ef40895f1552deb356d9ad51fa44c5d3ec",
                            "volume_tags.%": "0",
                            "vpc_security_group_ids.#": "1",
                            "vpc_security_group_ids.352218555": "sg-077500ded43e7a8b1"
                        },
                        "meta": {
                            "e2bfb730-ecaa-11e6-8f88-34363bc7c4c0": {
                                "create": 600000000000,
                                "delete": 1200000000000,
                                "update": 600000000000
                            },
                            "schema_version": "1"
                        },
                        "tainted": false
                    },
                    "deposed": [],
                    "provider": "provider.aws"
                },
                "aws_instance.wp_nagios": {
                    "type": "aws_instance",
                    "depends_on": [
                        "aws_security_group.wp_tool_sg",
                        "aws_subnet.wp_private5_subnet",
                        "data.aws_availability_zones.available"
                    ],
                    "primary": {
                        "id": "i-0d21f0a68cf44c2f5",
                        "attributes": {
                            "ami": "ami-023ef79eb6405a1c9",
                            "arn": "arn:aws:ec2:eu-central-1:479446322538:instance/i-0d21f0a68cf44c2f5",
                            "associate_public_ip_address": "false",
                            "availability_zone": "eu-central-1a",
                            "cpu_core_count": "1",
                            "cpu_threads_per_core": "2",
                            "credit_specification.#": "1",
                            "credit_specification.0.cpu_credits": "unlimited",
                            "disable_api_termination": "false",
                            "ebs_block_device.#": "1",
                            "ebs_block_device.2671853018.delete_on_termination": "true",
                            "ebs_block_device.2671853018.device_name": "/dev/sdg",
                            "ebs_block_device.2671853018.encrypted": "false",
                            "ebs_block_device.2671853018.iops": "300",
                            "ebs_block_device.2671853018.snapshot_id": "",
                            "ebs_block_device.2671853018.volume_id": "vol-0bff4cf81b9047288",
                            "ebs_block_device.2671853018.volume_size": "100",
                            "ebs_block_device.2671853018.volume_type": "gp2",
                            "ebs_optimized": "false",
                            "ephemeral_block_device.#": "0",
                            "get_password_data": "false",
                            "iam_instance_profile": "",
                            "id": "i-0d21f0a68cf44c2f5",
                            "instance_state": "running",
                            "instance_type": "t3.large",
                            "ipv6_addresses.#": "0",
                            "key_name": "CelFocus1",
                            "monitoring": "false",
                            "network_interface.#": "0",
                            "network_interface_id": "eni-033165bd94da7d035",
                            "password_data": "",
                            "placement_group": "",
                            "primary_network_interface_id": "eni-033165bd94da7d035",
                            "private_dns": "ip-10-0-7-225.eu-central-1.compute.internal",
                            "private_ip": "10.0.7.225",
                            "public_dns": "",
                            "public_ip": "",
                            "root_block_device.#": "1",
                            "root_block_device.0.delete_on_termination": "true",
                            "root_block_device.0.iops": "100",
                            "root_block_device.0.volume_id": "vol-067e12156f3bf65d3",
                            "root_block_device.0.volume_size": "25",
                            "root_block_device.0.volume_type": "gp2",
                            "security_groups.#": "0",
                            "source_dest_check": "true",
                            "subnet_id": "subnet-0639e45b272924369",
                            "tags.%": "1",
                            "tags.Name": "wp_nagios",
                            "tenancy": "default",
                            "user_data": "b3f21ccf3682196bda137e7ea24c9a0571708b9c",
                            "volume_tags.%": "0",
                            "vpc_security_group_ids.#": "1",
                            "vpc_security_group_ids.352218555": "sg-077500ded43e7a8b1"
                        },
                        "meta": {
                            "e2bfb730-ecaa-11e6-8f88-34363bc7c4c0": {
                                "create": 600000000000,
                                "delete": 1200000000000,
                                "update": 600000000000
                            },
                            "schema_version": "1"
                        },
                        "tainted": false
                    },
                    "deposed": [],
                    "provider": "provider.aws"
                },
                "aws_instance.wp_web_az1": {
                    "type": "aws_instance",
                    "depends_on": [
                        "aws_security_group.wp_mid_sg",
                        "aws_subnet.wp_private3_subnet",
                        "data.aws_availability_zones.available"
                    ],
                    "primary": {
                        "id": "i-08af7792c822dfe29",
                        "attributes": {
                            "ami": "ami-023ef79eb6405a1c9",
                            "arn": "arn:aws:ec2:eu-central-1:479446322538:instance/i-08af7792c822dfe29",
                            "associate_public_ip_address": "false",
                            "availability_zone": "eu-central-1a",
                            "cpu_core_count": "2",
                            "cpu_threads_per_core": "2",
                            "credit_specification.#": "1",
                            "credit_specification.0.cpu_credits": "unlimited",
                            "disable_api_termination": "false",
                            "ebs_block_device.#": "1",
                            "ebs_block_device.2671853018.delete_on_termination": "true",
                            "ebs_block_device.2671853018.device_name": "/dev/sdg",
                            "ebs_block_device.2671853018.encrypted": "false",
                            "ebs_block_device.2671853018.iops": "300",
                            "ebs_block_device.2671853018.snapshot_id": "",
                            "ebs_block_device.2671853018.volume_id": "vol-0c172664e9bf6e892",
                            "ebs_block_device.2671853018.volume_size": "100",
                            "ebs_block_device.2671853018.volume_type": "gp2",
                            "ebs_optimized": "false",
                            "ephemeral_block_device.#": "0",
                            "get_password_data": "false",
                            "iam_instance_profile": "",
                            "id": "i-08af7792c822dfe29",
                            "instance_state": "running",
                            "instance_type": "t3.xlarge",
                            "ipv6_addresses.#": "0",
                            "key_name": "CelFocus1",
                            "monitoring": "false",
                            "network_interface.#": "0",
                            "network_interface_id": "eni-070bae316e0ee1620",
                            "password_data": "",
                            "placement_group": "",
                            "primary_network_interface_id": "eni-070bae316e0ee1620",
                            "private_dns": "ip-10-0-5-225.eu-central-1.compute.internal",
                            "private_ip": "10.0.5.225",
                            "public_dns": "",
                            "public_ip": "",
                            "root_block_device.#": "1",
                            "root_block_device.0.delete_on_termination": "true",
                            "root_block_device.0.iops": "100",
                            "root_block_device.0.volume_id": "vol-00bc0ecc272d22772",
                            "root_block_device.0.volume_size": "25",
                            "root_block_device.0.volume_type": "gp2",
                            "security_groups.#": "0",
                            "source_dest_check": "true",
                            "subnet_id": "subnet-0eaa9c1b57af45295",
                            "tags.%": "1",
                            "tags.Name": "wp_web_az1",
                            "tenancy": "default",
                            "user_data": "84051fbf5ad072ed91207dd3bf7eec4a87049755",
                            "volume_tags.%": "0",
                            "vpc_security_group_ids.#": "1",
                            "vpc_security_group_ids.743075614": "sg-03c57692bc11051ae"
                        },
                        "meta": {
                            "e2bfb730-ecaa-11e6-8f88-34363bc7c4c0": {
                                "create": 600000000000,
                                "delete": 1200000000000,
                                "update": 600000000000
                            },
                            "schema_version": "1"
                        },
                        "tainted": false
                    },
                    "deposed": [],
                    "provider": "provider.aws"
                },
                "aws_instance.wp_web_az2": {
                    "type": "aws_instance",
                    "depends_on": [
                        "aws_security_group.wp_mid_sg",
                        "aws_subnet.wp_private4_subnet",
                        "data.aws_availability_zones.available"
                    ],
                    "primary": {
                        "id": "i-0fa570e331ca9dfa0",
                        "attributes": {
                            "ami": "ami-023ef79eb6405a1c9",
                            "arn": "arn:aws:ec2:eu-central-1:479446322538:instance/i-0fa570e331ca9dfa0",
                            "associate_public_ip_address": "false",
                            "availability_zone": "eu-central-1b",
                            "cpu_core_count": "2",
                            "cpu_threads_per_core": "2",
                            "credit_specification.#": "1",
                            "credit_specification.0.cpu_credits": "unlimited",
                            "disable_api_termination": "false",
                            "ebs_block_device.#": "1",
                            "ebs_block_device.2671853018.delete_on_termination": "true",
                            "ebs_block_device.2671853018.device_name": "/dev/sdg",
                            "ebs_block_device.2671853018.encrypted": "false",
                            "ebs_block_device.2671853018.iops": "300",
                            "ebs_block_device.2671853018.snapshot_id": "",
                            "ebs_block_device.2671853018.volume_id": "vol-042784dbfde2d7b75",
                            "ebs_block_device.2671853018.volume_size": "100",
                            "ebs_block_device.2671853018.volume_type": "gp2",
                            "ebs_optimized": "false",
                            "ephemeral_block_device.#": "0",
                            "get_password_data": "false",
                            "iam_instance_profile": "",
                            "id": "i-0fa570e331ca9dfa0",
                            "instance_state": "running",
                            "instance_type": "t3.xlarge",
                            "ipv6_addresses.#": "0",
                            "key_name": "CelFocus1",
                            "monitoring": "false",
                            "network_interface.#": "0",
                            "network_interface_id": "eni-08c8e117be3044f9d",
                            "password_data": "",
                            "placement_group": "",
                            "primary_network_interface_id": "eni-08c8e117be3044f9d",
                            "private_dns": "ip-10-0-6-225.eu-central-1.compute.internal",
                            "private_ip": "10.0.6.225",
                            "public_dns": "",
                            "public_ip": "",
                            "root_block_device.#": "1",
                            "root_block_device.0.delete_on_termination": "true",
                            "root_block_device.0.iops": "100",
                            "root_block_device.0.volume_id": "vol-02a90f7361574a5c7",
                            "root_block_device.0.volume_size": "25",
                            "root_block_device.0.volume_type": "gp2",
                            "security_groups.#": "0",
                            "source_dest_check": "true",
                            "subnet_id": "subnet-0da856608fd8afed7",
                            "tags.%": "1",
                            "tags.Name": "wp_web_az2",
                            "tenancy": "default",
                            "user_data": "808942a3b83c1ebdebe0588676853c16e92f5ce5",
                            "volume_tags.%": "0",
                            "vpc_security_group_ids.#": "1",
                            "vpc_security_group_ids.743075614": "sg-03c57692bc11051ae"
                        },
                        "meta": {
                            "e2bfb730-ecaa-11e6-8f88-34363bc7c4c0": {
                                "create": 600000000000,
                                "delete": 1200000000000,
                                "update": 600000000000
                            },
                            "schema_version": "1"
                        },
                        "tainted": false
                    },
                    "deposed": [],
                    "provider": "provider.aws"
                },
                "aws_internet_gateway.wp_internet_gateway": {
                    "type": "aws_internet_gateway",
                    "depends_on": [
                        "aws_vpc.wp_vpc"
                    ],
                    "primary": {
                        "id": "igw-0037c3c6eeb7d3b4a",
                        "attributes": {
                            "id": "igw-0037c3c6eeb7d3b4a",
                            "tags.%": "1",
                            "tags.Name": "wp_igw",
                            "vpc_id": "vpc-069e70ef7985bc3fe"
                        },
                        "meta": {},
                        "tainted": false
                    },
                    "deposed": [],
                    "provider": "provider.aws"
                },
                "aws_nat_gateway.nat": {
                    "type": "aws_nat_gateway",
                    "depends_on": [
                        "aws_eip.wp_nat_eip",
                        "aws_subnet.wp_public2_subnet"
                    ],
                    "primary": {
                        "id": "nat-07417eb6c0ce8ad71",
                        "attributes": {
                            "allocation_id": "eipalloc-0cd8f3b048555a64d",
                            "id": "nat-07417eb6c0ce8ad71",
                            "network_interface_id": "eni-03983503bd4f85fde",
                            "private_ip": "10.0.2.236",
                            "public_ip": "3.121.30.118",
                            "subnet_id": "subnet-05fdfba859f2b5bb9",
                            "tags.%": "0"
                        },
                        "meta": {},
                        "tainted": false
                    },
                    "deposed": [],
                    "provider": "provider.aws"
                },
                "aws_route_table.wp_public_rt": {
                    "type": "aws_route_table",
                    "depends_on": [
                        "aws_internet_gateway.wp_internet_gateway",
                        "aws_vpc.wp_vpc"
                    ],
                    "primary": {
                        "id": "rtb-0c7e943379ca33317",
                        "attributes": {
                            "id": "rtb-0c7e943379ca33317",
                            "propagating_vgws.#": "0",
                            "route.#": "1",
                            "route.3269365641.cidr_block": "0.0.0.0/0",
                            "route.3269365641.egress_only_gateway_id": "",
                            "route.3269365641.gateway_id": "igw-0037c3c6eeb7d3b4a",
                            "route.3269365641.instance_id": "",
                            "route.3269365641.ipv6_cidr_block": "",
                            "route.3269365641.nat_gateway_id": "",
                            "route.3269365641.network_interface_id": "",
                            "route.3269365641.vpc_peering_connection_id": "",
                            "tags.%": "1",
                            "tags.Name": "wp_public",
                            "vpc_id": "vpc-069e70ef7985bc3fe"
                        },
                        "meta": {},
                        "tainted": false
                    },
                    "deposed": [],
                    "provider": "provider.aws"
                },
                "aws_route_table_association.wp_private1_assoc": {
                    "type": "aws_route_table_association",
                    "depends_on": [
                        "aws_default_route_table.wp_private_rt",
                        "aws_subnet.wp_private1_subnet"
                    ],
                    "primary": {
                        "id": "rtbassoc-01c0fa8c7ad4ae1af",
                        "attributes": {
                            "id": "rtbassoc-01c0fa8c7ad4ae1af",
                            "route_table_id": "rtb-06346abd33f2165a9",
                            "subnet_id": "subnet-0400842cd86677aa8"
                        },
                        "meta": {},
                        "tainted": false
                    },
                    "deposed": [],
                    "provider": "provider.aws"
                },
                "aws_route_table_association.wp_public1_assoc": {
                    "type": "aws_route_table_association",
                    "depends_on": [
                        "aws_route_table.wp_public_rt",
                        "aws_subnet.wp_public1_subnet"
                    ],
                    "primary": {
                        "id": "rtbassoc-0f322b91b627d442e",
                        "attributes": {
                            "id": "rtbassoc-0f322b91b627d442e",
                            "route_table_id": "rtb-0c7e943379ca33317",
                            "subnet_id": "subnet-039877bab24990423"
                        },
                        "meta": {},
                        "tainted": false
                    },
                    "deposed": [],
                    "provider": "provider.aws"
                },
                "aws_route_table_association.wp_public2_assoc": {
                    "type": "aws_route_table_association",
                    "depends_on": [
                        "aws_route_table.wp_public_rt",
                        "aws_subnet.wp_public2_subnet"
                    ],
                    "primary": {
                        "id": "rtbassoc-09d8831c5f62cae53",
                        "attributes": {
                            "id": "rtbassoc-09d8831c5f62cae53",
                            "route_table_id": "rtb-0c7e943379ca33317",
                            "subnet_id": "subnet-05fdfba859f2b5bb9"
                        },
                        "meta": {},
                        "tainted": false
                    },
                    "deposed": [],
                    "provider": "provider.aws"
                },
                "aws_security_group.wp_bastion_sg": {
                    "type": "aws_security_group",
                    "depends_on": [
                        "aws_vpc.wp_vpc"
                    ],
                    "primary": {
                        "id": "sg-031164896913deb4e",
                        "attributes": {
                            "arn": "arn:aws:ec2:eu-central-1:479446322538:security-group/sg-031164896913deb4e",
                            "description": "Used forBastion",
                            "egress.#": "1",
                            "egress.733536529.cidr_blocks.#": "4",
                            "egress.733536529.cidr_blocks.0": "213.30.18.1/32",
                            "egress.733536529.cidr_blocks.1": "85.246.181.205/32",
                            "egress.733536529.cidr_blocks.2": "10.20.32.0/19",
                            "egress.733536529.cidr_blocks.3": "10.0.0.0/16",
                            "egress.733536529.description": "",
                            "egress.733536529.from_port": "22",
                            "egress.733536529.ipv6_cidr_blocks.#": "0",
                            "egress.733536529.prefix_list_ids.#": "0",
                            "egress.733536529.protocol": "tcp",
                            "egress.733536529.security_groups.#": "0",
                            "egress.733536529.self": "false",
                            "egress.733536529.to_port": "22",
                            "id": "sg-031164896913deb4e",
                            "ingress.#": "1",
                            "ingress.3094651683.cidr_blocks.#": "3",
                            "ingress.3094651683.cidr_blocks.0": "213.30.18.1/32",
                            "ingress.3094651683.cidr_blocks.1": "85.246.181.205/32",
                            "ingress.3094651683.cidr_blocks.2": "10.20.32.0/19",
                            "ingress.3094651683.description": "",
                            "ingress.3094651683.from_port": "22",
                            "ingress.3094651683.ipv6_cidr_blocks.#": "0",
                            "ingress.3094651683.prefix_list_ids.#": "0",
                            "ingress.3094651683.protocol": "tcp",
                            "ingress.3094651683.security_groups.#": "0",
                            "ingress.3094651683.self": "false",
                            "ingress.3094651683.to_port": "22",
                            "name": "wp_bastion_sg",
                            "owner_id": "479446322538",
                            "revoke_rules_on_delete": "false",
                            "tags.%": "0",
                            "vpc_id": "vpc-069e70ef7985bc3fe"
                        },
                        "meta": {
                            "e2bfb730-ecaa-11e6-8f88-34363bc7c4c0": {
                                "create": 600000000000,
                                "delete": 600000000000
                            },
                            "schema_version": "1"
                        },
                        "tainted": false
                    },
                    "deposed": [],
                    "provider": "provider.aws"
                },
                "aws_security_group.wp_db_sg": {
                    "type": "aws_security_group",
                    "depends_on": [
                        "aws_security_group.wp_bastion_sg",
                        "aws_security_group.wp_mid_sg",
                        "aws_security_group.wp_tool_sg",
                        "aws_vpc.wp_vpc"
                    ],
                    "primary": {
                        "id": "sg-04127d61ab3e9a1d5",
                        "attributes": {
                            "arn": "arn:aws:ec2:eu-central-1:479446322538:security-group/sg-04127d61ab3e9a1d5",
                            "description": "Used for DB instances",
                            "egress.#": "1",
                            "egress.482069346.cidr_blocks.#": "1",
                            "egress.482069346.cidr_blocks.0": "0.0.0.0/0",
                            "egress.482069346.description": "",
                            "egress.482069346.from_port": "0",
                            "egress.482069346.ipv6_cidr_blocks.#": "0",
                            "egress.482069346.prefix_list_ids.#": "0",
                            "egress.482069346.protocol": "-1",
                            "egress.482069346.security_groups.#": "0",
                            "egress.482069346.self": "false",
                            "egress.482069346.to_port": "0",
                            "id": "sg-04127d61ab3e9a1d5",
                            "ingress.#": "2",
                            "ingress.4193425675.cidr_blocks.#": "0",
                            "ingress.4193425675.description": "",
                            "ingress.4193425675.from_port": "1521",
                            "ingress.4193425675.ipv6_cidr_blocks.#": "0",
                            "ingress.4193425675.prefix_list_ids.#": "0",
                            "ingress.4193425675.protocol": "tcp",
                            "ingress.4193425675.security_groups.#": "1",
                            "ingress.4193425675.security_groups.743075614": "sg-03c57692bc11051ae",
                            "ingress.4193425675.self": "false",
                            "ingress.4193425675.to_port": "1521",
                            "ingress.681998590.cidr_blocks.#": "0",
                            "ingress.681998590.description": "",
                            "ingress.681998590.from_port": "22",
                            "ingress.681998590.ipv6_cidr_blocks.#": "0",
                            "ingress.681998590.prefix_list_ids.#": "0",
                            "ingress.681998590.protocol": "tcp",
                            "ingress.681998590.security_groups.#": "2",
                            "ingress.681998590.security_groups.302176165": "sg-031164896913deb4e",
                            "ingress.681998590.security_groups.352218555": "sg-077500ded43e7a8b1",
                            "ingress.681998590.self": "false",
                            "ingress.681998590.to_port": "22",
                            "name": "wp_db_sg",
                            "owner_id": "479446322538",
                            "revoke_rules_on_delete": "false",
                            "tags.%": "0",
                            "vpc_id": "vpc-069e70ef7985bc3fe"
                        },
                        "meta": {
                            "e2bfb730-ecaa-11e6-8f88-34363bc7c4c0": {
                                "create": 600000000000,
                                "delete": 600000000000
                            },
                            "schema_version": "1"
                        },
                        "tainted": false
                    },
                    "deposed": [],
                    "provider": "provider.aws"
                },
                "aws_security_group.wp_elb1_sg": {
                    "type": "aws_security_group",
                    "depends_on": [
                        "aws_vpc.wp_vpc"
                    ],
                    "primary": {
                        "id": "sg-0ad1eaa9d065bf7fe",
                        "attributes": {
                            "arn": "arn:aws:ec2:eu-central-1:479446322538:security-group/sg-0ad1eaa9d065bf7fe",
                            "description": "Used for public ELB1",
                            "egress.#": "1",
                            "egress.482069346.cidr_blocks.#": "1",
                            "egress.482069346.cidr_blocks.0": "0.0.0.0/0",
                            "egress.482069346.description": "",
                            "egress.482069346.from_port": "0",
                            "egress.482069346.ipv6_cidr_blocks.#": "0",
                            "egress.482069346.prefix_list_ids.#": "0",
                            "egress.482069346.protocol": "-1",
                            "egress.482069346.security_groups.#": "0",
                            "egress.482069346.self": "false",
                            "egress.482069346.to_port": "0",
                            "id": "sg-0ad1eaa9d065bf7fe",
                            "ingress.#": "2",
                            "ingress.241649732.cidr_blocks.#": "1",
                            "ingress.241649732.cidr_blocks.0": "0.0.0.0/0",
                            "ingress.241649732.description": "",
                            "ingress.241649732.from_port": "8022",
                            "ingress.241649732.ipv6_cidr_blocks.#": "0",
                            "ingress.241649732.prefix_list_ids.#": "0",
                            "ingress.241649732.protocol": "tcp",
                            "ingress.241649732.security_groups.#": "0",
                            "ingress.241649732.self": "false",
                            "ingress.241649732.to_port": "8022",
                            "ingress.3234811651.cidr_blocks.#": "1",
                            "ingress.3234811651.cidr_blocks.0": "0.0.0.0/0",
                            "ingress.3234811651.description": "",
                            "ingress.3234811651.from_port": "8024",
                            "ingress.3234811651.ipv6_cidr_blocks.#": "0",
                            "ingress.3234811651.prefix_list_ids.#": "0",
                            "ingress.3234811651.protocol": "tcp",
                            "ingress.3234811651.security_groups.#": "0",
                            "ingress.3234811651.self": "false",
                            "ingress.3234811651.to_port": "8024",
                            "name": "wp_elb1_sg",
                            "owner_id": "479446322538",
                            "revoke_rules_on_delete": "false",
                            "tags.%": "0",
                            "vpc_id": "vpc-069e70ef7985bc3fe"
                        },
                        "meta": {
                            "e2bfb730-ecaa-11e6-8f88-34363bc7c4c0": {
                                "create": 600000000000,
                                "delete": 600000000000
                            },
                            "schema_version": "1"
                        },
                        "tainted": false
                    },
                    "deposed": [],
                    "provider": "provider.aws"
                },
                "aws_security_group.wp_elb2_sg": {
                    "type": "aws_security_group",
                    "depends_on": [
                        "aws_vpc.wp_vpc"
                    ],
                    "primary": {
                        "id": "sg-0faa734b4367c5e95",
                        "attributes": {
                            "arn": "arn:aws:ec2:eu-central-1:479446322538:security-group/sg-0faa734b4367c5e95",
                            "description": "Used for private ELB2",
                            "egress.#": "1",
                            "egress.1960698028.cidr_blocks.#": "1",
                            "egress.1960698028.cidr_blocks.0": "10.0.0.0/16",
                            "egress.1960698028.description": "",
                            "egress.1960698028.from_port": "0",
                            "egress.1960698028.ipv6_cidr_blocks.#": "0",
                            "egress.1960698028.prefix_list_ids.#": "0",
                            "egress.1960698028.protocol": "-1",
                            "egress.1960698028.security_groups.#": "0",
                            "egress.1960698028.self": "false",
                            "egress.1960698028.to_port": "0",
                            "id": "sg-0faa734b4367c5e95",
                            "ingress.#": "6",
                            "ingress.1349622785.cidr_blocks.#": "2",
                            "ingress.1349622785.cidr_blocks.0": "10.0.3.0/24",
                            "ingress.1349622785.cidr_blocks.1": "10.0.4.0/24",
                            "ingress.1349622785.description": "",
                            "ingress.1349622785.from_port": "7022",
                            "ingress.1349622785.ipv6_cidr_blocks.#": "0",
                            "ingress.1349622785.prefix_list_ids.#": "0",
                            "ingress.1349622785.protocol": "tcp",
                            "ingress.1349622785.security_groups.#": "0",
                            "ingress.1349622785.self": "false",
                            "ingress.1349622785.to_port": "7022",
                            "ingress.1525405663.cidr_blocks.#": "2",
                            "ingress.1525405663.cidr_blocks.0": "10.0.3.0/24",
                            "ingress.1525405663.cidr_blocks.1": "10.0.4.0/24",
                            "ingress.1525405663.description": "",
                            "ingress.1525405663.from_port": "8023",
                            "ingress.1525405663.ipv6_cidr_blocks.#": "0",
                            "ingress.1525405663.prefix_list_ids.#": "0",
                            "ingress.1525405663.protocol": "tcp",
                            "ingress.1525405663.security_groups.#": "0",
                            "ingress.1525405663.self": "false",
                            "ingress.1525405663.to_port": "8023",
                            "ingress.2220032760.cidr_blocks.#": "2",
                            "ingress.2220032760.cidr_blocks.0": "10.0.3.0/24",
                            "ingress.2220032760.cidr_blocks.1": "10.0.4.0/24",
                            "ingress.2220032760.description": "",
                            "ingress.2220032760.from_port": "7024",
                            "ingress.2220032760.ipv6_cidr_blocks.#": "0",
                            "ingress.2220032760.prefix_list_ids.#": "0",
                            "ingress.2220032760.protocol": "tcp",
                            "ingress.2220032760.security_groups.#": "0",
                            "ingress.2220032760.self": "false",
                            "ingress.2220032760.to_port": "7024",
                            "ingress.4088270098.cidr_blocks.#": "2",
                            "ingress.4088270098.cidr_blocks.0": "10.0.3.0/24",
                            "ingress.4088270098.cidr_blocks.1": "10.0.4.0/24",
                            "ingress.4088270098.description": "",
                            "ingress.4088270098.from_port": "8024",
                            "ingress.4088270098.ipv6_cidr_blocks.#": "0",
                            "ingress.4088270098.prefix_list_ids.#": "0",
                            "ingress.4088270098.protocol": "tcp",
                            "ingress.4088270098.security_groups.#": "0",
                            "ingress.4088270098.self": "false",
                            "ingress.4088270098.to_port": "8024",
                            "ingress.663524331.cidr_blocks.#": "2",
                            "ingress.663524331.cidr_blocks.0": "10.0.3.0/24",
                            "ingress.663524331.cidr_blocks.1": "10.0.4.0/24",
                            "ingress.663524331.description": "",
                            "ingress.663524331.from_port": "8022",
                            "ingress.663524331.ipv6_cidr_blocks.#": "0",
                            "ingress.663524331.prefix_list_ids.#": "0",
                            "ingress.663524331.protocol": "tcp",
                            "ingress.663524331.security_groups.#": "0",
                            "ingress.663524331.self": "false",
                            "ingress.663524331.to_port": "8022",
                            "ingress.756471861.cidr_blocks.#": "2",
                            "ingress.756471861.cidr_blocks.0": "10.0.3.0/24",
                            "ingress.756471861.cidr_blocks.1": "10.0.4.0/24",
                            "ingress.756471861.description": "",
                            "ingress.756471861.from_port": "7023",
                            "ingress.756471861.ipv6_cidr_blocks.#": "0",
                            "ingress.756471861.prefix_list_ids.#": "0",
                            "ingress.756471861.protocol": "tcp",
                            "ingress.756471861.security_groups.#": "0",
                            "ingress.756471861.self": "false",
                            "ingress.756471861.to_port": "7023",
                            "name": "wp_elb2_sg",
                            "owner_id": "479446322538",
                            "revoke_rules_on_delete": "false",
                            "tags.%": "0",
                            "vpc_id": "vpc-069e70ef7985bc3fe"
                        },
                        "meta": {
                            "e2bfb730-ecaa-11e6-8f88-34363bc7c4c0": {
                                "create": 600000000000,
                                "delete": 600000000000
                            },
                            "schema_version": "1"
                        },
                        "tainted": false
                    },
                    "deposed": [],
                    "provider": "provider.aws"
                },
                "aws_security_group.wp_front_sg": {
                    "type": "aws_security_group",
                    "depends_on": [
                        "aws_security_group.wp_bastion_sg",
                        "aws_security_group.wp_elb1_sg",
                        "aws_security_group.wp_tool_sg",
                        "aws_vpc.wp_vpc"
                    ],
                    "primary": {
                        "id": "sg-092629c93c01c87ed",
                        "attributes": {
                            "arn": "arn:aws:ec2:eu-central-1:479446322538:security-group/sg-092629c93c01c87ed",
                            "description": "Used FRONT instances",
                            "egress.#": "1",
                            "egress.482069346.cidr_blocks.#": "1",
                            "egress.482069346.cidr_blocks.0": "0.0.0.0/0",
                            "egress.482069346.description": "",
                            "egress.482069346.from_port": "0",
                            "egress.482069346.ipv6_cidr_blocks.#": "0",
                            "egress.482069346.prefix_list_ids.#": "0",
                            "egress.482069346.protocol": "-1",
                            "egress.482069346.security_groups.#": "0",
                            "egress.482069346.self": "false",
                            "egress.482069346.to_port": "0",
                            "id": "sg-092629c93c01c87ed",
                            "ingress.#": "3",
                            "ingress.1047701454.cidr_blocks.#": "0",
                            "ingress.1047701454.description": "",
                            "ingress.1047701454.from_port": "8024",
                            "ingress.1047701454.ipv6_cidr_blocks.#": "0",
                            "ingress.1047701454.prefix_list_ids.#": "0",
                            "ingress.1047701454.protocol": "tcp",
                            "ingress.1047701454.security_groups.#": "1",
                            "ingress.1047701454.security_groups.3700741010": "sg-0ad1eaa9d065bf7fe",
                            "ingress.1047701454.self": "false",
                            "ingress.1047701454.to_port": "8024",
                            "ingress.328058154.cidr_blocks.#": "0",
                            "ingress.328058154.description": "",
                            "ingress.328058154.from_port": "8022",
                            "ingress.328058154.ipv6_cidr_blocks.#": "0",
                            "ingress.328058154.prefix_list_ids.#": "0",
                            "ingress.328058154.protocol": "tcp",
                            "ingress.328058154.security_groups.#": "1",
                            "ingress.328058154.security_groups.3700741010": "sg-0ad1eaa9d065bf7fe",
                            "ingress.328058154.self": "false",
                            "ingress.328058154.to_port": "8022",
                            "ingress.681998590.cidr_blocks.#": "0",
                            "ingress.681998590.description": "",
                            "ingress.681998590.from_port": "22",
                            "ingress.681998590.ipv6_cidr_blocks.#": "0",
                            "ingress.681998590.prefix_list_ids.#": "0",
                            "ingress.681998590.protocol": "tcp",
                            "ingress.681998590.security_groups.#": "2",
                            "ingress.681998590.security_groups.302176165": "sg-031164896913deb4e",
                            "ingress.681998590.security_groups.352218555": "sg-077500ded43e7a8b1",
                            "ingress.681998590.self": "false",
                            "ingress.681998590.to_port": "22",
                            "name": "wp_front_sg",
                            "owner_id": "479446322538",
                            "revoke_rules_on_delete": "false",
                            "tags.%": "0",
                            "vpc_id": "vpc-069e70ef7985bc3fe"
                        },
                        "meta": {
                            "e2bfb730-ecaa-11e6-8f88-34363bc7c4c0": {
                                "create": 600000000000,
                                "delete": 600000000000
                            },
                            "schema_version": "1"
                        },
                        "tainted": false
                    },
                    "deposed": [],
                    "provider": "provider.aws"
                },
                "aws_security_group.wp_mid_sg": {
                    "type": "aws_security_group",
                    "depends_on": [
                        "aws_security_group.wp_bastion_sg",
                        "aws_security_group.wp_front_sg",
                        "aws_security_group.wp_tool_sg",
                        "aws_vpc.wp_vpc"
                    ],
                    "primary": {
                        "id": "sg-03c57692bc11051ae",
                        "attributes": {
                            "arn": "arn:aws:ec2:eu-central-1:479446322538:security-group/sg-03c57692bc11051ae",
                            "description": "Used for ELB2 access",
                            "egress.#": "1",
                            "egress.482069346.cidr_blocks.#": "1",
                            "egress.482069346.cidr_blocks.0": "0.0.0.0/0",
                            "egress.482069346.description": "",
                            "egress.482069346.from_port": "0",
                            "egress.482069346.ipv6_cidr_blocks.#": "0",
                            "egress.482069346.prefix_list_ids.#": "0",
                            "egress.482069346.protocol": "-1",
                            "egress.482069346.security_groups.#": "0",
                            "egress.482069346.self": "false",
                            "egress.482069346.to_port": "0",
                            "id": "sg-03c57692bc11051ae",
                            "ingress.#": "7",
                            "ingress.2026224006.cidr_blocks.#": "0",
                            "ingress.2026224006.description": "",
                            "ingress.2026224006.from_port": "7023",
                            "ingress.2026224006.ipv6_cidr_blocks.#": "0",
                            "ingress.2026224006.prefix_list_ids.#": "0",
                            "ingress.2026224006.protocol": "tcp",
                            "ingress.2026224006.security_groups.#": "1",
                            "ingress.2026224006.security_groups.3352373089": "sg-092629c93c01c87ed",
                            "ingress.2026224006.self": "false",
                            "ingress.2026224006.to_port": "7023",
                            "ingress.2354597481.cidr_blocks.#": "0",
                            "ingress.2354597481.description": "",
                            "ingress.2354597481.from_port": "8023",
                            "ingress.2354597481.ipv6_cidr_blocks.#": "0",
                            "ingress.2354597481.prefix_list_ids.#": "0",
                            "ingress.2354597481.protocol": "tcp",
                            "ingress.2354597481.security_groups.#": "1",
                            "ingress.2354597481.security_groups.3352373089": "sg-092629c93c01c87ed",
                            "ingress.2354597481.self": "false",
                            "ingress.2354597481.to_port": "8023",
                            "ingress.3284128919.cidr_blocks.#": "0",
                            "ingress.3284128919.description": "",
                            "ingress.3284128919.from_port": "7022",
                            "ingress.3284128919.ipv6_cidr_blocks.#": "0",
                            "ingress.3284128919.prefix_list_ids.#": "0",
                            "ingress.3284128919.protocol": "tcp",
                            "ingress.3284128919.security_groups.#": "1",
                            "ingress.3284128919.security_groups.3352373089": "sg-092629c93c01c87ed",
                            "ingress.3284128919.self": "false",
                            "ingress.3284128919.to_port": "7022",
                            "ingress.3997218419.cidr_blocks.#": "0",
                            "ingress.3997218419.description": "",
                            "ingress.3997218419.from_port": "7024",
                            "ingress.3997218419.ipv6_cidr_blocks.#": "0",
                            "ingress.3997218419.prefix_list_ids.#": "0",
                            "ingress.3997218419.protocol": "tcp",
                            "ingress.3997218419.security_groups.#": "1",
                            "ingress.3997218419.security_groups.3352373089": "sg-092629c93c01c87ed",
                            "ingress.3997218419.self": "false",
                            "ingress.3997218419.to_port": "7024",
                            "ingress.450707868.cidr_blocks.#": "0",
                            "ingress.450707868.description": "",
                            "ingress.450707868.from_port": "8024",
                            "ingress.450707868.ipv6_cidr_blocks.#": "0",
                            "ingress.450707868.prefix_list_ids.#": "0",
                            "ingress.450707868.protocol": "tcp",
                            "ingress.450707868.security_groups.#": "1",
                            "ingress.450707868.security_groups.3352373089": "sg-092629c93c01c87ed",
                            "ingress.450707868.self": "false",
                            "ingress.450707868.to_port": "8024",
                            "ingress.681998590.cidr_blocks.#": "0",
                            "ingress.681998590.description": "",
                            "ingress.681998590.from_port": "22",
                            "ingress.681998590.ipv6_cidr_blocks.#": "0",
                            "ingress.681998590.prefix_list_ids.#": "0",
                            "ingress.681998590.protocol": "tcp",
                            "ingress.681998590.security_groups.#": "2",
                            "ingress.681998590.security_groups.302176165": "sg-031164896913deb4e",
                            "ingress.681998590.security_groups.352218555": "sg-077500ded43e7a8b1",
                            "ingress.681998590.self": "false",
                            "ingress.681998590.to_port": "22",
                            "ingress.924984184.cidr_blocks.#": "0",
                            "ingress.924984184.description": "",
                            "ingress.924984184.from_port": "8022",
                            "ingress.924984184.ipv6_cidr_blocks.#": "0",
                            "ingress.924984184.prefix_list_ids.#": "0",
                            "ingress.924984184.protocol": "tcp",
                            "ingress.924984184.security_groups.#": "1",
                            "ingress.924984184.security_groups.3352373089": "sg-092629c93c01c87ed",
                            "ingress.924984184.self": "false",
                            "ingress.924984184.to_port": "8022",
                            "name": "wp_mid_sg",
                            "owner_id": "479446322538",
                            "revoke_rules_on_delete": "false",
                            "tags.%": "0",
                            "vpc_id": "vpc-069e70ef7985bc3fe"
                        },
                        "meta": {
                            "e2bfb730-ecaa-11e6-8f88-34363bc7c4c0": {
                                "create": 600000000000,
                                "delete": 600000000000
                            },
                            "schema_version": "1"
                        },
                        "tainted": false
                    },
                    "deposed": [],
                    "provider": "provider.aws"
                },
                "aws_security_group.wp_tool_sg": {
                    "type": "aws_security_group",
                    "depends_on": [
                        "aws_vpc.wp_vpc"
                    ],
                    "primary": {
                        "id": "sg-077500ded43e7a8b1",
                        "attributes": {
                            "arn": "arn:aws:ec2:eu-central-1:479446322538:security-group/sg-077500ded43e7a8b1",
                            "description": "Used for manage instances",
                            "egress.#": "1",
                            "egress.482069346.cidr_blocks.#": "1",
                            "egress.482069346.cidr_blocks.0": "0.0.0.0/0",
                            "egress.482069346.description": "",
                            "egress.482069346.from_port": "0",
                            "egress.482069346.ipv6_cidr_blocks.#": "0",
                            "egress.482069346.prefix_list_ids.#": "0",
                            "egress.482069346.protocol": "-1",
                            "egress.482069346.security_groups.#": "0",
                            "egress.482069346.self": "false",
                            "egress.482069346.to_port": "0",
                            "id": "sg-077500ded43e7a8b1",
                            "ingress.#": "1",
                            "ingress.1960698028.cidr_blocks.#": "1",
                            "ingress.1960698028.cidr_blocks.0": "10.0.0.0/16",
                            "ingress.1960698028.description": "",
                            "ingress.1960698028.from_port": "0",
                            "ingress.1960698028.ipv6_cidr_blocks.#": "0",
                            "ingress.1960698028.prefix_list_ids.#": "0",
                            "ingress.1960698028.protocol": "-1",
                            "ingress.1960698028.security_groups.#": "0",
                            "ingress.1960698028.self": "false",
                            "ingress.1960698028.to_port": "0",
                            "name": "wp_tool_sg",
                            "owner_id": "479446322538",
                            "revoke_rules_on_delete": "false",
                            "tags.%": "0",
                            "vpc_id": "vpc-069e70ef7985bc3fe"
                        },
                        "meta": {
                            "e2bfb730-ecaa-11e6-8f88-34363bc7c4c0": {
                                "create": 600000000000,
                                "delete": 600000000000
                            },
                            "schema_version": "1"
                        },
                        "tainted": false
                    },
                    "deposed": [],
                    "provider": "provider.aws"
                },
                "aws_subnet.wp_oracle1_subnet": {
                    "type": "aws_subnet",
                    "depends_on": [
                        "aws_vpc.wp_vpc",
                        "data.aws_availability_zones.available"
                    ],
                    "primary": {
                        "id": "subnet-05cd71786174b3eb0",
                        "attributes": {
                            "arn": "arn:aws:ec2:eu-central-1:479446322538:subnet/subnet-05cd71786174b3eb0",
                            "assign_ipv6_address_on_creation": "false",
                            "availability_zone": "eu-central-1a",
                            "cidr_block": "10.0.9.0/24",
                            "id": "subnet-05cd71786174b3eb0",
                            "map_public_ip_on_launch": "false",
                            "tags.%": "1",
                            "tags.Name": "wp_oracle1",
                            "vpc_id": "vpc-069e70ef7985bc3fe"
                        },
                        "meta": {
                            "e2bfb730-ecaa-11e6-8f88-34363bc7c4c0": {
                                "create": 600000000000,
                                "delete": 600000000000
                            },
                            "schema_version": "1"
                        },
                        "tainted": false
                    },
                    "deposed": [],
                    "provider": "provider.aws"
                },
                "aws_subnet.wp_oracle2_subnet": {
                    "type": "aws_subnet",
                    "depends_on": [
                        "aws_vpc.wp_vpc",
                        "data.aws_availability_zones.available"
                    ],
                    "primary": {
                        "id": "subnet-06eeb14cab12bae0c",
                        "attributes": {
                            "arn": "arn:aws:ec2:eu-central-1:479446322538:subnet/subnet-06eeb14cab12bae0c",
                            "assign_ipv6_address_on_creation": "false",
                            "availability_zone": "eu-central-1b",
                            "cidr_block": "10.0.10.0/24",
                            "id": "subnet-06eeb14cab12bae0c",
                            "map_public_ip_on_launch": "false",
                            "tags.%": "1",
                            "tags.Name": "wp_oracle2",
                            "vpc_id": "vpc-069e70ef7985bc3fe"
                        },
                        "meta": {
                            "e2bfb730-ecaa-11e6-8f88-34363bc7c4c0": {
                                "create": 600000000000,
                                "delete": 600000000000
                            },
                            "schema_version": "1"
                        },
                        "tainted": false
                    },
                    "deposed": [],
                    "provider": "provider.aws"
                },
                "aws_subnet.wp_private1_subnet": {
                    "type": "aws_subnet",
                    "depends_on": [
                        "aws_vpc.wp_vpc",
                        "data.aws_availability_zones.available"
                    ],
                    "primary": {
                        "id": "subnet-0400842cd86677aa8",
                        "attributes": {
                            "arn": "arn:aws:ec2:eu-central-1:479446322538:subnet/subnet-0400842cd86677aa8",
                            "assign_ipv6_address_on_creation": "false",
                            "availability_zone": "eu-central-1a",
                            "cidr_block": "10.0.3.0/24",
                            "id": "subnet-0400842cd86677aa8",
                            "map_public_ip_on_launch": "false",
                            "tags.%": "1",
                            "tags.Name": "wp_private1",
                            "vpc_id": "vpc-069e70ef7985bc3fe"
                        },
                        "meta": {
                            "e2bfb730-ecaa-11e6-8f88-34363bc7c4c0": {
                                "create": 600000000000,
                                "delete": 600000000000
                            },
                            "schema_version": "1"
                        },
                        "tainted": false
                    },
                    "deposed": [],
                    "provider": "provider.aws"
                },
                "aws_subnet.wp_private2_subnet": {
                    "type": "aws_subnet",
                    "depends_on": [
                        "aws_vpc.wp_vpc",
                        "data.aws_availability_zones.available"
                    ],
                    "primary": {
                        "id": "subnet-0e94e92197506b58d",
                        "attributes": {
                            "arn": "arn:aws:ec2:eu-central-1:479446322538:subnet/subnet-0e94e92197506b58d",
                            "assign_ipv6_address_on_creation": "false",
                            "availability_zone": "eu-central-1b",
                            "cidr_block": "10.0.4.0/24",
                            "id": "subnet-0e94e92197506b58d",
                            "map_public_ip_on_launch": "false",
                            "tags.%": "1",
                            "tags.Name": "wp_private2",
                            "vpc_id": "vpc-069e70ef7985bc3fe"
                        },
                        "meta": {
                            "e2bfb730-ecaa-11e6-8f88-34363bc7c4c0": {
                                "create": 600000000000,
                                "delete": 600000000000
                            },
                            "schema_version": "1"
                        },
                        "tainted": false
                    },
                    "deposed": [],
                    "provider": "provider.aws"
                },
                "aws_subnet.wp_private3_subnet": {
                    "type": "aws_subnet",
                    "depends_on": [
                        "aws_vpc.wp_vpc",
                        "data.aws_availability_zones.available"
                    ],
                    "primary": {
                        "id": "subnet-0eaa9c1b57af45295",
                        "attributes": {
                            "arn": "arn:aws:ec2:eu-central-1:479446322538:subnet/subnet-0eaa9c1b57af45295",
                            "assign_ipv6_address_on_creation": "false",
                            "availability_zone": "eu-central-1a",
                            "cidr_block": "10.0.5.0/24",
                            "id": "subnet-0eaa9c1b57af45295",
                            "map_public_ip_on_launch": "false",
                            "tags.%": "1",
                            "tags.Name": "wp_private3",
                            "vpc_id": "vpc-069e70ef7985bc3fe"
                        },
                        "meta": {
                            "e2bfb730-ecaa-11e6-8f88-34363bc7c4c0": {
                                "create": 600000000000,
                                "delete": 600000000000
                            },
                            "schema_version": "1"
                        },
                        "tainted": false
                    },
                    "deposed": [],
                    "provider": "provider.aws"
                },
                "aws_subnet.wp_private4_subnet": {
                    "type": "aws_subnet",
                    "depends_on": [
                        "aws_vpc.wp_vpc",
                        "data.aws_availability_zones.available"
                    ],
                    "primary": {
                        "id": "subnet-0da856608fd8afed7",
                        "attributes": {
                            "arn": "arn:aws:ec2:eu-central-1:479446322538:subnet/subnet-0da856608fd8afed7",
                            "assign_ipv6_address_on_creation": "false",
                            "availability_zone": "eu-central-1b",
                            "cidr_block": "10.0.6.0/24",
                            "id": "subnet-0da856608fd8afed7",
                            "map_public_ip_on_launch": "false",
                            "tags.%": "1",
                            "tags.Name": "wp_private4",
                            "vpc_id": "vpc-069e70ef7985bc3fe"
                        },
                        "meta": {
                            "e2bfb730-ecaa-11e6-8f88-34363bc7c4c0": {
                                "create": 600000000000,
                                "delete": 600000000000
                            },
                            "schema_version": "1"
                        },
                        "tainted": false
                    },
                    "deposed": [],
                    "provider": "provider.aws"
                },
                "aws_subnet.wp_private5_subnet": {
                    "type": "aws_subnet",
                    "depends_on": [
                        "aws_vpc.wp_vpc",
                        "data.aws_availability_zones.available"
                    ],
                    "primary": {
                        "id": "subnet-0639e45b272924369",
                        "attributes": {
                            "arn": "arn:aws:ec2:eu-central-1:479446322538:subnet/subnet-0639e45b272924369",
                            "assign_ipv6_address_on_creation": "false",
                            "availability_zone": "eu-central-1a",
                            "cidr_block": "10.0.7.0/24",
                            "id": "subnet-0639e45b272924369",
                            "map_public_ip_on_launch": "false",
                            "tags.%": "1",
                            "tags.Name": "wp_private5",
                            "vpc_id": "vpc-069e70ef7985bc3fe"
                        },
                        "meta": {
                            "e2bfb730-ecaa-11e6-8f88-34363bc7c4c0": {
                                "create": 600000000000,
                                "delete": 600000000000
                            },
                            "schema_version": "1"
                        },
                        "tainted": false
                    },
                    "deposed": [],
                    "provider": "provider.aws"
                },
                "aws_subnet.wp_private6_subnet": {
                    "type": "aws_subnet",
                    "depends_on": [
                        "aws_vpc.wp_vpc",
                        "data.aws_availability_zones.available"
                    ],
                    "primary": {
                        "id": "subnet-0b1a222afa1e917f9",
                        "attributes": {
                            "arn": "arn:aws:ec2:eu-central-1:479446322538:subnet/subnet-0b1a222afa1e917f9",
                            "assign_ipv6_address_on_creation": "false",
                            "availability_zone": "eu-central-1b",
                            "cidr_block": "10.0.8.0/24",
                            "id": "subnet-0b1a222afa1e917f9",
                            "map_public_ip_on_launch": "false",
                            "tags.%": "1",
                            "tags.Name": "wp_private6",
                            "vpc_id": "vpc-069e70ef7985bc3fe"
                        },
                        "meta": {
                            "e2bfb730-ecaa-11e6-8f88-34363bc7c4c0": {
                                "create": 600000000000,
                                "delete": 600000000000
                            },
                            "schema_version": "1"
                        },
                        "tainted": false
                    },
                    "deposed": [],
                    "provider": "provider.aws"
                },
                "aws_subnet.wp_public1_subnet": {
                    "type": "aws_subnet",
                    "depends_on": [
                        "aws_vpc.wp_vpc",
                        "data.aws_availability_zones.available"
                    ],
                    "primary": {
                        "id": "subnet-039877bab24990423",
                        "attributes": {
                            "arn": "arn:aws:ec2:eu-central-1:479446322538:subnet/subnet-039877bab24990423",
                            "assign_ipv6_address_on_creation": "false",
                            "availability_zone": "eu-central-1a",
                            "cidr_block": "10.0.1.0/24",
                            "id": "subnet-039877bab24990423",
                            "map_public_ip_on_launch": "true",
                            "tags.%": "1",
                            "tags.Name": "wp_public1",
                            "vpc_id": "vpc-069e70ef7985bc3fe"
                        },
                        "meta": {
                            "e2bfb730-ecaa-11e6-8f88-34363bc7c4c0": {
                                "create": 600000000000,
                                "delete": 600000000000
                            },
                            "schema_version": "1"
                        },
                        "tainted": false
                    },
                    "deposed": [],
                    "provider": "provider.aws"
                },
                "aws_subnet.wp_public2_subnet": {
                    "type": "aws_subnet",
                    "depends_on": [
                        "aws_vpc.wp_vpc",
                        "data.aws_availability_zones.available"
                    ],
                    "primary": {
                        "id": "subnet-05fdfba859f2b5bb9",
                        "attributes": {
                            "arn": "arn:aws:ec2:eu-central-1:479446322538:subnet/subnet-05fdfba859f2b5bb9",
                            "assign_ipv6_address_on_creation": "false",
                            "availability_zone": "eu-central-1b",
                            "cidr_block": "10.0.2.0/24",
                            "id": "subnet-05fdfba859f2b5bb9",
                            "map_public_ip_on_launch": "true",
                            "tags.%": "1",
                            "tags.Name": "wp_public2",
                            "vpc_id": "vpc-069e70ef7985bc3fe"
                        },
                        "meta": {
                            "e2bfb730-ecaa-11e6-8f88-34363bc7c4c0": {
                                "create": 600000000000,
                                "delete": 600000000000
                            },
                            "schema_version": "1"
                        },
                        "tainted": false
                    },
                    "deposed": [],
                    "provider": "provider.aws"
                },
                "aws_vpc.wp_vpc": {
                    "type": "aws_vpc",
                    "depends_on": [],
                    "primary": {
                        "id": "vpc-069e70ef7985bc3fe",
                        "attributes": {
                            "arn": "arn:aws:ec2:eu-central-1:479446322538:vpc/vpc-069e70ef7985bc3fe",
                            "assign_generated_ipv6_cidr_block": "false",
                            "cidr_block": "10.0.0.0/16",
                            "default_network_acl_id": "acl-00a9919e5da0b5c66",
                            "default_route_table_id": "rtb-06346abd33f2165a9",
                            "default_security_group_id": "sg-0d093469a101e372c",
                            "dhcp_options_id": "dopt-b3e90eda",
                            "enable_dns_hostnames": "true",
                            "enable_dns_support": "true",
                            "id": "vpc-069e70ef7985bc3fe",
                            "instance_tenancy": "default",
                            "main_route_table_id": "rtb-06346abd33f2165a9",
                            "tags.%": "1",
                            "tags.Name": "wp_vpc"
                        },
                        "meta": {
                            "schema_version": "1"
                        },
                        "tainted": false
                    },
                    "deposed": [],
                    "provider": "provider.aws"
                },
                "data.aws_availability_zones.available": {
                    "type": "aws_availability_zones",
                    "depends_on": [],
                    "primary": {
                        "id": "2018-10-11 22:06:26.122209716 +0000 UTC",
                        "attributes": {
                            "id": "2018-10-11 22:06:26.122209716 +0000 UTC",
                            "names.#": "3",
                            "names.0": "eu-central-1a",
                            "names.1": "eu-central-1b",
                            "names.2": "eu-central-1c"
                        },
                        "meta": {},
                        "tainted": false
                    },
                    "deposed": [],
                    "provider": "provider.aws"
                }
            },
            "depends_on": []
        }
    ]
}
